// !$*UTF8*$!
{
	archiveVersion = 1;
	classes = {
	};
	objectVersion = 51;
	objects = {

/* Begin PBXBuildFile section */
		0E07A15522B47FA200A848C2 /* SPEC.md in Resources */ = {isa = PBXBuildFile; fileRef = 0E07A15422B47FA100A848C2 /* SPEC.md */; };
		0E07D7DF233FA2D400DBBF76 /* RLMSupport.swift in Sources */ = {isa = PBXBuildFile; fileRef = 0E07D7DE233FA2D400DBBF76 /* RLMSupport.swift */; };
		0E149C06228030DE00952F9C /* AppUI.swift in Sources */ = {isa = PBXBuildFile; fileRef = 0E149C05228030DE00952F9C /* AppUI.swift */; };
		0E2102A023537328005DC7FA /* bytecode_to_string.cpp in Sources */ = {isa = PBXBuildFile; fileRef = 0E21029E23537327005DC7FA /* bytecode_to_string.cpp */; };
		0E24CF0C231578BE00D5D5C2 /* AppDatabaseController.swift in Sources */ = {isa = PBXBuildFile; fileRef = 0E24CF0B231578BE00D5D5C2 /* AppDatabaseController.swift */; };
		0E34DBF323438E3200F624A2 /* AppUIController.swift in Sources */ = {isa = PBXBuildFile; fileRef = 0E34DBF223438E3200F624A2 /* AppUIController.swift */; };
		0E390D20234F80330072C5F3 /* StringExtension.swift in Sources */ = {isa = PBXBuildFile; fileRef = 0E390D1F234F80330072C5F3 /* StringExtension.swift */; };
		0E390D22234F83B30072C5F3 /* Text2VPL.swift in Sources */ = {isa = PBXBuildFile; fileRef = 0E390D21234F83B30072C5F3 /* Text2VPL.swift */; };
		0E3ED95C2337956100C10A72 /* AppCell.swift in Sources */ = {isa = PBXBuildFile; fileRef = 0E3ED95A2337956100C10A72 /* AppCell.swift */; };
		0E3ED95D2337956100C10A72 /* AppCell.xib in Resources */ = {isa = PBXBuildFile; fileRef = 0E3ED95B2337956100C10A72 /* AppCell.xib */; };
		0E3ED9632337DFC100C10A72 /* Color.swift in Sources */ = {isa = PBXBuildFile; fileRef = 0E3ED9622337DFC100C10A72 /* Color.swift */; };
		0E3FDD7F226CB9BF00F20326 /* TextCodeEditorController.swift in Sources */ = {isa = PBXBuildFile; fileRef = 0E3FDD7E226CB9BF00F20326 /* TextCodeEditorController.swift */; };
		0E3FDD81226CB9F000F20326 /* CodeEditor.storyboard in Resources */ = {isa = PBXBuildFile; fileRef = 0E3FDD80226CB9F000F20326 /* CodeEditor.storyboard */; };
		0E4103CF234105F300839B5F /* UISettings.storyboard in Resources */ = {isa = PBXBuildFile; fileRef = 0E4103CE234105F300839B5F /* UISettings.storyboard */; };
		0E4103D12341064000839B5F /* UISettingsModal.swift in Sources */ = {isa = PBXBuildFile; fileRef = 0E4103D02341064000839B5F /* UISettingsModal.swift */; };
		0E4288A922F590E2005CF2BF /* cast.cpp in Sources */ = {isa = PBXBuildFile; fileRef = 0E4288A722F590E2005CF2BF /* cast.cpp */; };
		0E4288B922F59D8D005CF2BF /* ui.mm in Sources */ = {isa = PBXBuildFile; fileRef = 0E4288B822F59D8D005CF2BF /* ui.mm */; };
		0E43716622F876C2004CA2BD /* UIColorExtension.swift in Sources */ = {isa = PBXBuildFile; fileRef = 0E43716522F876C2004CA2BD /* UIColorExtension.swift */; };
		0E56BE47235446120063AD3C /* ListSettingsCell.swift in Sources */ = {isa = PBXBuildFile; fileRef = 0E56BE46235446120063AD3C /* ListSettingsCell.swift */; };
		0E73D5E92346223E001385A0 /* CloudVariableController.swift in Sources */ = {isa = PBXBuildFile; fileRef = 0E73D5E82346223E001385A0 /* CloudVariableController.swift */; };
		0E73D5EF23462809001385A0 /* GoogleService-Info.plist in Resources */ = {isa = PBXBuildFile; fileRef = 0E73D5EE23462809001385A0 /* GoogleService-Info.plist */; };
		0E829C5B23101B5F008FE529 /* AddShortcut.swift in Sources */ = {isa = PBXBuildFile; fileRef = 0E829C5A23101B5F008FE529 /* AddShortcut.swift */; };
		0E8B783422AFF807002336A2 /* UIEditor.storyboard in Resources */ = {isa = PBXBuildFile; fileRef = 0E8B783322AFF807002336A2 /* UIEditor.storyboard */; };
		0E8DAEA2231FE660003C5EC7 /* ArgContentView.swift in Sources */ = {isa = PBXBuildFile; fileRef = 0E8DAEA1231FE660003C5EC7 /* ArgContentView.swift */; };
		0E8DAEA4231FE670003C5EC7 /* ArgContentData.swift in Sources */ = {isa = PBXBuildFile; fileRef = 0E8DAEA3231FE670003C5EC7 /* ArgContentData.swift */; };
		0E8DAEA623200014003C5EC7 /* ArgView.swift in Sources */ = {isa = PBXBuildFile; fileRef = 0E8DAEA523200014003C5EC7 /* ArgView.swift */; };
		0E920757235228D100855E3C /* TextFieldUISettingsController.swift in Sources */ = {isa = PBXBuildFile; fileRef = 0E920756235228D100855E3C /* TextFieldUISettingsController.swift */; };
		0E920759235228DE00855E3C /* SwitchUISettingsController.swift in Sources */ = {isa = PBXBuildFile; fileRef = 0E920758235228DE00855E3C /* SwitchUISettingsController.swift */; };
		0E92075B235228EA00855E3C /* SliderUISettingsController.swift in Sources */ = {isa = PBXBuildFile; fileRef = 0E92075A235228EA00855E3C /* SliderUISettingsController.swift */; };
		0E9409182351BFA700A802E0 /* UISettingsController.swift in Sources */ = {isa = PBXBuildFile; fileRef = 0E9409172351BFA700A802E0 /* UISettingsController.swift */; };
		0E94091A2351C41500A802E0 /* ButtonUISettingsController.swift in Sources */ = {isa = PBXBuildFile; fileRef = 0E9409192351C41500A802E0 /* ButtonUISettingsController.swift */; };
		0E94091C2351C42300A802E0 /* LabelUISettingsController.swift in Sources */ = {isa = PBXBuildFile; fileRef = 0E94091B2351C42300A802E0 /* LabelUISettingsController.swift */; };
		0E94091E2351C42C00A802E0 /* TableUISettingsController.swift in Sources */ = {isa = PBXBuildFile; fileRef = 0E94091D2351C42C00A802E0 /* TableUISettingsController.swift */; };
		0E971B6122D60E1900C45B53 /* cpp_func_manager.cpp in Sources */ = {isa = PBXBuildFile; fileRef = 0E971B6022D60E1900C45B53 /* cpp_func_manager.cpp */; };
		0E971B6322D646F000C45B53 /* convert.cpp in Sources */ = {isa = PBXBuildFile; fileRef = 0E971B6222D646F000C45B53 /* convert.cpp */; };
		0E9A958422F96DF900930215 /* BlockData.swift in Sources */ = {isa = PBXBuildFile; fileRef = 0E9A958322F96DF900930215 /* BlockData.swift */; };
		0EA8D2872344B11100270A49 /* db.mm in Sources */ = {isa = PBXBuildFile; fileRef = 0EA8D2862344B11100270A49 /* db.mm */; };
		0EA9DF56227F216A00584C0B /* UIEditorController.swift in Sources */ = {isa = PBXBuildFile; fileRef = 0EA9DF55227F216A00584C0B /* UIEditorController.swift */; };
		0EAA0DC522F72C5600F5A051 /* time.mm in Sources */ = {isa = PBXBuildFile; fileRef = 0EAA0DC422F72C5600F5A051 /* time.mm */; };
		0EAA53852324F58500726C25 /* ArgData.swift in Sources */ = {isa = PBXBuildFile; fileRef = 0EAA53842324F58500726C25 /* ArgData.swift */; };
		0EBEB4C22326823B004A25A3 /* Home.storyboard in Resources */ = {isa = PBXBuildFile; fileRef = 0EBEB4C12326823B004A25A3 /* Home.storyboard */; };
		0EBEB4C42326830F004A25A3 /* HapticFeedback.swift in Sources */ = {isa = PBXBuildFile; fileRef = 0EBEB4C32326830F004A25A3 /* HapticFeedback.swift */; };
		0EC07A8823409A4E0028272F /* Realm.framework in Frameworks */ = {isa = PBXBuildFile; fileRef = 0EC07A8723409A4E0028272F /* Realm.framework */; };
		0EC07A8D2340B1480028272F /* VariableSettings.storyboard in Resources */ = {isa = PBXBuildFile; fileRef = 0EC07A8C2340B1480028272F /* VariableSettings.storyboard */; };
		0EC07A8F2340B2CA0028272F /* VariableSettingsController.swift in Sources */ = {isa = PBXBuildFile; fileRef = 0EC07A8E2340B2CA0028272F /* VariableSettingsController.swift */; };
		0EC07A912340B3AA0028272F /* VariableSettingsCell.swift in Sources */ = {isa = PBXBuildFile; fileRef = 0EC07A902340B3AA0028272F /* VariableSettingsCell.swift */; };
		0EC33345226E0B7F005B968A /* AppRunner.swift in Sources */ = {isa = PBXBuildFile; fileRef = 0EC33344226E0B7F005B968A /* AppRunner.swift */; };
		0EC33347226E0B92005B968A /* AppRunner.storyboard in Resources */ = {isa = PBXBuildFile; fileRef = 0EC33346226E0B92005B968A /* AppRunner.storyboard */; };
		0EC33349226E1174005B968A /* ScreenGenerator.swift in Sources */ = {isa = PBXBuildFile; fileRef = 0EC33348226E1174005B968A /* ScreenGenerator.swift */; };
		0EC3334B226E1226005B968A /* ScreenDataController.swift in Sources */ = {isa = PBXBuildFile; fileRef = 0EC3334A226E1226005B968A /* ScreenDataController.swift */; };
		0EC9E81E22E36A1400A9D6D9 /* CodeEditorController.swift in Sources */ = {isa = PBXBuildFile; fileRef = 0EC9E81D22E36A1400A9D6D9 /* CodeEditorController.swift */; };
		0EC9E82122E36ACA00A9D6D9 /* VisualCodeEditorController.swift in Sources */ = {isa = PBXBuildFile; fileRef = 0EC9E82022E36ACA00A9D6D9 /* VisualCodeEditorController.swift */; };
		0EC9E82422E37AF700A9D6D9 /* BlockView.swift in Sources */ = {isa = PBXBuildFile; fileRef = 0EC9E82322E37AF700A9D6D9 /* BlockView.swift */; };
		0ED08D9823324E9C00CD9321 /* Swifter.framework in Frameworks */ = {isa = PBXBuildFile; fileRef = 0ED08D9723324E9C00CD9321 /* Swifter.framework */; };
		0EDEDFA62350B0240046F344 /* TableContentEditorView.swift in Sources */ = {isa = PBXBuildFile; fileRef = 0EDEDFA52350B0240046F344 /* TableContentEditorView.swift */; };
		0EE5638422C3981A00F3F88C /* run.cpp in Sources */ = {isa = PBXBuildFile; fileRef = 0EE5638322C3981A00F3F88C /* run.cpp */; };
		0EF3CDE22312D0AF00AD661E /* AppSettings.storyboard in Resources */ = {isa = PBXBuildFile; fileRef = 0EF3CDE12312D0AF00AD661E /* AppSettings.storyboard */; };
		0EF3CDE42312D56800AD661E /* AppSettingsController.swift in Sources */ = {isa = PBXBuildFile; fileRef = 0EF3CDE32312D56800AD661E /* AppSettingsController.swift */; };
		0EF478A9226B78CD007315DB /* AppDelegate.swift in Sources */ = {isa = PBXBuildFile; fileRef = 0EF478A8226B78CD007315DB /* AppDelegate.swift */; };
		0EF478AB226B78CD007315DB /* HomeViewController.swift in Sources */ = {isa = PBXBuildFile; fileRef = 0EF478AA226B78CD007315DB /* HomeViewController.swift */; };
		0EF478B0226B78CE007315DB /* Assets.xcassets in Resources */ = {isa = PBXBuildFile; fileRef = 0EF478AF226B78CE007315DB /* Assets.xcassets */; };
		0EF478B3226B78CE007315DB /* LaunchScreen.storyboard in Resources */ = {isa = PBXBuildFile; fileRef = 0EF478B1226B78CE007315DB /* LaunchScreen.storyboard */; };
		0EF478BE226B78CE007315DB /* MalletTests.swift in Sources */ = {isa = PBXBuildFile; fileRef = 0EF478BD226B78CE007315DB /* MalletTests.swift */; };
		0EF478C9226B78CE007315DB /* MalletUITests.swift in Sources */ = {isa = PBXBuildFile; fileRef = 0EF478C8226B78CE007315DB /* MalletUITests.swift */; };
		0EF478DA226B7ABE007315DB /* objcpp.mm in Sources */ = {isa = PBXBuildFile; fileRef = 0EF478D9226B7ABE007315DB /* objcpp.mm */; };
		0EF67373234CC3200067B325 /* VPLSelectionView.swift in Sources */ = {isa = PBXBuildFile; fileRef = 0EF67372234CC3200067B325 /* VPLSelectionView.swift */; };
		25D32591042F1B7F5246D54C /* Pods_Mallet.framework in Frameworks */ = {isa = PBXBuildFile; fileRef = DEF8562C22F8A746C496AB61 /* Pods_Mallet.framework */; };
		52F0F63DD1723716318E9CBC /* Pods_MalletTests.framework in Frameworks */ = {isa = PBXBuildFile; fileRef = 3FB6E03529E492A6691548A9 /* Pods_MalletTests.framework */; };
		611ACCB50EFB6D9ECB45FD51 /* AppData.swift in Sources */ = {isa = PBXBuildFile; fileRef = 611ACBE81FD0A5217407B85C /* AppData.swift */; };
		E1A7A784C2DB8928C135DF5D /* Pods_Mallet_MalletUITests.framework in Frameworks */ = {isa = PBXBuildFile; fileRef = 4C7100D7E6B977E0B8CEDDD0 /* Pods_Mallet_MalletUITests.framework */; };
/* End PBXBuildFile section */

/* Begin PBXContainerItemProxy section */
		0EF478BA226B78CE007315DB /* PBXContainerItemProxy */ = {
			isa = PBXContainerItemProxy;
			containerPortal = 0EF4789D226B78CD007315DB /* Project object */;
			proxyType = 1;
			remoteGlobalIDString = 0EF478A4226B78CD007315DB;
			remoteInfo = Mallet;
		};
		0EF478C5226B78CE007315DB /* PBXContainerItemProxy */ = {
			isa = PBXContainerItemProxy;
			containerPortal = 0EF4789D226B78CD007315DB /* Project object */;
			proxyType = 1;
			remoteGlobalIDString = 0EF478A4226B78CD007315DB;
			remoteInfo = Mallet;
		};
/* End PBXContainerItemProxy section */

/* Begin PBXFileReference section */
		0E07A15422B47FA100A848C2 /* SPEC.md */ = {isa = PBXFileReference; fileEncoding = 4; lastKnownFileType = net.daringfireball.markdown; path = SPEC.md; sourceTree = "<group>"; };
		0E07D7DE233FA2D400DBBF76 /* RLMSupport.swift */ = {isa = PBXFileReference; fileEncoding = 4; lastKnownFileType = sourcecode.swift; path = RLMSupport.swift; sourceTree = "<group>"; };
		0E149C05228030DE00952F9C /* AppUI.swift */ = {isa = PBXFileReference; lastKnownFileType = sourcecode.swift; path = AppUI.swift; sourceTree = "<group>"; };
		0E21029E23537327005DC7FA /* bytecode_to_string.cpp */ = {isa = PBXFileReference; fileEncoding = 4; lastKnownFileType = sourcecode.cpp.cpp; path = bytecode_to_string.cpp; sourceTree = "<group>"; };
		0E21029F23537328005DC7FA /* bytecode_to_string.hpp */ = {isa = PBXFileReference; fileEncoding = 4; lastKnownFileType = sourcecode.cpp.h; path = bytecode_to_string.hpp; sourceTree = "<group>"; };
		0E24CF0B231578BE00D5D5C2 /* AppDatabaseController.swift */ = {isa = PBXFileReference; lastKnownFileType = sourcecode.swift; path = AppDatabaseController.swift; sourceTree = "<group>"; };
		0E34DBF223438E3200F624A2 /* AppUIController.swift */ = {isa = PBXFileReference; lastKnownFileType = sourcecode.swift; path = AppUIController.swift; sourceTree = "<group>"; };
		0E390D1F234F80330072C5F3 /* StringExtension.swift */ = {isa = PBXFileReference; lastKnownFileType = sourcecode.swift; path = StringExtension.swift; sourceTree = "<group>"; };
		0E390D21234F83B30072C5F3 /* Text2VPL.swift */ = {isa = PBXFileReference; lastKnownFileType = sourcecode.swift; path = Text2VPL.swift; sourceTree = "<group>"; };
		0E3ED95A2337956100C10A72 /* AppCell.swift */ = {isa = PBXFileReference; lastKnownFileType = sourcecode.swift; path = AppCell.swift; sourceTree = "<group>"; };
		0E3ED95B2337956100C10A72 /* AppCell.xib */ = {isa = PBXFileReference; lastKnownFileType = file.xib; path = AppCell.xib; sourceTree = "<group>"; };
		0E3ED9622337DFC100C10A72 /* Color.swift */ = {isa = PBXFileReference; lastKnownFileType = sourcecode.swift; path = Color.swift; sourceTree = "<group>"; };
		0E3FDD7E226CB9BF00F20326 /* TextCodeEditorController.swift */ = {isa = PBXFileReference; lastKnownFileType = sourcecode.swift; path = TextCodeEditorController.swift; sourceTree = "<group>"; };
		0E3FDD80226CB9F000F20326 /* CodeEditor.storyboard */ = {isa = PBXFileReference; lastKnownFileType = file.storyboard; path = CodeEditor.storyboard; sourceTree = "<group>"; };
		0E4103CE234105F300839B5F /* UISettings.storyboard */ = {isa = PBXFileReference; lastKnownFileType = file.storyboard; path = UISettings.storyboard; sourceTree = "<group>"; };
		0E4103D02341064000839B5F /* UISettingsModal.swift */ = {isa = PBXFileReference; lastKnownFileType = sourcecode.swift; path = UISettingsModal.swift; sourceTree = "<group>"; };
		0E4288A722F590E2005CF2BF /* cast.cpp */ = {isa = PBXFileReference; lastKnownFileType = sourcecode.cpp.cpp; path = cast.cpp; sourceTree = "<group>"; };
		0E4288A822F590E2005CF2BF /* cast.hpp */ = {isa = PBXFileReference; lastKnownFileType = sourcecode.cpp.h; path = cast.hpp; sourceTree = "<group>"; };
		0E4288B422F59D28005CF2BF /* ui.hpp */ = {isa = PBXFileReference; fileEncoding = 4; lastKnownFileType = sourcecode.cpp.h; path = ui.hpp; sourceTree = "<group>"; };
		0E4288B822F59D8D005CF2BF /* ui.mm */ = {isa = PBXFileReference; lastKnownFileType = sourcecode.cpp.objcpp; path = ui.mm; sourceTree = "<group>"; };
		0E43716522F876C2004CA2BD /* UIColorExtension.swift */ = {isa = PBXFileReference; lastKnownFileType = sourcecode.swift; path = UIColorExtension.swift; sourceTree = "<group>"; };
		0E56BE46235446120063AD3C /* ListSettingsCell.swift */ = {isa = PBXFileReference; lastKnownFileType = sourcecode.swift; path = ListSettingsCell.swift; sourceTree = "<group>"; };
		0E73D5E82346223E001385A0 /* CloudVariableController.swift */ = {isa = PBXFileReference; lastKnownFileType = sourcecode.swift; path = CloudVariableController.swift; sourceTree = "<group>"; };
		0E73D5EE23462809001385A0 /* GoogleService-Info.plist */ = {isa = PBXFileReference; fileEncoding = 4; lastKnownFileType = text.plist.xml; path = "GoogleService-Info.plist"; sourceTree = "<group>"; };
		0E829C5A23101B5F008FE529 /* AddShortcut.swift */ = {isa = PBXFileReference; lastKnownFileType = sourcecode.swift; path = AddShortcut.swift; sourceTree = "<group>"; };
		0E8B783322AFF807002336A2 /* UIEditor.storyboard */ = {isa = PBXFileReference; lastKnownFileType = file.storyboard; path = UIEditor.storyboard; sourceTree = "<group>"; };
		0E8DAEA1231FE660003C5EC7 /* ArgContentView.swift */ = {isa = PBXFileReference; lastKnownFileType = sourcecode.swift; path = ArgContentView.swift; sourceTree = "<group>"; };
		0E8DAEA3231FE670003C5EC7 /* ArgContentData.swift */ = {isa = PBXFileReference; lastKnownFileType = sourcecode.swift; path = ArgContentData.swift; sourceTree = "<group>"; };
		0E8DAEA523200014003C5EC7 /* ArgView.swift */ = {isa = PBXFileReference; lastKnownFileType = sourcecode.swift; path = ArgView.swift; sourceTree = "<group>"; };
		0E920756235228D100855E3C /* TextFieldUISettingsController.swift */ = {isa = PBXFileReference; lastKnownFileType = sourcecode.swift; path = TextFieldUISettingsController.swift; sourceTree = "<group>"; };
		0E920758235228DE00855E3C /* SwitchUISettingsController.swift */ = {isa = PBXFileReference; lastKnownFileType = sourcecode.swift; path = SwitchUISettingsController.swift; sourceTree = "<group>"; };
		0E92075A235228EA00855E3C /* SliderUISettingsController.swift */ = {isa = PBXFileReference; lastKnownFileType = sourcecode.swift; path = SliderUISettingsController.swift; sourceTree = "<group>"; };
		0E9409172351BFA700A802E0 /* UISettingsController.swift */ = {isa = PBXFileReference; lastKnownFileType = sourcecode.swift; path = UISettingsController.swift; sourceTree = "<group>"; };
		0E9409192351C41500A802E0 /* ButtonUISettingsController.swift */ = {isa = PBXFileReference; lastKnownFileType = sourcecode.swift; path = ButtonUISettingsController.swift; sourceTree = "<group>"; };
		0E94091B2351C42300A802E0 /* LabelUISettingsController.swift */ = {isa = PBXFileReference; lastKnownFileType = sourcecode.swift; path = LabelUISettingsController.swift; sourceTree = "<group>"; };
		0E94091D2351C42C00A802E0 /* TableUISettingsController.swift */ = {isa = PBXFileReference; lastKnownFileType = sourcecode.swift; path = TableUISettingsController.swift; sourceTree = "<group>"; };
		0E971B6022D60E1900C45B53 /* cpp_func_manager.cpp */ = {isa = PBXFileReference; lastKnownFileType = sourcecode.cpp.cpp; path = cpp_func_manager.cpp; sourceTree = "<group>"; };
		0E971B6222D646F000C45B53 /* convert.cpp */ = {isa = PBXFileReference; fileEncoding = 4; lastKnownFileType = sourcecode.cpp.cpp; path = convert.cpp; sourceTree = "<group>"; };
		0E971B6422D646F600C45B53 /* convert.hpp */ = {isa = PBXFileReference; lastKnownFileType = sourcecode.cpp.h; path = convert.hpp; sourceTree = "<group>"; };
		0E9A958322F96DF900930215 /* BlockData.swift */ = {isa = PBXFileReference; lastKnownFileType = sourcecode.swift; path = BlockData.swift; sourceTree = "<group>"; };
		0E9F3DA422F191120013659C /* common.hpp */ = {isa = PBXFileReference; lastKnownFileType = sourcecode.cpp.h; path = common.hpp; sourceTree = "<group>"; };
		0E9F3DA522F191250013659C /* cpp_func_manager.hpp */ = {isa = PBXFileReference; lastKnownFileType = sourcecode.cpp.h; path = cpp_func_manager.hpp; sourceTree = "<group>"; };
		0EA8D2862344B11100270A49 /* db.mm */ = {isa = PBXFileReference; lastKnownFileType = sourcecode.cpp.objcpp; path = db.mm; sourceTree = "<group>"; };
		0EA8D2882344B12400270A49 /* db.hpp */ = {isa = PBXFileReference; lastKnownFileType = sourcecode.cpp.h; path = db.hpp; sourceTree = "<group>"; };
		0EA9DF55227F216A00584C0B /* UIEditorController.swift */ = {isa = PBXFileReference; lastKnownFileType = sourcecode.swift; path = UIEditorController.swift; sourceTree = "<group>"; };
		0EAA0DBE22F6F92600F5A051 /* time.hpp */ = {isa = PBXFileReference; lastKnownFileType = sourcecode.cpp.h; path = time.hpp; sourceTree = "<group>"; };
		0EAA0DC422F72C5600F5A051 /* time.mm */ = {isa = PBXFileReference; fileEncoding = 4; lastKnownFileType = sourcecode.cpp.objcpp; path = time.mm; sourceTree = "<group>"; };
		0EAA53842324F58500726C25 /* ArgData.swift */ = {isa = PBXFileReference; lastKnownFileType = sourcecode.swift; path = ArgData.swift; sourceTree = "<group>"; };
		0EBEB4C12326823B004A25A3 /* Home.storyboard */ = {isa = PBXFileReference; fileEncoding = 4; lastKnownFileType = file.storyboard; path = Home.storyboard; sourceTree = "<group>"; };
		0EBEB4C32326830F004A25A3 /* HapticFeedback.swift */ = {isa = PBXFileReference; lastKnownFileType = sourcecode.swift; path = HapticFeedback.swift; sourceTree = "<group>"; };
		0EC07A8723409A4E0028272F /* Realm.framework */ = {isa = PBXFileReference; lastKnownFileType = wrapper.framework; name = Realm.framework; path = Carthage/Build/iOS/Realm.framework; sourceTree = "<group>"; };
		0EC07A8C2340B1480028272F /* VariableSettings.storyboard */ = {isa = PBXFileReference; lastKnownFileType = file.storyboard; path = VariableSettings.storyboard; sourceTree = "<group>"; };
		0EC07A8E2340B2CA0028272F /* VariableSettingsController.swift */ = {isa = PBXFileReference; lastKnownFileType = sourcecode.swift; path = VariableSettingsController.swift; sourceTree = "<group>"; };
		0EC07A902340B3AA0028272F /* VariableSettingsCell.swift */ = {isa = PBXFileReference; lastKnownFileType = sourcecode.swift; path = VariableSettingsCell.swift; sourceTree = "<group>"; };
		0EC33344226E0B7F005B968A /* AppRunner.swift */ = {isa = PBXFileReference; lastKnownFileType = sourcecode.swift; path = AppRunner.swift; sourceTree = "<group>"; };
		0EC33346226E0B92005B968A /* AppRunner.storyboard */ = {isa = PBXFileReference; lastKnownFileType = file.storyboard; path = AppRunner.storyboard; sourceTree = "<group>"; };
		0EC33348226E1174005B968A /* ScreenGenerator.swift */ = {isa = PBXFileReference; lastKnownFileType = sourcecode.swift; path = ScreenGenerator.swift; sourceTree = "<group>"; };
		0EC3334A226E1226005B968A /* ScreenDataController.swift */ = {isa = PBXFileReference; lastKnownFileType = sourcecode.swift; path = ScreenDataController.swift; sourceTree = "<group>"; };
		0EC9E81D22E36A1400A9D6D9 /* CodeEditorController.swift */ = {isa = PBXFileReference; lastKnownFileType = sourcecode.swift; path = CodeEditorController.swift; sourceTree = "<group>"; };
		0EC9E82022E36ACA00A9D6D9 /* VisualCodeEditorController.swift */ = {isa = PBXFileReference; lastKnownFileType = sourcecode.swift; path = VisualCodeEditorController.swift; sourceTree = "<group>"; };
		0EC9E82322E37AF700A9D6D9 /* BlockView.swift */ = {isa = PBXFileReference; lastKnownFileType = sourcecode.swift; path = BlockView.swift; sourceTree = "<group>"; };
		0ED08D9723324E9C00CD9321 /* Swifter.framework */ = {isa = PBXFileReference; lastKnownFileType = wrapper.framework; name = Swifter.framework; path = Carthage/Build/iOS/Swifter.framework; sourceTree = "<group>"; };
		0EDEDFA52350B0240046F344 /* TableContentEditorView.swift */ = {isa = PBXFileReference; lastKnownFileType = sourcecode.swift; path = TableContentEditorView.swift; sourceTree = "<group>"; };
		0EE5638222C3981100F3F88C /* run.hpp */ = {isa = PBXFileReference; lastKnownFileType = sourcecode.cpp.h; path = run.hpp; sourceTree = "<group>"; };
		0EE5638322C3981A00F3F88C /* run.cpp */ = {isa = PBXFileReference; fileEncoding = 4; lastKnownFileType = sourcecode.cpp.cpp; path = run.cpp; sourceTree = "<group>"; };
		0EF3CDE12312D0AF00AD661E /* AppSettings.storyboard */ = {isa = PBXFileReference; lastKnownFileType = file.storyboard; path = AppSettings.storyboard; sourceTree = "<group>"; };
		0EF3CDE32312D56800AD661E /* AppSettingsController.swift */ = {isa = PBXFileReference; lastKnownFileType = sourcecode.swift; path = AppSettingsController.swift; sourceTree = "<group>"; };
		0EF478A5226B78CD007315DB /* Mallet.app */ = {isa = PBXFileReference; explicitFileType = wrapper.application; includeInIndex = 0; path = Mallet.app; sourceTree = BUILT_PRODUCTS_DIR; };
		0EF478A8226B78CD007315DB /* AppDelegate.swift */ = {isa = PBXFileReference; lastKnownFileType = sourcecode.swift; path = AppDelegate.swift; sourceTree = "<group>"; };
		0EF478AA226B78CD007315DB /* HomeViewController.swift */ = {isa = PBXFileReference; lastKnownFileType = sourcecode.swift; path = HomeViewController.swift; sourceTree = "<group>"; wrapsLines = 0; };
		0EF478AF226B78CE007315DB /* Assets.xcassets */ = {isa = PBXFileReference; lastKnownFileType = folder.assetcatalog; path = Assets.xcassets; sourceTree = "<group>"; };
		0EF478B2226B78CE007315DB /* Base */ = {isa = PBXFileReference; lastKnownFileType = file.storyboard; name = Base; path = Base.lproj/LaunchScreen.storyboard; sourceTree = "<group>"; };
		0EF478B4226B78CE007315DB /* Info.plist */ = {isa = PBXFileReference; lastKnownFileType = text.plist.xml; path = Info.plist; sourceTree = "<group>"; };
		0EF478B9226B78CE007315DB /* MalletTests.xctest */ = {isa = PBXFileReference; explicitFileType = wrapper.cfbundle; includeInIndex = 0; path = MalletTests.xctest; sourceTree = BUILT_PRODUCTS_DIR; };
		0EF478BD226B78CE007315DB /* MalletTests.swift */ = {isa = PBXFileReference; lastKnownFileType = sourcecode.swift; path = MalletTests.swift; sourceTree = "<group>"; };
		0EF478BF226B78CE007315DB /* Info.plist */ = {isa = PBXFileReference; lastKnownFileType = text.plist.xml; path = Info.plist; sourceTree = "<group>"; };
		0EF478C4226B78CE007315DB /* MalletUITests.xctest */ = {isa = PBXFileReference; explicitFileType = wrapper.cfbundle; includeInIndex = 0; path = MalletUITests.xctest; sourceTree = BUILT_PRODUCTS_DIR; };
		0EF478C8226B78CE007315DB /* MalletUITests.swift */ = {isa = PBXFileReference; lastKnownFileType = sourcecode.swift; path = MalletUITests.swift; sourceTree = "<group>"; };
		0EF478CA226B78CE007315DB /* Info.plist */ = {isa = PBXFileReference; lastKnownFileType = text.plist.xml; path = Info.plist; sourceTree = "<group>"; };
		0EF478D8226B7ABE007315DB /* Mallet-Bridging-Header.h */ = {isa = PBXFileReference; lastKnownFileType = sourcecode.c.h; path = "Mallet-Bridging-Header.h"; sourceTree = "<group>"; };
		0EF478D9226B7ABE007315DB /* objcpp.mm */ = {isa = PBXFileReference; lastKnownFileType = sourcecode.cpp.objcpp; path = objcpp.mm; sourceTree = "<group>"; };
		0EF478DB226B7AD8007315DB /* objcpp.h */ = {isa = PBXFileReference; lastKnownFileType = sourcecode.c.h; path = objcpp.h; sourceTree = "<group>"; };
		0EF478DD226B7AEB007315DB /* cpp.hpp */ = {isa = PBXFileReference; lastKnownFileType = sourcecode.cpp.h; path = cpp.hpp; sourceTree = "<group>"; };
		0EF67372234CC3200067B325 /* VPLSelectionView.swift */ = {isa = PBXFileReference; lastKnownFileType = sourcecode.swift; path = VPLSelectionView.swift; sourceTree = "<group>"; };
		1766A6FDF1DF21B51ABCB44D /* Pods-Mallet-MalletUITests.debug.xcconfig */ = {isa = PBXFileReference; includeInIndex = 1; lastKnownFileType = text.xcconfig; name = "Pods-Mallet-MalletUITests.debug.xcconfig"; path = "Target Support Files/Pods-Mallet-MalletUITests/Pods-Mallet-MalletUITests.debug.xcconfig"; sourceTree = "<group>"; };
		18103B2B1349297D73D0D196 /* Pods-MalletTests.debug.xcconfig */ = {isa = PBXFileReference; includeInIndex = 1; lastKnownFileType = text.xcconfig; name = "Pods-MalletTests.debug.xcconfig"; path = "Target Support Files/Pods-MalletTests/Pods-MalletTests.debug.xcconfig"; sourceTree = "<group>"; };
		3FB6E03529E492A6691548A9 /* Pods_MalletTests.framework */ = {isa = PBXFileReference; explicitFileType = wrapper.framework; includeInIndex = 0; path = Pods_MalletTests.framework; sourceTree = BUILT_PRODUCTS_DIR; };
		47597AE2296582A20B8D0A34 /* Pods-MalletTests.release.xcconfig */ = {isa = PBXFileReference; includeInIndex = 1; lastKnownFileType = text.xcconfig; name = "Pods-MalletTests.release.xcconfig"; path = "Target Support Files/Pods-MalletTests/Pods-MalletTests.release.xcconfig"; sourceTree = "<group>"; };
		4C7100D7E6B977E0B8CEDDD0 /* Pods_Mallet_MalletUITests.framework */ = {isa = PBXFileReference; explicitFileType = wrapper.framework; includeInIndex = 0; path = Pods_Mallet_MalletUITests.framework; sourceTree = BUILT_PRODUCTS_DIR; };
		611ACBE81FD0A5217407B85C /* AppData.swift */ = {isa = PBXFileReference; fileEncoding = 4; lastKnownFileType = sourcecode.swift; path = AppData.swift; sourceTree = "<group>"; };
		9A24B71F373D661AFE64C428 /* Pods-Mallet.debug.xcconfig */ = {isa = PBXFileReference; includeInIndex = 1; lastKnownFileType = text.xcconfig; name = "Pods-Mallet.debug.xcconfig"; path = "Target Support Files/Pods-Mallet/Pods-Mallet.debug.xcconfig"; sourceTree = "<group>"; };
		BB475E72AC5EABE926B228BC /* Pods-Mallet.release.xcconfig */ = {isa = PBXFileReference; includeInIndex = 1; lastKnownFileType = text.xcconfig; name = "Pods-Mallet.release.xcconfig"; path = "Target Support Files/Pods-Mallet/Pods-Mallet.release.xcconfig"; sourceTree = "<group>"; };
		D486E19989F88D13B1AB2C48 /* Pods-Mallet-MalletUITests.release.xcconfig */ = {isa = PBXFileReference; includeInIndex = 1; lastKnownFileType = text.xcconfig; name = "Pods-Mallet-MalletUITests.release.xcconfig"; path = "Target Support Files/Pods-Mallet-MalletUITests/Pods-Mallet-MalletUITests.release.xcconfig"; sourceTree = "<group>"; };
		DEF8562C22F8A746C496AB61 /* Pods_Mallet.framework */ = {isa = PBXFileReference; explicitFileType = wrapper.framework; includeInIndex = 0; path = Pods_Mallet.framework; sourceTree = BUILT_PRODUCTS_DIR; };
/* End PBXFileReference section */

/* Begin PBXFrameworksBuildPhase section */
		0EF478A2226B78CD007315DB /* Frameworks */ = {
			isa = PBXFrameworksBuildPhase;
			buildActionMask = 2147483647;
			files = (
				0EC07A8823409A4E0028272F /* Realm.framework in Frameworks */,
				0ED08D9823324E9C00CD9321 /* Swifter.framework in Frameworks */,
				25D32591042F1B7F5246D54C /* Pods_Mallet.framework in Frameworks */,
			);
			runOnlyForDeploymentPostprocessing = 0;
		};
		0EF478B6226B78CE007315DB /* Frameworks */ = {
			isa = PBXFrameworksBuildPhase;
			buildActionMask = 2147483647;
			files = (
				52F0F63DD1723716318E9CBC /* Pods_MalletTests.framework in Frameworks */,
			);
			runOnlyForDeploymentPostprocessing = 0;
		};
		0EF478C1226B78CE007315DB /* Frameworks */ = {
			isa = PBXFrameworksBuildPhase;
			buildActionMask = 2147483647;
			files = (
				E1A7A784C2DB8928C135DF5D /* Pods_Mallet_MalletUITests.framework in Frameworks */,
			);
			runOnlyForDeploymentPostprocessing = 0;
		};
/* End PBXFrameworksBuildPhase section */

/* Begin PBXGroup section */
		0E149C04228030C800952F9C /* AppUI */ = {
			isa = PBXGroup;
			children = (
				0E149C05228030DE00952F9C /* AppUI.swift */,
			);
			path = AppUI;
			sourceTree = "<group>";
		};
		0E33E2CB22799AF800352BDB /* Screens */ = {
			isa = PBXGroup;
			children = (
				0E3FDD78226CA7A200F20326 /* Home */,
				0E3FDD7D226CB99700F20326 /* Editor */,
				0EC33343226E0B3C005B968A /* AppRunner */,
			);
			path = Screens;
			sourceTree = "<group>";
		};
		0E3ED95F2337C1B500C10A72 /* UIEditor */ = {
			isa = PBXGroup;
			children = (
				0EA9DF55227F216A00584C0B /* UIEditorController.swift */,
				0E8B783322AFF807002336A2 /* UIEditor.storyboard */,
				0E4103CD234105D700839B5F /* UISettings */,
				0E3ED9602337C1D400C10A72 /* AppSettings */,
			);
			path = UIEditor;
			sourceTree = "<group>";
		};
		0E3ED9602337C1D400C10A72 /* AppSettings */ = {
			isa = PBXGroup;
			children = (
				0EF3CDE32312D56800AD661E /* AppSettingsController.swift */,
				0EF3CDE12312D0AF00AD661E /* AppSettings.storyboard */,
			);
			path = AppSettings;
			sourceTree = "<group>";
		};
		0E3ED9612337C21500C10A72 /* CodeEditor */ = {
			isa = PBXGroup;
			children = (
				0EC07A8B2340B1290028272F /* VariableSettings */,
				0EC9E82222E37AE600A9D6D9 /* VPL */,
				0EC9E81D22E36A1400A9D6D9 /* CodeEditorController.swift */,
				0E3FDD7E226CB9BF00F20326 /* TextCodeEditorController.swift */,
				0EC9E82022E36ACA00A9D6D9 /* VisualCodeEditorController.swift */,
				0EF67372234CC3200067B325 /* VPLSelectionView.swift */,
				0E3FDD80226CB9F000F20326 /* CodeEditor.storyboard */,
			);
			path = CodeEditor;
			sourceTree = "<group>";
		};
		0E3FDD78226CA7A200F20326 /* Home */ = {
			isa = PBXGroup;
			children = (
				0EF478AA226B78CD007315DB /* HomeViewController.swift */,
				0EBEB4C12326823B004A25A3 /* Home.storyboard */,
				0E3ED95A2337956100C10A72 /* AppCell.swift */,
				0E3ED95B2337956100C10A72 /* AppCell.xib */,
			);
			path = Home;
			sourceTree = "<group>";
		};
		0E3FDD7D226CB99700F20326 /* Editor */ = {
			isa = PBXGroup;
			children = (
				0E3ED95F2337C1B500C10A72 /* UIEditor */,
				0E3ED9612337C21500C10A72 /* CodeEditor */,
			);
			path = Editor;
			sourceTree = "<group>";
		};
		0E4103CD234105D700839B5F /* UISettings */ = {
			isa = PBXGroup;
			children = (
				0E4103D02341064000839B5F /* UISettingsModal.swift */,
				0E4103CE234105F300839B5F /* UISettings.storyboard */,
				0EDEDFA52350B0240046F344 /* TableContentEditorView.swift */,
				0E9409172351BFA700A802E0 /* UISettingsController.swift */,
				0E9409192351C41500A802E0 /* ButtonUISettingsController.swift */,
				0E94091B2351C42300A802E0 /* LabelUISettingsController.swift */,
				0E94091D2351C42C00A802E0 /* TableUISettingsController.swift */,
				0E920756235228D100855E3C /* TextFieldUISettingsController.swift */,
				0E920758235228DE00855E3C /* SwitchUISettingsController.swift */,
				0E92075A235228EA00855E3C /* SliderUISettingsController.swift */,
			);
			path = UISettings;
			sourceTree = "<group>";
		};
		0E4288B022F59CEA005CF2BF /* lib */ = {
			isa = PBXGroup;
			children = (
				0EA8D2852344B0F000270A49 /* db */,
				0EAA0DBD22F6F91300F5A051 /* time */,
				0E4288B722F59D36005CF2BF /* ui */,
			);
			path = lib;
			sourceTree = "<group>";
		};
		0E4288B722F59D36005CF2BF /* ui */ = {
			isa = PBXGroup;
			children = (
				0E4288B422F59D28005CF2BF /* ui.hpp */,
				0E4288B822F59D8D005CF2BF /* ui.mm */,
			);
			path = ui;
			sourceTree = "<group>";
		};
		0EA8D2852344B0F000270A49 /* db */ = {
			isa = PBXGroup;
			children = (
				0EA8D2862344B11100270A49 /* db.mm */,
				0EA8D2882344B12400270A49 /* db.hpp */,
			);
			path = db;
			sourceTree = "<group>";
		};
		0EAA0DBD22F6F91300F5A051 /* time */ = {
			isa = PBXGroup;
			children = (
				0EAA0DBE22F6F92600F5A051 /* time.hpp */,
				0EAA0DC422F72C5600F5A051 /* time.mm */,
			);
			path = time;
			sourceTree = "<group>";
		};
		0EC07A8B2340B1290028272F /* VariableSettings */ = {
			isa = PBXGroup;
			children = (
				0EC07A8C2340B1480028272F /* VariableSettings.storyboard */,
				0EC07A8E2340B2CA0028272F /* VariableSettingsController.swift */,
				0EC07A902340B3AA0028272F /* VariableSettingsCell.swift */,
				0E56BE46235446120063AD3C /* ListSettingsCell.swift */,
			);
			path = VariableSettings;
			sourceTree = "<group>";
		};
		0EC33343226E0B3C005B968A /* AppRunner */ = {
			isa = PBXGroup;
			children = (
				0EC33344226E0B7F005B968A /* AppRunner.swift */,
				0EC33348226E1174005B968A /* ScreenGenerator.swift */,
				0EC33346226E0B92005B968A /* AppRunner.storyboard */,
				0EC3334A226E1226005B968A /* ScreenDataController.swift */,
				0E34DBF223438E3200F624A2 /* AppUIController.swift */,
			);
			path = AppRunner;
			sourceTree = "<group>";
		};
		0EC9E82222E37AE600A9D6D9 /* VPL */ = {
			isa = PBXGroup;
			children = (
				0EC9E82322E37AF700A9D6D9 /* BlockView.swift */,
				0E9A958322F96DF900930215 /* BlockData.swift */,
				0E8DAEA1231FE660003C5EC7 /* ArgContentView.swift */,
				0E8DAEA3231FE670003C5EC7 /* ArgContentData.swift */,
				0E8DAEA523200014003C5EC7 /* ArgView.swift */,
				0EAA53842324F58500726C25 /* ArgData.swift */,
				0E390D21234F83B30072C5F3 /* Text2VPL.swift */,
			);
			path = VPL;
			sourceTree = "<group>";
		};
		0ED08D9623324E9C00CD9321 /* Frameworks */ = {
			isa = PBXGroup;
			children = (
				0EC07A8723409A4E0028272F /* Realm.framework */,
				0ED08D9723324E9C00CD9321 /* Swifter.framework */,
				DEF8562C22F8A746C496AB61 /* Pods_Mallet.framework */,
				4C7100D7E6B977E0B8CEDDD0 /* Pods_Mallet_MalletUITests.framework */,
				3FB6E03529E492A6691548A9 /* Pods_MalletTests.framework */,
			);
			name = Frameworks;
			sourceTree = "<group>";
		};
		0EF4789C226B78CD007315DB = {
			isa = PBXGroup;
			children = (
				0EF478A7226B78CD007315DB /* Mallet */,
				0EF478BC226B78CE007315DB /* MalletTests */,
				0EF478C7226B78CE007315DB /* MalletUITests */,
				0EF478A6226B78CD007315DB /* Products */,
				0E07A15422B47FA100A848C2 /* SPEC.md */,
				0ED08D9623324E9C00CD9321 /* Frameworks */,
				A2644D4EA9FA7AB4F0D8FB3B /* Pods */,
			);
			sourceTree = "<group>";
		};
		0EF478A6226B78CD007315DB /* Products */ = {
			isa = PBXGroup;
			children = (
				0EF478A5226B78CD007315DB /* Mallet.app */,
				0EF478B9226B78CE007315DB /* MalletTests.xctest */,
				0EF478C4226B78CE007315DB /* MalletUITests.xctest */,
			);
			name = Products;
			sourceTree = "<group>";
		};
		0EF478A7226B78CD007315DB /* Mallet */ = {
			isa = PBXGroup;
			children = (
				0E149C04228030C800952F9C /* AppUI */,
				0E33E2CB22799AF800352BDB /* Screens */,
				0EF478A8226B78CD007315DB /* AppDelegate.swift */,
				611ACBE81FD0A5217407B85C /* AppData.swift */,
				0E829C5A23101B5F008FE529 /* AddShortcut.swift */,
				0E43716522F876C2004CA2BD /* UIColorExtension.swift */,
				0E3ED9622337DFC100C10A72 /* Color.swift */,
				0EBEB4C32326830F004A25A3 /* HapticFeedback.swift */,
				0E24CF0B231578BE00D5D5C2 /* AppDatabaseController.swift */,
				0E73D5E82346223E001385A0 /* CloudVariableController.swift */,
				0E07D7DE233FA2D400DBBF76 /* RLMSupport.swift */,
				0EF478B1226B78CE007315DB /* LaunchScreen.storyboard */,
				0EF478AF226B78CE007315DB /* Assets.xcassets */,
				0EF478B4226B78CE007315DB /* Info.plist */,
				0E73D5EE23462809001385A0 /* GoogleService-Info.plist */,
				0EF478D8226B7ABE007315DB /* Mallet-Bridging-Header.h */,
				0EF478D7226B7A92007315DB /* objcpp */,
				0EF478D6226B7A88007315DB /* cpp */,
				0E390D1F234F80330072C5F3 /* StringExtension.swift */,
			);
			path = Mallet;
			sourceTree = "<group>";
		};
		0EF478BC226B78CE007315DB /* MalletTests */ = {
			isa = PBXGroup;
			children = (
				0EF478BD226B78CE007315DB /* MalletTests.swift */,
				0EF478BF226B78CE007315DB /* Info.plist */,
			);
			path = MalletTests;
			sourceTree = "<group>";
		};
		0EF478C7226B78CE007315DB /* MalletUITests */ = {
			isa = PBXGroup;
			children = (
				0EF478C8226B78CE007315DB /* MalletUITests.swift */,
				0EF478CA226B78CE007315DB /* Info.plist */,
			);
			path = MalletUITests;
			sourceTree = "<group>";
		};
		0EF478D6226B7A88007315DB /* cpp */ = {
			isa = PBXGroup;
			children = (
				0E4288B022F59CEA005CF2BF /* lib */,
				0EF478DD226B7AEB007315DB /* cpp.hpp */,
				0E9F3DA522F191250013659C /* cpp_func_manager.hpp */,
				0E971B6222D646F000C45B53 /* convert.cpp */,
				0E971B6422D646F600C45B53 /* convert.hpp */,
				0EE5638322C3981A00F3F88C /* run.cpp */,
				0EE5638222C3981100F3F88C /* run.hpp */,
				0E971B6022D60E1900C45B53 /* cpp_func_manager.cpp */,
				0E9F3DA422F191120013659C /* common.hpp */,
				0E4288A722F590E2005CF2BF /* cast.cpp */,
				0E4288A822F590E2005CF2BF /* cast.hpp */,
				0E21029E23537327005DC7FA /* bytecode_to_string.cpp */,
				0E21029F23537328005DC7FA /* bytecode_to_string.hpp */,
			);
			path = cpp;
			sourceTree = "<group>";
		};
		0EF478D7226B7A92007315DB /* objcpp */ = {
			isa = PBXGroup;
			children = (
				0EF478D9226B7ABE007315DB /* objcpp.mm */,
				0EF478DB226B7AD8007315DB /* objcpp.h */,
			);
			path = objcpp;
			sourceTree = "<group>";
		};
		A2644D4EA9FA7AB4F0D8FB3B /* Pods */ = {
			isa = PBXGroup;
			children = (
				9A24B71F373D661AFE64C428 /* Pods-Mallet.debug.xcconfig */,
				BB475E72AC5EABE926B228BC /* Pods-Mallet.release.xcconfig */,
				1766A6FDF1DF21B51ABCB44D /* Pods-Mallet-MalletUITests.debug.xcconfig */,
				D486E19989F88D13B1AB2C48 /* Pods-Mallet-MalletUITests.release.xcconfig */,
				18103B2B1349297D73D0D196 /* Pods-MalletTests.debug.xcconfig */,
				47597AE2296582A20B8D0A34 /* Pods-MalletTests.release.xcconfig */,
			);
			path = Pods;
			sourceTree = "<group>";
		};
/* End PBXGroup section */

/* Begin PBXNativeTarget section */
		0EF478A4226B78CD007315DB /* Mallet */ = {
			isa = PBXNativeTarget;
			buildConfigurationList = 0EF478CD226B78CE007315DB /* Build configuration list for PBXNativeTarget "Mallet" */;
			buildPhases = (
				9EB625E8D2251B47817FAB6A /* [CP] Check Pods Manifest.lock */,
				0EF478A1226B78CD007315DB /* Sources */,
				0EF478A2226B78CD007315DB /* Frameworks */,
				0EF478A3226B78CD007315DB /* Resources */,
				0ED08D9923324FF900CD9321 /* ShellScript */,
				7FE8FE755625FE668024E90B /* [CP] Embed Pods Frameworks */,
			);
			buildRules = (
			);
			dependencies = (
			);
			name = Mallet;
			productName = Mallet;
			productReference = 0EF478A5226B78CD007315DB /* Mallet.app */;
			productType = "com.apple.product-type.application";
		};
		0EF478B8226B78CE007315DB /* MalletTests */ = {
			isa = PBXNativeTarget;
			buildConfigurationList = 0EF478D0226B78CE007315DB /* Build configuration list for PBXNativeTarget "MalletTests" */;
			buildPhases = (
				60259933FD10E82B30B5A3F0 /* [CP] Check Pods Manifest.lock */,
				0EF478B5226B78CE007315DB /* Sources */,
				0EF478B6226B78CE007315DB /* Frameworks */,
				0EF478B7226B78CE007315DB /* Resources */,
			);
			buildRules = (
			);
			dependencies = (
				0EF478BB226B78CE007315DB /* PBXTargetDependency */,
			);
			name = MalletTests;
			productName = MalletTests;
			productReference = 0EF478B9226B78CE007315DB /* MalletTests.xctest */;
			productType = "com.apple.product-type.bundle.unit-test";
		};
		0EF478C3226B78CE007315DB /* MalletUITests */ = {
			isa = PBXNativeTarget;
			buildConfigurationList = 0EF478D3226B78CE007315DB /* Build configuration list for PBXNativeTarget "MalletUITests" */;
			buildPhases = (
				7E3D58958DE69261F6BE851F /* [CP] Check Pods Manifest.lock */,
				0EF478C0226B78CE007315DB /* Sources */,
				0EF478C1226B78CE007315DB /* Frameworks */,
				0EF478C2226B78CE007315DB /* Resources */,
				50C7679DC7D7FFB206A19642 /* [CP] Embed Pods Frameworks */,
			);
			buildRules = (
			);
			dependencies = (
				0EF478C6226B78CE007315DB /* PBXTargetDependency */,
			);
			name = MalletUITests;
			productName = MalletUITests;
			productReference = 0EF478C4226B78CE007315DB /* MalletUITests.xctest */;
			productType = "com.apple.product-type.bundle.ui-testing";
		};
/* End PBXNativeTarget section */

/* Begin PBXProject section */
		0EF4789D226B78CD007315DB /* Project object */ = {
			isa = PBXProject;
			attributes = {
				LastSwiftUpdateCheck = 1020;
				LastUpgradeCheck = 1020;
				ORGANIZATIONNAME = "Katsu Matsuda";
				TargetAttributes = {
					0EF478A4226B78CD007315DB = {
						CreatedOnToolsVersion = 10.2.1;
						LastSwiftMigration = 1020;
					};
					0EF478B8226B78CE007315DB = {
						CreatedOnToolsVersion = 10.2.1;
						TestTargetID = 0EF478A4226B78CD007315DB;
					};
					0EF478C3226B78CE007315DB = {
						CreatedOnToolsVersion = 10.2.1;
						TestTargetID = 0EF478A4226B78CD007315DB;
					};
				};
			};
			buildConfigurationList = 0EF478A0226B78CD007315DB /* Build configuration list for PBXProject "Mallet" */;
			compatibilityVersion = "Xcode 9.3";
			developmentRegion = en;
			hasScannedForEncodings = 0;
			knownRegions = (
				en,
				Base,
			);
			mainGroup = 0EF4789C226B78CD007315DB;
			productRefGroup = 0EF478A6226B78CD007315DB /* Products */;
			projectDirPath = "";
			projectRoot = "";
			targets = (
				0EF478A4226B78CD007315DB /* Mallet */,
				0EF478B8226B78CE007315DB /* MalletTests */,
				0EF478C3226B78CE007315DB /* MalletUITests */,
			);
		};
/* End PBXProject section */

/* Begin PBXResourcesBuildPhase section */
		0EF478A3226B78CD007315DB /* Resources */ = {
			isa = PBXResourcesBuildPhase;
			buildActionMask = 2147483647;
			files = (
				0EC33347226E0B92005B968A /* AppRunner.storyboard in Resources */,
				0E07A15522B47FA200A848C2 /* SPEC.md in Resources */,
				0EF478B3226B78CE007315DB /* LaunchScreen.storyboard in Resources */,
				0EBEB4C22326823B004A25A3 /* Home.storyboard in Resources */,
				0EF478B0226B78CE007315DB /* Assets.xcassets in Resources */,
				0E73D5EF23462809001385A0 /* GoogleService-Info.plist in Resources */,
				0EC07A8D2340B1480028272F /* VariableSettings.storyboard in Resources */,
				0E3ED95D2337956100C10A72 /* AppCell.xib in Resources */,
				0E8B783422AFF807002336A2 /* UIEditor.storyboard in Resources */,
				0E3FDD81226CB9F000F20326 /* CodeEditor.storyboard in Resources */,
				0EF3CDE22312D0AF00AD661E /* AppSettings.storyboard in Resources */,
				0E4103CF234105F300839B5F /* UISettings.storyboard in Resources */,
			);
			runOnlyForDeploymentPostprocessing = 0;
		};
		0EF478B7226B78CE007315DB /* Resources */ = {
			isa = PBXResourcesBuildPhase;
			buildActionMask = 2147483647;
			files = (
			);
			runOnlyForDeploymentPostprocessing = 0;
		};
		0EF478C2226B78CE007315DB /* Resources */ = {
			isa = PBXResourcesBuildPhase;
			buildActionMask = 2147483647;
			files = (
			);
			runOnlyForDeploymentPostprocessing = 0;
		};
/* End PBXResourcesBuildPhase section */

/* Begin PBXShellScriptBuildPhase section */
		0ED08D9923324FF900CD9321 /* ShellScript */ = {
			isa = PBXShellScriptBuildPhase;
			buildActionMask = 2147483647;
			files = (
			);
			inputFileListPaths = (
			);
			inputPaths = (
				"$(SRCROOT)/Carthage/Build/iOS/Swifter.framework",
				"$(SRCROOT)/Carthage/Build/iOS/Realm.framework",
			);
			outputFileListPaths = (
			);
			outputPaths = (
			);
			runOnlyForDeploymentPostprocessing = 0;
			shellPath = /bin/sh;
			shellScript = "/usr/local/bin/carthage copy-frameworks\n";
		};
		50C7679DC7D7FFB206A19642 /* [CP] Embed Pods Frameworks */ = {
			isa = PBXShellScriptBuildPhase;
			buildActionMask = 2147483647;
			files = (
			);
			inputFileListPaths = (
				"${PODS_ROOT}/Target Support Files/Pods-Mallet-MalletUITests/Pods-Mallet-MalletUITests-frameworks-${CONFIGURATION}-input-files.xcfilelist",
			);
			name = "[CP] Embed Pods Frameworks";
			outputFileListPaths = (
				"${PODS_ROOT}/Target Support Files/Pods-Mallet-MalletUITests/Pods-Mallet-MalletUITests-frameworks-${CONFIGURATION}-output-files.xcfilelist",
			);
			runOnlyForDeploymentPostprocessing = 0;
			shellPath = /bin/sh;
			shellScript = "\"${PODS_ROOT}/Target Support Files/Pods-Mallet-MalletUITests/Pods-Mallet-MalletUITests-frameworks.sh\"\n";
			showEnvVarsInLog = 0;
		};
		60259933FD10E82B30B5A3F0 /* [CP] Check Pods Manifest.lock */ = {
			isa = PBXShellScriptBuildPhase;
			buildActionMask = 2147483647;
			files = (
			);
			inputFileListPaths = (
			);
			inputPaths = (
				"${PODS_PODFILE_DIR_PATH}/Podfile.lock",
				"${PODS_ROOT}/Manifest.lock",
			);
			name = "[CP] Check Pods Manifest.lock";
			outputFileListPaths = (
			);
			outputPaths = (
				"$(DERIVED_FILE_DIR)/Pods-MalletTests-checkManifestLockResult.txt",
			);
			runOnlyForDeploymentPostprocessing = 0;
			shellPath = /bin/sh;
			shellScript = "diff \"${PODS_PODFILE_DIR_PATH}/Podfile.lock\" \"${PODS_ROOT}/Manifest.lock\" > /dev/null\nif [ $? != 0 ] ; then\n    # print error to STDERR\n    echo \"error: The sandbox is not in sync with the Podfile.lock. Run 'pod install' or update your CocoaPods installation.\" >&2\n    exit 1\nfi\n# This output is used by Xcode 'outputs' to avoid re-running this script phase.\necho \"SUCCESS\" > \"${SCRIPT_OUTPUT_FILE_0}\"\n";
			showEnvVarsInLog = 0;
		};
		7E3D58958DE69261F6BE851F /* [CP] Check Pods Manifest.lock */ = {
			isa = PBXShellScriptBuildPhase;
			buildActionMask = 2147483647;
			files = (
			);
			inputFileListPaths = (
			);
			inputPaths = (
				"${PODS_PODFILE_DIR_PATH}/Podfile.lock",
				"${PODS_ROOT}/Manifest.lock",
			);
			name = "[CP] Check Pods Manifest.lock";
			outputFileListPaths = (
			);
			outputPaths = (
				"$(DERIVED_FILE_DIR)/Pods-Mallet-MalletUITests-checkManifestLockResult.txt",
			);
			runOnlyForDeploymentPostprocessing = 0;
			shellPath = /bin/sh;
			shellScript = "diff \"${PODS_PODFILE_DIR_PATH}/Podfile.lock\" \"${PODS_ROOT}/Manifest.lock\" > /dev/null\nif [ $? != 0 ] ; then\n    # print error to STDERR\n    echo \"error: The sandbox is not in sync with the Podfile.lock. Run 'pod install' or update your CocoaPods installation.\" >&2\n    exit 1\nfi\n# This output is used by Xcode 'outputs' to avoid re-running this script phase.\necho \"SUCCESS\" > \"${SCRIPT_OUTPUT_FILE_0}\"\n";
			showEnvVarsInLog = 0;
		};
		7FE8FE755625FE668024E90B /* [CP] Embed Pods Frameworks */ = {
			isa = PBXShellScriptBuildPhase;
			buildActionMask = 2147483647;
			files = (
			);
			inputFileListPaths = (
				"${PODS_ROOT}/Target Support Files/Pods-Mallet/Pods-Mallet-frameworks-${CONFIGURATION}-input-files.xcfilelist",
			);
			name = "[CP] Embed Pods Frameworks";
			outputFileListPaths = (
				"${PODS_ROOT}/Target Support Files/Pods-Mallet/Pods-Mallet-frameworks-${CONFIGURATION}-output-files.xcfilelist",
			);
			runOnlyForDeploymentPostprocessing = 0;
			shellPath = /bin/sh;
			shellScript = "\"${PODS_ROOT}/Target Support Files/Pods-Mallet/Pods-Mallet-frameworks.sh\"\n";
			showEnvVarsInLog = 0;
		};
		9EB625E8D2251B47817FAB6A /* [CP] Check Pods Manifest.lock */ = {
			isa = PBXShellScriptBuildPhase;
			buildActionMask = 2147483647;
			files = (
			);
			inputFileListPaths = (
			);
			inputPaths = (
				"${PODS_PODFILE_DIR_PATH}/Podfile.lock",
				"${PODS_ROOT}/Manifest.lock",
			);
			name = "[CP] Check Pods Manifest.lock";
			outputFileListPaths = (
			);
			outputPaths = (
				"$(DERIVED_FILE_DIR)/Pods-Mallet-checkManifestLockResult.txt",
			);
			runOnlyForDeploymentPostprocessing = 0;
			shellPath = /bin/sh;
			shellScript = "diff \"${PODS_PODFILE_DIR_PATH}/Podfile.lock\" \"${PODS_ROOT}/Manifest.lock\" > /dev/null\nif [ $? != 0 ] ; then\n    # print error to STDERR\n    echo \"error: The sandbox is not in sync with the Podfile.lock. Run 'pod install' or update your CocoaPods installation.\" >&2\n    exit 1\nfi\n# This output is used by Xcode 'outputs' to avoid re-running this script phase.\necho \"SUCCESS\" > \"${SCRIPT_OUTPUT_FILE_0}\"\n";
			showEnvVarsInLog = 0;
		};
/* End PBXShellScriptBuildPhase section */

/* Begin PBXSourcesBuildPhase section */
		0EF478A1226B78CD007315DB /* Sources */ = {
			isa = PBXSourcesBuildPhase;
			buildActionMask = 2147483647;
			files = (
				0E43716622F876C2004CA2BD /* UIColorExtension.swift in Sources */,
				0E4103D12341064000839B5F /* UISettingsModal.swift in Sources */,
				0E34DBF323438E3200F624A2 /* AppUIController.swift in Sources */,
				0E07D7DF233FA2D400DBBF76 /* RLMSupport.swift in Sources */,
				0EBEB4C42326830F004A25A3 /* HapticFeedback.swift in Sources */,
				0EC07A912340B3AA0028272F /* VariableSettingsCell.swift in Sources */,
				0EDEDFA62350B0240046F344 /* TableContentEditorView.swift in Sources */,
				0E94091C2351C42300A802E0 /* LabelUISettingsController.swift in Sources */,
				0EC33349226E1174005B968A /* ScreenGenerator.swift in Sources */,
				0E4288A922F590E2005CF2BF /* cast.cpp in Sources */,
				0EC9E82422E37AF700A9D6D9 /* BlockView.swift in Sources */,
				0EF478AB226B78CD007315DB /* HomeViewController.swift in Sources */,
				0EE5638422C3981A00F3F88C /* run.cpp in Sources */,
				0EAA0DC522F72C5600F5A051 /* time.mm in Sources */,
				0E149C06228030DE00952F9C /* AppUI.swift in Sources */,
				0E4288B922F59D8D005CF2BF /* ui.mm in Sources */,
				0E920759235228DE00855E3C /* SwitchUISettingsController.swift in Sources */,
				0EC07A8F2340B2CA0028272F /* VariableSettingsController.swift in Sources */,
				0EC9E82122E36ACA00A9D6D9 /* VisualCodeEditorController.swift in Sources */,
				0EA8D2872344B11100270A49 /* db.mm in Sources */,
				0EF478DA226B7ABE007315DB /* objcpp.mm in Sources */,
				0E3FDD7F226CB9BF00F20326 /* TextCodeEditorController.swift in Sources */,
				0E9A958422F96DF900930215 /* BlockData.swift in Sources */,
				0E829C5B23101B5F008FE529 /* AddShortcut.swift in Sources */,
				0E2102A023537328005DC7FA /* bytecode_to_string.cpp in Sources */,
				0E56BE47235446120063AD3C /* ListSettingsCell.swift in Sources */,
				0EC9E81E22E36A1400A9D6D9 /* CodeEditorController.swift in Sources */,
				0EF3CDE42312D56800AD661E /* AppSettingsController.swift in Sources */,
				0EC33345226E0B7F005B968A /* AppRunner.swift in Sources */,
				0E8DAEA4231FE670003C5EC7 /* ArgContentData.swift in Sources */,
				0E920757235228D100855E3C /* TextFieldUISettingsController.swift in Sources */,
				0E3ED9632337DFC100C10A72 /* Color.swift in Sources */,
				0E971B6322D646F000C45B53 /* convert.cpp in Sources */,
				0E971B6122D60E1900C45B53 /* cpp_func_manager.cpp in Sources */,
				0E94091E2351C42C00A802E0 /* TableUISettingsController.swift in Sources */,
				0EF478A9226B78CD007315DB /* AppDelegate.swift in Sources */,
				0E9409182351BFA700A802E0 /* UISettingsController.swift in Sources */,
				0EF67373234CC3200067B325 /* VPLSelectionView.swift in Sources */,
				0E3ED95C2337956100C10A72 /* AppCell.swift in Sources */,
				0EA9DF56227F216A00584C0B /* UIEditorController.swift in Sources */,
				0E92075B235228EA00855E3C /* SliderUISettingsController.swift in Sources */,
				0E94091A2351C41500A802E0 /* ButtonUISettingsController.swift in Sources */,
				0EC3334B226E1226005B968A /* ScreenDataController.swift in Sources */,
				0E73D5E92346223E001385A0 /* CloudVariableController.swift in Sources */,
				0E24CF0C231578BE00D5D5C2 /* AppDatabaseController.swift in Sources */,
				0E8DAEA623200014003C5EC7 /* ArgView.swift in Sources */,
				0EAA53852324F58500726C25 /* ArgData.swift in Sources */,
				0E390D20234F80330072C5F3 /* StringExtension.swift in Sources */,
				0E390D22234F83B30072C5F3 /* Text2VPL.swift in Sources */,
				611ACCB50EFB6D9ECB45FD51 /* AppData.swift in Sources */,
				0E8DAEA2231FE660003C5EC7 /* ArgContentView.swift in Sources */,
			);
			runOnlyForDeploymentPostprocessing = 0;
		};
		0EF478B5226B78CE007315DB /* Sources */ = {
			isa = PBXSourcesBuildPhase;
			buildActionMask = 2147483647;
			files = (
				0EF478BE226B78CE007315DB /* MalletTests.swift in Sources */,
			);
			runOnlyForDeploymentPostprocessing = 0;
		};
		0EF478C0226B78CE007315DB /* Sources */ = {
			isa = PBXSourcesBuildPhase;
			buildActionMask = 2147483647;
			files = (
				0EF478C9226B78CE007315DB /* MalletUITests.swift in Sources */,
			);
			runOnlyForDeploymentPostprocessing = 0;
		};
/* End PBXSourcesBuildPhase section */

/* Begin PBXTargetDependency section */
		0EF478BB226B78CE007315DB /* PBXTargetDependency */ = {
			isa = PBXTargetDependency;
			target = 0EF478A4226B78CD007315DB /* Mallet */;
			targetProxy = 0EF478BA226B78CE007315DB /* PBXContainerItemProxy */;
		};
		0EF478C6226B78CE007315DB /* PBXTargetDependency */ = {
			isa = PBXTargetDependency;
			target = 0EF478A4226B78CD007315DB /* Mallet */;
			targetProxy = 0EF478C5226B78CE007315DB /* PBXContainerItemProxy */;
		};
/* End PBXTargetDependency section */

/* Begin PBXVariantGroup section */
		0EF478B1226B78CE007315DB /* LaunchScreen.storyboard */ = {
			isa = PBXVariantGroup;
			children = (
				0EF478B2226B78CE007315DB /* Base */,
			);
			name = LaunchScreen.storyboard;
			sourceTree = "<group>";
		};
/* End PBXVariantGroup section */

/* Begin XCBuildConfiguration section */
		0EF478CB226B78CE007315DB /* Debug */ = {
			isa = XCBuildConfiguration;
			buildSettings = {
				ALWAYS_SEARCH_USER_PATHS = NO;
				CLANG_ANALYZER_NONNULL = YES;
				CLANG_ANALYZER_NUMBER_OBJECT_CONVERSION = YES_AGGRESSIVE;
				CLANG_CXX_LANGUAGE_STANDARD = "gnu++14";
				CLANG_CXX_LIBRARY = "libc++";
				CLANG_ENABLE_MODULES = YES;
				CLANG_ENABLE_OBJC_ARC = YES;
				CLANG_ENABLE_OBJC_WEAK = YES;
				CLANG_WARN_BLOCK_CAPTURE_AUTORELEASING = YES;
				CLANG_WARN_BOOL_CONVERSION = YES;
				CLANG_WARN_COMMA = YES;
				CLANG_WARN_CONSTANT_CONVERSION = YES;
				CLANG_WARN_DEPRECATED_OBJC_IMPLEMENTATIONS = YES;
				CLANG_WARN_DIRECT_OBJC_ISA_USAGE = YES_ERROR;
				CLANG_WARN_DOCUMENTATION_COMMENTS = YES;
				CLANG_WARN_EMPTY_BODY = YES;
				CLANG_WARN_ENUM_CONVERSION = YES;
				CLANG_WARN_INFINITE_RECURSION = YES;
				CLANG_WARN_INT_CONVERSION = YES;
				CLANG_WARN_NON_LITERAL_NULL_CONVERSION = YES;
				CLANG_WARN_OBJC_IMPLICIT_RETAIN_SELF = YES;
				CLANG_WARN_OBJC_LITERAL_CONVERSION = YES;
				CLANG_WARN_OBJC_ROOT_CLASS = YES_ERROR;
				CLANG_WARN_RANGE_LOOP_ANALYSIS = YES;
				CLANG_WARN_STRICT_PROTOTYPES = YES;
				CLANG_WARN_SUSPICIOUS_MOVE = YES;
				CLANG_WARN_UNGUARDED_AVAILABILITY = YES_AGGRESSIVE;
				CLANG_WARN_UNREACHABLE_CODE = YES;
				CLANG_WARN__DUPLICATE_METHOD_MATCH = YES;
				CODE_SIGN_IDENTITY = "iPhone Distribution";
				COPY_PHASE_STRIP = NO;
				DEBUG_INFORMATION_FORMAT = dwarf;
				ENABLE_STRICT_OBJC_MSGSEND = YES;
				ENABLE_TESTABILITY = YES;
				GCC_C_LANGUAGE_STANDARD = gnu11;
				GCC_DYNAMIC_NO_PIC = NO;
				GCC_NO_COMMON_BLOCKS = YES;
				GCC_OPTIMIZATION_LEVEL = 0;
				GCC_PREPROCESSOR_DEFINITIONS = (
					"DEBUG=1",
					"$(inherited)",
				);
				GCC_WARN_64_TO_32_BIT_CONVERSION = YES;
				GCC_WARN_ABOUT_RETURN_TYPE = YES_ERROR;
				GCC_WARN_UNDECLARED_SELECTOR = YES;
				GCC_WARN_UNINITIALIZED_AUTOS = YES_AGGRESSIVE;
				GCC_WARN_UNUSED_FUNCTION = YES;
				GCC_WARN_UNUSED_VARIABLE = YES;
				IPHONEOS_DEPLOYMENT_TARGET = 12.2;
				MTL_ENABLE_DEBUG_INFO = INCLUDE_SOURCE;
				MTL_FAST_MATH = YES;
				ONLY_ACTIVE_ARCH = YES;
				SDKROOT = iphoneos;
				SWIFT_ACTIVE_COMPILATION_CONDITIONS = DEBUG;
				SWIFT_OPTIMIZATION_LEVEL = "-Onone";
			};
			name = Debug;
		};
		0EF478CC226B78CE007315DB /* Release */ = {
			isa = XCBuildConfiguration;
			buildSettings = {
				ALWAYS_SEARCH_USER_PATHS = NO;
				CLANG_ANALYZER_NONNULL = YES;
				CLANG_ANALYZER_NUMBER_OBJECT_CONVERSION = YES_AGGRESSIVE;
				CLANG_CXX_LANGUAGE_STANDARD = "gnu++14";
				CLANG_CXX_LIBRARY = "libc++";
				CLANG_ENABLE_MODULES = YES;
				CLANG_ENABLE_OBJC_ARC = YES;
				CLANG_ENABLE_OBJC_WEAK = YES;
				CLANG_WARN_BLOCK_CAPTURE_AUTORELEASING = YES;
				CLANG_WARN_BOOL_CONVERSION = YES;
				CLANG_WARN_COMMA = YES;
				CLANG_WARN_CONSTANT_CONVERSION = YES;
				CLANG_WARN_DEPRECATED_OBJC_IMPLEMENTATIONS = YES;
				CLANG_WARN_DIRECT_OBJC_ISA_USAGE = YES_ERROR;
				CLANG_WARN_DOCUMENTATION_COMMENTS = YES;
				CLANG_WARN_EMPTY_BODY = YES;
				CLANG_WARN_ENUM_CONVERSION = YES;
				CLANG_WARN_INFINITE_RECURSION = YES;
				CLANG_WARN_INT_CONVERSION = YES;
				CLANG_WARN_NON_LITERAL_NULL_CONVERSION = YES;
				CLANG_WARN_OBJC_IMPLICIT_RETAIN_SELF = YES;
				CLANG_WARN_OBJC_LITERAL_CONVERSION = YES;
				CLANG_WARN_OBJC_ROOT_CLASS = YES_ERROR;
				CLANG_WARN_RANGE_LOOP_ANALYSIS = YES;
				CLANG_WARN_STRICT_PROTOTYPES = YES;
				CLANG_WARN_SUSPICIOUS_MOVE = YES;
				CLANG_WARN_UNGUARDED_AVAILABILITY = YES_AGGRESSIVE;
				CLANG_WARN_UNREACHABLE_CODE = YES;
				CLANG_WARN__DUPLICATE_METHOD_MATCH = YES;
				CODE_SIGN_IDENTITY = "iPhone Distribution";
				COPY_PHASE_STRIP = NO;
				DEBUG_INFORMATION_FORMAT = "dwarf-with-dsym";
				ENABLE_NS_ASSERTIONS = NO;
				ENABLE_STRICT_OBJC_MSGSEND = YES;
				GCC_C_LANGUAGE_STANDARD = gnu11;
				GCC_NO_COMMON_BLOCKS = YES;
				GCC_WARN_64_TO_32_BIT_CONVERSION = YES;
				GCC_WARN_ABOUT_RETURN_TYPE = YES_ERROR;
				GCC_WARN_UNDECLARED_SELECTOR = YES;
				GCC_WARN_UNINITIALIZED_AUTOS = YES_AGGRESSIVE;
				GCC_WARN_UNUSED_FUNCTION = YES;
				GCC_WARN_UNUSED_VARIABLE = YES;
				IPHONEOS_DEPLOYMENT_TARGET = 12.2;
				MTL_ENABLE_DEBUG_INFO = NO;
				MTL_FAST_MATH = YES;
				SDKROOT = iphoneos;
				SWIFT_COMPILATION_MODE = wholemodule;
				SWIFT_OPTIMIZATION_LEVEL = "-O";
				VALIDATE_PRODUCT = YES;
			};
			name = Release;
		};
		0EF478CE226B78CE007315DB /* Debug */ = {
			isa = XCBuildConfiguration;
			baseConfigurationReference = 9A24B71F373D661AFE64C428 /* Pods-Mallet.debug.xcconfig */;
			buildSettings = {
				ASSETCATALOG_COMPILER_APPICON_NAME = AppIcon;
				CLANG_CXX_LANGUAGE_STANDARD = "gnu++17";
				CLANG_ENABLE_MODULES = YES;
				CODE_SIGN_IDENTITY = "Apple Development";
				CODE_SIGN_STYLE = Automatic;
				CURRENT_PROJECT_VERSION = 4;
				DEVELOPMENT_TEAM = T437NKTG46;
				FRAMEWORK_SEARCH_PATHS = (
					"$(inherited)",
					"$(PROJECT_DIR)/Carthage/Build/iOS",
				);
				INFOPLIST_FILE = Mallet/Info.plist;
				LD_RUNPATH_SEARCH_PATHS = (
					"$(inherited)",
					"@executable_path/Frameworks",
				);
				MARKETING_VERSION = 0.1;
				PRODUCT_BUNDLE_IDENTIFIER = app.mallet.mallet;
				PRODUCT_NAME = "$(TARGET_NAME)";
				PROVISIONING_PROFILE_SPECIFIER = "";
				SWIFT_OBJC_BRIDGING_HEADER = "Mallet/Mallet-Bridging-Header.h";
				SWIFT_OPTIMIZATION_LEVEL = "-Onone";
				SWIFT_VERSION = 5.0;
				TARGETED_DEVICE_FAMILY = "1,2";
			};
			name = Debug;
		};
		0EF478CF226B78CE007315DB /* Release */ = {
			isa = XCBuildConfiguration;
			baseConfigurationReference = BB475E72AC5EABE926B228BC /* Pods-Mallet.release.xcconfig */;
			buildSettings = {
				ASSETCATALOG_COMPILER_APPICON_NAME = AppIcon;
				CLANG_CXX_LANGUAGE_STANDARD = "gnu++17";
				CLANG_ENABLE_MODULES = YES;
				CODE_SIGN_IDENTITY = "Apple Development";
				CODE_SIGN_STYLE = Automatic;
				CURRENT_PROJECT_VERSION = 4;
				DEVELOPMENT_TEAM = T437NKTG46;
				FRAMEWORK_SEARCH_PATHS = (
					"$(inherited)",
					"$(PROJECT_DIR)/Carthage/Build/iOS",
				);
				INFOPLIST_FILE = Mallet/Info.plist;
				LD_RUNPATH_SEARCH_PATHS = (
					"$(inherited)",
					"@executable_path/Frameworks",
				);
				MARKETING_VERSION = 0.1;
				PRODUCT_BUNDLE_IDENTIFIER = app.mallet.mallet;
				PRODUCT_NAME = "$(TARGET_NAME)";
				PROVISIONING_PROFILE_SPECIFIER = "";
				SWIFT_OBJC_BRIDGING_HEADER = "Mallet/Mallet-Bridging-Header.h";
				SWIFT_VERSION = 5.0;
				TARGETED_DEVICE_FAMILY = "1,2";
			};
			name = Release;
		};
		0EF478D1226B78CE007315DB /* Debug */ = {
			isa = XCBuildConfiguration;
			baseConfigurationReference = 18103B2B1349297D73D0D196 /* Pods-MalletTests.debug.xcconfig */;
			buildSettings = {
				ALWAYS_EMBED_SWIFT_STANDARD_LIBRARIES = YES;
				BUNDLE_LOADER = "$(TEST_HOST)";
				CODE_SIGN_STYLE = Automatic;
				INFOPLIST_FILE = MalletTests/Info.plist;
				LD_RUNPATH_SEARCH_PATHS = (
					"$(inherited)",
					"@executable_path/Frameworks",
					"@loader_path/Frameworks",
				);
				PRODUCT_BUNDLE_IDENTIFIER = com.kats.MalletTests;
				PRODUCT_NAME = "$(TARGET_NAME)";
				SWIFT_VERSION = 5.0;
				TARGETED_DEVICE_FAMILY = "1,2";
				TEST_HOST = "$(BUILT_PRODUCTS_DIR)/Mallet.app/Mallet";
			};
			name = Debug;
		};
		0EF478D2226B78CE007315DB /* Release */ = {
			isa = XCBuildConfiguration;
			baseConfigurationReference = 47597AE2296582A20B8D0A34 /* Pods-MalletTests.release.xcconfig */;
			buildSettings = {
				ALWAYS_EMBED_SWIFT_STANDARD_LIBRARIES = YES;
				BUNDLE_LOADER = "$(TEST_HOST)";
				CODE_SIGN_STYLE = Automatic;
				INFOPLIST_FILE = MalletTests/Info.plist;
				LD_RUNPATH_SEARCH_PATHS = (
					"$(inherited)",
					"@executable_path/Frameworks",
					"@loader_path/Frameworks",
				);
				PRODUCT_BUNDLE_IDENTIFIER = com.kats.MalletTests;
				PRODUCT_NAME = "$(TARGET_NAME)";
				SWIFT_VERSION = 5.0;
				TARGETED_DEVICE_FAMILY = "1,2";
				TEST_HOST = "$(BUILT_PRODUCTS_DIR)/Mallet.app/Mallet";
			};
			name = Release;
		};
		0EF478D4226B78CE007315DB /* Debug */ = {
			isa = XCBuildConfiguration;
			baseConfigurationReference = 1766A6FDF1DF21B51ABCB44D /* Pods-Mallet-MalletUITests.debug.xcconfig */;
			buildSettings = {
				ALWAYS_EMBED_SWIFT_STANDARD_LIBRARIES = YES;
				CODE_SIGN_STYLE = Automatic;
				INFOPLIST_FILE = MalletUITests/Info.plist;
				LD_RUNPATH_SEARCH_PATHS = (
					"$(inherited)",
					"@executable_path/Frameworks",
					"@loader_path/Frameworks",
				);
				PRODUCT_BUNDLE_IDENTIFIER = com.kats.MalletUITests;
				PRODUCT_NAME = "$(TARGET_NAME)";
				SWIFT_VERSION = 5.0;
				TARGETED_DEVICE_FAMILY = "1,2";
				TEST_TARGET_NAME = Mallet;
			};
			name = Debug;
		};
		0EF478D5226B78CE007315DB /* Release */ = {
			isa = XCBuildConfiguration;
			baseConfigurationReference = D486E19989F88D13B1AB2C48 /* Pods-Mallet-MalletUITests.release.xcconfig */;
			buildSettings = {
				ALWAYS_EMBED_SWIFT_STANDARD_LIBRARIES = YES;
				CODE_SIGN_STYLE = Automatic;
				INFOPLIST_FILE = MalletUITests/Info.plist;
				LD_RUNPATH_SEARCH_PATHS = (
					"$(inherited)",
					"@executable_path/Frameworks",
					"@loader_path/Frameworks",
				);
				PRODUCT_BUNDLE_IDENTIFIER = com.kats.MalletUITests;
				PRODUCT_NAME = "$(TARGET_NAME)";
				SWIFT_VERSION = 5.0;
				TARGETED_DEVICE_FAMILY = "1,2";
				TEST_TARGET_NAME = Mallet;
			};
			name = Release;
		};
/* End XCBuildConfiguration section */

/* Begin XCConfigurationList section */
		0EF478A0226B78CD007315DB /* Build configuration list for PBXProject "Mallet" */ = {
			isa = XCConfigurationList;
			buildConfigurations = (
				0EF478CB226B78CE007315DB /* Debug */,
				0EF478CC226B78CE007315DB /* Release */,
			);
			defaultConfigurationIsVisible = 0;
			defaultConfigurationName = Release;
		};
		0EF478CD226B78CE007315DB /* Build configuration list for PBXNativeTarget "Mallet" */ = {
			isa = XCConfigurationList;
			buildConfigurations = (
				0EF478CE226B78CE007315DB /* Debug */,
				0EF478CF226B78CE007315DB /* Release */,
			);
			defaultConfigurationIsVisible = 0;
			defaultConfigurationName = Release;
		};
		0EF478D0226B78CE007315DB /* Build configuration list for PBXNativeTarget "MalletTests" */ = {
			isa = XCConfigurationList;
			buildConfigurations = (
				0EF478D1226B78CE007315DB /* Debug */,
				0EF478D2226B78CE007315DB /* Release */,
			);
			defaultConfigurationIsVisible = 0;
			defaultConfigurationName = Release;
		};
		0EF478D3226B78CE007315DB /* Build configuration list for PBXNativeTarget "MalletUITests" */ = {
			isa = XCConfigurationList;
			buildConfigurations = (
				0EF478D4226B78CE007315DB /* Debug */,
				0EF478D5226B78CE007315DB /* Release */,
			);
			defaultConfigurationIsVisible = 0;
			defaultConfigurationName = Release;
		};
/* End XCConfigurationList section */
	};
	rootObject = 0EF4789D226B78CD007315DB /* Project object */;
}
