// !$*UTF8*$!
{
	archiveVersion = 1;
	classes = {
	};
	objectVersion = 50;
	objects = {

/* Begin PBXBuildFile section */
		0E2295B72374587E003DB56D /* AppSettingsView.swift in Sources */ = {isa = PBXBuildFile; fileRef = 0E2295B62374587E003DB56D /* AppSettingsView.swift */; };
		0E3659FF237EECE200294A40 /* MUI.swift in Sources */ = {isa = PBXBuildFile; fileRef = 0E3659FE237EECE200294A40 /* MUI.swift */; };
		0E9C5ED62382E883001AECA7 /* MUIType.swift in Sources */ = {isa = PBXBuildFile; fileRef = 0E9C5ED52382E883001AECA7 /* MUIType.swift */; };
		0E9F7E4723ABCC7E00C12CF1 /* EditorToolBar.swift in Sources */ = {isa = PBXBuildFile; fileRef = 0E9F7E4623ABCC7E00C12CF1 /* EditorToolBar.swift */; };
		0E9F836823659A2C00994789 /* AppDelegate.swift in Sources */ = {isa = PBXBuildFile; fileRef = 0E9F836723659A2C00994789 /* AppDelegate.swift */; };
		0E9F836A23659A2C00994789 /* SceneDelegate.swift in Sources */ = {isa = PBXBuildFile; fileRef = 0E9F836923659A2C00994789 /* SceneDelegate.swift */; };
		0E9F836E23659A2E00994789 /* Assets.xcassets in Resources */ = {isa = PBXBuildFile; fileRef = 0E9F836D23659A2E00994789 /* Assets.xcassets */; };
		0E9F837123659A2E00994789 /* Preview Assets.xcassets in Resources */ = {isa = PBXBuildFile; fileRef = 0E9F837023659A2E00994789 /* Preview Assets.xcassets */; };
		0E9F837423659A2E00994789 /* LaunchScreen.storyboard in Resources */ = {isa = PBXBuildFile; fileRef = 0E9F837223659A2E00994789 /* LaunchScreen.storyboard */; };
		0E9F837F23659A2E00994789 /* MalletTests.swift in Sources */ = {isa = PBXBuildFile; fileRef = 0E9F837E23659A2E00994789 /* MalletTests.swift */; };
		0E9F838A23659A2E00994789 /* MalletUITests.swift in Sources */ = {isa = PBXBuildFile; fileRef = 0E9F838923659A2E00994789 /* MalletUITests.swift */; };
		0E9F83B023659E4300994789 /* HapticFeedback.swift in Sources */ = {isa = PBXBuildFile; fileRef = 0E9F83A723659E4200994789 /* HapticFeedback.swift */; };
		0E9F83B223659E4300994789 /* RLMSupport.swift in Sources */ = {isa = PBXBuildFile; fileRef = 0E9F83A923659E4200994789 /* RLMSupport.swift */; };
		0E9F83B623659E4300994789 /* AddShortcut.swift in Sources */ = {isa = PBXBuildFile; fileRef = 0E9F83AD23659E4200994789 /* AddShortcut.swift */; };
		0E9F842023659EE800994789 /* StringExtension.swift in Sources */ = {isa = PBXBuildFile; fileRef = 0E9F841F23659EE800994789 /* StringExtension.swift */; };
		0E9F84862365A9BB00994789 /* Realm.framework in Frameworks */ = {isa = PBXBuildFile; fileRef = 0E9F84842365A9BB00994789 /* Realm.framework */; };
		0E9F84872365A9BB00994789 /* Realm.framework in Embed Frameworks */ = {isa = PBXBuildFile; fileRef = 0E9F84842365A9BB00994789 /* Realm.framework */; settings = {ATTRIBUTES = (CodeSignOnCopy, RemoveHeadersOnCopy, ); }; };
		0E9F84882365A9BB00994789 /* Swifter.framework in Frameworks */ = {isa = PBXBuildFile; fileRef = 0E9F84852365A9BB00994789 /* Swifter.framework */; };
		0E9F84892365A9BB00994789 /* Swifter.framework in Embed Frameworks */ = {isa = PBXBuildFile; fileRef = 0E9F84852365A9BB00994789 /* Swifter.framework */; settings = {ATTRIBUTES = (CodeSignOnCopy, RemoveHeadersOnCopy, ); }; };
		0ED5BC2123816A0A0080CABD /* MUIView.swift in Sources */ = {isa = PBXBuildFile; fileRef = 0ED5BC2023816A0A0080CABD /* MUIView.swift */; };
		0ED82DC82393DCB30054BC4C /* EditorAppView.swift in Sources */ = {isa = PBXBuildFile; fileRef = 0ED82DC72393DCB30054BC4C /* EditorAppView.swift */; };
		0EDC9CD42369D80500AD490B /* EditorView.swift in Sources */ = {isa = PBXBuildFile; fileRef = 0EDC9CD32369D80500AD490B /* EditorView.swift */; };
		0EEE6D8023672AFA00691783 /* HomeView.swift in Sources */ = {isa = PBXBuildFile; fileRef = 0EEE6D7F23672AFA00691783 /* HomeView.swift */; };
		0EFA0A5E23841ECC00710FEA /* AppView.swift in Sources */ = {isa = PBXBuildFile; fileRef = 0EFA0A5D23841ECC00710FEA /* AppView.swift */; };
		0EFA0A6223841FAF00710FEA /* DefaultPreview.swift in Sources */ = {isa = PBXBuildFile; fileRef = 0EFA0A6123841FAF00710FEA /* DefaultPreview.swift */; };
		611AC0B9379D048679615D55 /* UIStyleEditorView.swift in Sources */ = {isa = PBXBuildFile; fileRef = 611AC9F3622E3B5D5F218075 /* UIStyleEditorView.swift */; };
		611AC0CF3A1826A21F6B697A /* EditorViewModel.swift in Sources */ = {isa = PBXBuildFile; fileRef = 611AC80DEACFC88D9AF2DBE5 /* EditorViewModel.swift */; };
		611AC0EE11AE918BD9DDF465 /* CodeEditorView.swift in Sources */ = {isa = PBXBuildFile; fileRef = 611ACE6FA4C2824EE7C86EA9 /* CodeEditorView.swift */; };
		611AC13AF8F7ABDFDC7C29B5 /* MUISliderData.swift in Sources */ = {isa = PBXBuildFile; fileRef = 611AC7CDF3C67779B0A44312 /* MUISliderData.swift */; };
		611AC14DBF2A6C623A624950 /* CodeEditorView.swift in Sources */ = {isa = PBXBuildFile; fileRef = 611AC4E8B3E75DD153D5C2E4 /* CodeEditorView.swift */; };
		611AC1AEF1F046D52038CCD4 /* MUIInputData.swift in Sources */ = {isa = PBXBuildFile; fileRef = 611ACC7EE131F14FC15ACF6D /* MUIInputData.swift */; };
		611AC1DF66BB2397EFD66F35 /* AppData.swift in Sources */ = {isa = PBXBuildFile; fileRef = 611AC3598949E016C699527F /* AppData.swift */; };
		611AC269958FA12716F53954 /* InputStyleEditorView.swift in Sources */ = {isa = PBXBuildFile; fileRef = 611AC55A3032A86A35A595BC /* InputStyleEditorView.swift */; };
		611AC295115FC8E44B74F878 /* MUIBackgroundData.swift in Sources */ = {isa = PBXBuildFile; fileRef = 611AC9723E4805003C713975 /* MUIBackgroundData.swift */; };
		611AC30BB8A3FFB2A43A0F20 /* MUIToggleData.swift in Sources */ = {isa = PBXBuildFile; fileRef = 611ACE25521581756F57552F /* MUIToggleData.swift */; };
		611AC3661BDA7A37E69EA3DD /* SemiModalView.swift in Sources */ = {isa = PBXBuildFile; fileRef = 611ACB4F29319C2D5FCE6018 /* SemiModalView.swift */; };
		611AC36DF27C8C4332539684 /* ColorInputCell.swift in Sources */ = {isa = PBXBuildFile; fileRef = 611ACB7573B722CF6FDCAF2B /* ColorInputCell.swift */; };
		611AC3DB846FB626A539390E /* FrameStyleEditorView.swift in Sources */ = {isa = PBXBuildFile; fileRef = 611AC6A73FA259C538FD2D95 /* FrameStyleEditorView.swift */; };
		611AC41A8C4B04EF88CA10FC /* EditorAppScrollView.swift in Sources */ = {isa = PBXBuildFile; fileRef = 611AC3B5E150EB6ECF6D34C3 /* EditorAppScrollView.swift */; };
		611AC50EA2A477228B4622DC /* RootView.swift in Sources */ = {isa = PBXBuildFile; fileRef = 611AC61EE3818318051DCD7F /* RootView.swift */; };
		611AC6813A9FB4781611D2FB /* TextInputCell.swift in Sources */ = {isa = PBXBuildFile; fileRef = 611AC73D3ABD27635C3AD11B /* TextInputCell.swift */; };
		611AC6B89FF903118E206864 /* SliderStyleEditorView.swift in Sources */ = {isa = PBXBuildFile; fileRef = 611ACF13886557C2F21E6431 /* SliderStyleEditorView.swift */; };
		611AC6BF6A5C76E607028772 /* UIFrameEditingView.swift in Sources */ = {isa = PBXBuildFile; fileRef = 611AC4002396421CCB0E21BB /* UIFrameEditingView.swift */; };
		611AC84B20151EFFC9A1ECFF /* FractionalNumberFormatter.swift in Sources */ = {isa = PBXBuildFile; fileRef = 611AC75BD7C544992EDB7C47 /* FractionalNumberFormatter.swift */; };
		611AC9158620C1D1D648EFFE /* UIStyleEditorSectionView.swift in Sources */ = {isa = PBXBuildFile; fileRef = 611ACDA76CDD8CECEFA5706B /* UIStyleEditorSectionView.swift */; };
		611AC9C0BB43470214DD0F0F /* UIStyleEditorView.swift in Sources */ = {isa = PBXBuildFile; fileRef = 611AC5F2F836397244B9EE59 /* UIStyleEditorView.swift */; };
		611AC9C150CA778BB0396569 /* Blur.swift in Sources */ = {isa = PBXBuildFile; fileRef = 611ACB488CDA865681A1829A /* Blur.swift */; };
		611ACA516A1E86F6C30A69F0 /* TextStyleEditorView.swift in Sources */ = {isa = PBXBuildFile; fileRef = 611AC5F14F3EA64CE779A531 /* TextStyleEditorView.swift */; };
		611ACA640BF4F7290E978274 /* NumberInputCell.swift in Sources */ = {isa = PBXBuildFile; fileRef = 611AC66420BF482B34E62B5D /* NumberInputCell.swift */; };
		611ACB3D5B5BFBFFF349363A /* EditorTextView.swift in Sources */ = {isa = PBXBuildFile; fileRef = 611AC448E80C6D66D44BC08D /* EditorTextView.swift */; };
		611ACB8BAAAEAE9A1AE12C67 /* MUIColor.swift in Sources */ = {isa = PBXBuildFile; fileRef = 611AC15BA2B6F884AF2DE579 /* MUIColor.swift */; };
		611ACC8E48EE25B5F7AC09DE /* MUIRect.swift in Sources */ = {isa = PBXBuildFile; fileRef = 611AC766B30678BEF162B6DC /* MUIRect.swift */; };
		611ACCADA030EEAFD6E735FF /* BackgroundStyleEditorView.swift in Sources */ = {isa = PBXBuildFile; fileRef = 611AC1A51F50DB4C7F806DB3 /* BackgroundStyleEditorView.swift */; };
		611ACDC2F1FA9EFF09FC1938 /* EditorUIOverlayView.swift in Sources */ = {isa = PBXBuildFile; fileRef = 611AC2EF51B69FE10E99CC44 /* EditorUIOverlayView.swift */; };
		611ACDE6FB3160FFD4CE0608 /* MUITextData.swift in Sources */ = {isa = PBXBuildFile; fileRef = 611AC016CEEB099431F48803 /* MUITextData.swift */; };
		611ACE330837CE075338BECD /* UISelectionView.swift in Sources */ = {isa = PBXBuildFile; fileRef = 611ACCCCAC1F2D216903CC2D /* UISelectionView.swift */; };
		611ACE7420F44E3338EB1C54 /* TextAlignmentInputCell.swift in Sources */ = {isa = PBXBuildFile; fileRef = 611AC3A4D686ACB302CF205D /* TextAlignmentInputCell.swift */; };
		611ACED9E7A11665634203A7 /* MUIFrameData.swift in Sources */ = {isa = PBXBuildFile; fileRef = 611AC13337FC1A94FF6A229A /* MUIFrameData.swift */; };
/* End PBXBuildFile section */

/* Begin PBXContainerItemProxy section */
		0E9F837B23659A2E00994789 /* PBXContainerItemProxy */ = {
			isa = PBXContainerItemProxy;
			containerPortal = 0E9F835C23659A2C00994789 /* Project object */;
			proxyType = 1;
			remoteGlobalIDString = 0E9F836323659A2C00994789;
			remoteInfo = Mallet;
		};
		0E9F838623659A2E00994789 /* PBXContainerItemProxy */ = {
			isa = PBXContainerItemProxy;
			containerPortal = 0E9F835C23659A2C00994789 /* Project object */;
			proxyType = 1;
			remoteGlobalIDString = 0E9F836323659A2C00994789;
			remoteInfo = Mallet;
		};
/* End PBXContainerItemProxy section */

/* Begin PBXCopyFilesBuildPhase section */
		0E9F848A2365A9BB00994789 /* Embed Frameworks */ = {
			isa = PBXCopyFilesBuildPhase;
			buildActionMask = 2147483647;
			dstPath = "";
			dstSubfolderSpec = 10;
			files = (
				0E9F84872365A9BB00994789 /* Realm.framework in Embed Frameworks */,
				0E9F84892365A9BB00994789 /* Swifter.framework in Embed Frameworks */,
			);
			name = "Embed Frameworks";
			runOnlyForDeploymentPostprocessing = 0;
		};
/* End PBXCopyFilesBuildPhase section */

/* Begin PBXFileReference section */
		0E2295B62374587E003DB56D /* AppSettingsView.swift */ = {isa = PBXFileReference; lastKnownFileType = sourcecode.swift; path = AppSettingsView.swift; sourceTree = "<group>"; };
		0E3659FE237EECE200294A40 /* MUI.swift */ = {isa = PBXFileReference; lastKnownFileType = sourcecode.swift; path = MUI.swift; sourceTree = "<group>"; };
		0E9C5ED52382E883001AECA7 /* MUIType.swift */ = {isa = PBXFileReference; lastKnownFileType = sourcecode.swift; path = MUIType.swift; sourceTree = "<group>"; };
		0E9F7E4623ABCC7E00C12CF1 /* EditorToolBar.swift */ = {isa = PBXFileReference; lastKnownFileType = sourcecode.swift; path = EditorToolBar.swift; sourceTree = "<group>"; };
		0E9F836423659A2C00994789 /* Mallet.app */ = {isa = PBXFileReference; explicitFileType = wrapper.application; includeInIndex = 0; path = Mallet.app; sourceTree = BUILT_PRODUCTS_DIR; };
		0E9F836723659A2C00994789 /* AppDelegate.swift */ = {isa = PBXFileReference; lastKnownFileType = sourcecode.swift; path = AppDelegate.swift; sourceTree = "<group>"; };
		0E9F836923659A2C00994789 /* SceneDelegate.swift */ = {isa = PBXFileReference; lastKnownFileType = sourcecode.swift; path = SceneDelegate.swift; sourceTree = "<group>"; };
		0E9F836D23659A2E00994789 /* Assets.xcassets */ = {isa = PBXFileReference; lastKnownFileType = folder.assetcatalog; path = Assets.xcassets; sourceTree = "<group>"; };
		0E9F837023659A2E00994789 /* Preview Assets.xcassets */ = {isa = PBXFileReference; lastKnownFileType = folder.assetcatalog; path = "Preview Assets.xcassets"; sourceTree = "<group>"; };
		0E9F837323659A2E00994789 /* Base */ = {isa = PBXFileReference; lastKnownFileType = file.storyboard; name = Base; path = Base.lproj/LaunchScreen.storyboard; sourceTree = "<group>"; };
		0E9F837523659A2E00994789 /* Info.plist */ = {isa = PBXFileReference; lastKnownFileType = text.plist.xml; path = Info.plist; sourceTree = "<group>"; };
		0E9F837A23659A2E00994789 /* MalletTests.xctest */ = {isa = PBXFileReference; explicitFileType = wrapper.cfbundle; includeInIndex = 0; path = MalletTests.xctest; sourceTree = BUILT_PRODUCTS_DIR; };
		0E9F837E23659A2E00994789 /* MalletTests.swift */ = {isa = PBXFileReference; lastKnownFileType = sourcecode.swift; path = MalletTests.swift; sourceTree = "<group>"; };
		0E9F838023659A2E00994789 /* Info.plist */ = {isa = PBXFileReference; lastKnownFileType = text.plist.xml; path = Info.plist; sourceTree = "<group>"; };
		0E9F838523659A2E00994789 /* MalletUITests.xctest */ = {isa = PBXFileReference; explicitFileType = wrapper.cfbundle; includeInIndex = 0; path = MalletUITests.xctest; sourceTree = BUILT_PRODUCTS_DIR; };
		0E9F838923659A2E00994789 /* MalletUITests.swift */ = {isa = PBXFileReference; lastKnownFileType = sourcecode.swift; path = MalletUITests.swift; sourceTree = "<group>"; };
		0E9F838B23659A2E00994789 /* Info.plist */ = {isa = PBXFileReference; lastKnownFileType = text.plist.xml; path = Info.plist; sourceTree = "<group>"; };
		0E9F83A723659E4200994789 /* HapticFeedback.swift */ = {isa = PBXFileReference; fileEncoding = 4; lastKnownFileType = sourcecode.swift; path = HapticFeedback.swift; sourceTree = "<group>"; };
		0E9F83A923659E4200994789 /* RLMSupport.swift */ = {isa = PBXFileReference; fileEncoding = 4; lastKnownFileType = sourcecode.swift; path = RLMSupport.swift; sourceTree = "<group>"; };
		0E9F83AD23659E4200994789 /* AddShortcut.swift */ = {isa = PBXFileReference; fileEncoding = 4; lastKnownFileType = sourcecode.swift; path = AddShortcut.swift; sourceTree = "<group>"; };
		0E9F841F23659EE800994789 /* StringExtension.swift */ = {isa = PBXFileReference; fileEncoding = 4; lastKnownFileType = sourcecode.swift; path = StringExtension.swift; sourceTree = "<group>"; };
		0E9F842123659F2400994789 /* Mallet-Bridging-Header.h */ = {isa = PBXFileReference; lastKnownFileType = sourcecode.c.h; path = "Mallet-Bridging-Header.h"; sourceTree = "<group>"; };
		0E9F84842365A9BB00994789 /* Realm.framework */ = {isa = PBXFileReference; lastKnownFileType = wrapper.framework; name = Realm.framework; path = Carthage/Build/iOS/Realm.framework; sourceTree = "<group>"; };
		0E9F84852365A9BB00994789 /* Swifter.framework */ = {isa = PBXFileReference; lastKnownFileType = wrapper.framework; name = Swifter.framework; path = Carthage/Build/iOS/Swifter.framework; sourceTree = "<group>"; };
		0E9F848F2365BB5100994789 /* Mallet.entitlements */ = {isa = PBXFileReference; lastKnownFileType = text.plist.entitlements; path = Mallet.entitlements; sourceTree = "<group>"; };
		0ED5BC2023816A0A0080CABD /* MUIView.swift */ = {isa = PBXFileReference; lastKnownFileType = sourcecode.swift; path = MUIView.swift; sourceTree = "<group>"; };
		0ED82DC72393DCB30054BC4C /* EditorAppView.swift */ = {isa = PBXFileReference; lastKnownFileType = sourcecode.swift; path = EditorAppView.swift; sourceTree = "<group>"; };
		0EDC9CD32369D80500AD490B /* EditorView.swift */ = {isa = PBXFileReference; lastKnownFileType = sourcecode.swift; path = EditorView.swift; sourceTree = "<group>"; };
		0EEE6D7F23672AFA00691783 /* HomeView.swift */ = {isa = PBXFileReference; lastKnownFileType = sourcecode.swift; path = HomeView.swift; sourceTree = "<group>"; };
		0EFA0A5D23841ECC00710FEA /* AppView.swift */ = {isa = PBXFileReference; lastKnownFileType = sourcecode.swift; path = AppView.swift; sourceTree = "<group>"; };
		0EFA0A6123841FAF00710FEA /* DefaultPreview.swift */ = {isa = PBXFileReference; lastKnownFileType = sourcecode.swift; path = DefaultPreview.swift; sourceTree = "<group>"; };
		611AC016CEEB099431F48803 /* MUITextData.swift */ = {isa = PBXFileReference; fileEncoding = 4; lastKnownFileType = sourcecode.swift; name = MUITextData.swift; path = Mallet/UI/MUITextData.swift; sourceTree = SOURCE_ROOT; };
		611AC13337FC1A94FF6A229A /* MUIFrameData.swift */ = {isa = PBXFileReference; fileEncoding = 4; lastKnownFileType = sourcecode.swift; path = MUIFrameData.swift; sourceTree = "<group>"; };
		611AC15BA2B6F884AF2DE579 /* MUIColor.swift */ = {isa = PBXFileReference; fileEncoding = 4; lastKnownFileType = sourcecode.swift; path = MUIColor.swift; sourceTree = "<group>"; };
		611AC1A51F50DB4C7F806DB3 /* BackgroundStyleEditorView.swift */ = {isa = PBXFileReference; fileEncoding = 4; lastKnownFileType = sourcecode.swift; path = BackgroundStyleEditorView.swift; sourceTree = "<group>"; };
		611AC2EF51B69FE10E99CC44 /* EditorUIOverlayView.swift */ = {isa = PBXFileReference; fileEncoding = 4; lastKnownFileType = sourcecode.swift; path = EditorUIOverlayView.swift; sourceTree = "<group>"; };
		611AC3598949E016C699527F /* AppData.swift */ = {isa = PBXFileReference; fileEncoding = 4; lastKnownFileType = sourcecode.swift; path = AppData.swift; sourceTree = "<group>"; };
		611AC3A4D686ACB302CF205D /* TextAlignmentInputCell.swift */ = {isa = PBXFileReference; fileEncoding = 4; lastKnownFileType = sourcecode.swift; path = TextAlignmentInputCell.swift; sourceTree = "<group>"; };
		611AC3B5E150EB6ECF6D34C3 /* EditorAppScrollView.swift */ = {isa = PBXFileReference; fileEncoding = 4; lastKnownFileType = sourcecode.swift; path = EditorAppScrollView.swift; sourceTree = "<group>"; };
		611AC4002396421CCB0E21BB /* UIFrameEditingView.swift */ = {isa = PBXFileReference; fileEncoding = 4; lastKnownFileType = sourcecode.swift; path = UIFrameEditingView.swift; sourceTree = "<group>"; };
		611AC448E80C6D66D44BC08D /* EditorTextView.swift */ = {isa = PBXFileReference; fileEncoding = 4; lastKnownFileType = sourcecode.swift; path = EditorTextView.swift; sourceTree = "<group>"; };
		611AC4E8B3E75DD153D5C2E4 /* CodeEditorView.swift */ = {isa = PBXFileReference; fileEncoding = 4; lastKnownFileType = sourcecode.swift; path = CodeEditorView.swift; sourceTree = "<group>"; };
		611AC55A3032A86A35A595BC /* InputStyleEditorView.swift */ = {isa = PBXFileReference; fileEncoding = 4; lastKnownFileType = sourcecode.swift; path = InputStyleEditorView.swift; sourceTree = "<group>"; };
		611AC5F14F3EA64CE779A531 /* TextStyleEditorView.swift */ = {isa = PBXFileReference; fileEncoding = 4; lastKnownFileType = sourcecode.swift; path = TextStyleEditorView.swift; sourceTree = "<group>"; };
		611AC5F2F836397244B9EE59 /* UIStyleEditorView.swift */ = {isa = PBXFileReference; fileEncoding = 4; lastKnownFileType = sourcecode.swift; path = UIStyleEditorView.swift; sourceTree = "<group>"; };
		611AC61EE3818318051DCD7F /* RootView.swift */ = {isa = PBXFileReference; fileEncoding = 4; lastKnownFileType = sourcecode.swift; path = RootView.swift; sourceTree = "<group>"; };
		611AC66420BF482B34E62B5D /* NumberInputCell.swift */ = {isa = PBXFileReference; fileEncoding = 4; lastKnownFileType = sourcecode.swift; path = NumberInputCell.swift; sourceTree = "<group>"; };
		611AC6A73FA259C538FD2D95 /* FrameStyleEditorView.swift */ = {isa = PBXFileReference; fileEncoding = 4; lastKnownFileType = sourcecode.swift; path = FrameStyleEditorView.swift; sourceTree = "<group>"; };
		611AC73D3ABD27635C3AD11B /* TextInputCell.swift */ = {isa = PBXFileReference; fileEncoding = 4; lastKnownFileType = sourcecode.swift; path = TextInputCell.swift; sourceTree = "<group>"; };
		611AC75BD7C544992EDB7C47 /* FractionalNumberFormatter.swift */ = {isa = PBXFileReference; fileEncoding = 4; lastKnownFileType = sourcecode.swift; path = FractionalNumberFormatter.swift; sourceTree = "<group>"; };
		611AC766B30678BEF162B6DC /* MUIRect.swift */ = {isa = PBXFileReference; fileEncoding = 4; lastKnownFileType = sourcecode.swift; path = MUIRect.swift; sourceTree = "<group>"; };
		611AC7CDF3C67779B0A44312 /* MUISliderData.swift */ = {isa = PBXFileReference; fileEncoding = 4; lastKnownFileType = sourcecode.swift; path = MUISliderData.swift; sourceTree = "<group>"; };
		611AC80DEACFC88D9AF2DBE5 /* EditorViewModel.swift */ = {isa = PBXFileReference; fileEncoding = 4; lastKnownFileType = sourcecode.swift; path = EditorViewModel.swift; sourceTree = "<group>"; };
		611AC9723E4805003C713975 /* MUIBackgroundData.swift */ = {isa = PBXFileReference; fileEncoding = 4; lastKnownFileType = sourcecode.swift; path = MUIBackgroundData.swift; sourceTree = "<group>"; };
		611AC9F3622E3B5D5F218075 /* UIStyleEditorView.swift */ = {isa = PBXFileReference; fileEncoding = 4; lastKnownFileType = sourcecode.swift; path = UIStyleEditorView.swift; sourceTree = "<group>"; };
		611ACB488CDA865681A1829A /* Blur.swift */ = {isa = PBXFileReference; fileEncoding = 4; lastKnownFileType = sourcecode.swift; path = Blur.swift; sourceTree = "<group>"; };
		611ACB4F29319C2D5FCE6018 /* SemiModalView.swift */ = {isa = PBXFileReference; fileEncoding = 4; lastKnownFileType = sourcecode.swift; path = SemiModalView.swift; sourceTree = "<group>"; };
		611ACB7573B722CF6FDCAF2B /* ColorInputCell.swift */ = {isa = PBXFileReference; fileEncoding = 4; lastKnownFileType = sourcecode.swift; path = ColorInputCell.swift; sourceTree = "<group>"; };
		611ACC7EE131F14FC15ACF6D /* MUIInputData.swift */ = {isa = PBXFileReference; fileEncoding = 4; lastKnownFileType = sourcecode.swift; path = MUIInputData.swift; sourceTree = "<group>"; };
		611ACCCCAC1F2D216903CC2D /* UISelectionView.swift */ = {isa = PBXFileReference; fileEncoding = 4; lastKnownFileType = sourcecode.swift; path = UISelectionView.swift; sourceTree = "<group>"; };
		611ACDA76CDD8CECEFA5706B /* UIStyleEditorSectionView.swift */ = {isa = PBXFileReference; fileEncoding = 4; lastKnownFileType = sourcecode.swift; path = UIStyleEditorSectionView.swift; sourceTree = "<group>"; };
		611ACE25521581756F57552F /* MUIToggleData.swift */ = {isa = PBXFileReference; fileEncoding = 4; lastKnownFileType = sourcecode.swift; path = MUIToggleData.swift; sourceTree = "<group>"; };
		611ACE6FA4C2824EE7C86EA9 /* CodeEditorView.swift */ = {isa = PBXFileReference; fileEncoding = 4; lastKnownFileType = sourcecode.swift; path = CodeEditorView.swift; sourceTree = "<group>"; };
		611ACF13886557C2F21E6431 /* SliderStyleEditorView.swift */ = {isa = PBXFileReference; fileEncoding = 4; lastKnownFileType = sourcecode.swift; path = SliderStyleEditorView.swift; sourceTree = "<group>"; };
/* End PBXFileReference section */

/* Begin PBXFrameworksBuildPhase section */
		0E9F836123659A2C00994789 /* Frameworks */ = {
			isa = PBXFrameworksBuildPhase;
			buildActionMask = 2147483647;
			files = (
				0E9F84862365A9BB00994789 /* Realm.framework in Frameworks */,
				0E9F84882365A9BB00994789 /* Swifter.framework in Frameworks */,
			);
			runOnlyForDeploymentPostprocessing = 0;
		};
		0E9F837723659A2E00994789 /* Frameworks */ = {
			isa = PBXFrameworksBuildPhase;
			buildActionMask = 2147483647;
			files = (
			);
			runOnlyForDeploymentPostprocessing = 0;
		};
		0E9F838223659A2E00994789 /* Frameworks */ = {
			isa = PBXFrameworksBuildPhase;
			buildActionMask = 2147483647;
			files = (
			);
			runOnlyForDeploymentPostprocessing = 0;
		};
/* End PBXFrameworksBuildPhase section */

/* Begin PBXGroup section */
		0E9F835B23659A2C00994789 = {
			isa = PBXGroup;
			children = (
				0E9F836623659A2C00994789 /* Mallet */,
				0E9F837D23659A2E00994789 /* MalletTests */,
				0E9F838823659A2E00994789 /* MalletUITests */,
				0E9F836523659A2C00994789 /* Products */,
				0E9F84832365A9BA00994789 /* Frameworks */,
			);
			sourceTree = "<group>";
		};
		0E9F836523659A2C00994789 /* Products */ = {
			isa = PBXGroup;
			children = (
				0E9F836423659A2C00994789 /* Mallet.app */,
				0E9F837A23659A2E00994789 /* MalletTests.xctest */,
				0E9F838523659A2E00994789 /* MalletUITests.xctest */,
			);
			name = Products;
			sourceTree = "<group>";
		};
		0E9F836623659A2C00994789 /* Mallet */ = {
			isa = PBXGroup;
			children = (
				0E9F848F2365BB5100994789 /* Mallet.entitlements */,
				0E9F83A123659B8B00994789 /* UI */,
				0E9F839723659A6500994789 /* View */,
				0E9F836723659A2C00994789 /* AppDelegate.swift */,
				0E9F836923659A2C00994789 /* SceneDelegate.swift */,
				0EFA0A6123841FAF00710FEA /* DefaultPreview.swift */,
				0E9F836D23659A2E00994789 /* Assets.xcassets */,
				0E9F837223659A2E00994789 /* LaunchScreen.storyboard */,
				0E9F837523659A2E00994789 /* Info.plist */,
				0E9F83AD23659E4200994789 /* AddShortcut.swift */,
				0E9F83A723659E4200994789 /* HapticFeedback.swift */,
				0E9F83A923659E4200994789 /* RLMSupport.swift */,
				0E9F841F23659EE800994789 /* StringExtension.swift */,
				0E9F842123659F2400994789 /* Mallet-Bridging-Header.h */,
				0E9F836F23659A2E00994789 /* Preview Content */,
				611ACC33DF81AB3D2CE17540 /* AppData */,
				611ACE1F947F48F6F01A70A1 /* ViewModel */,
				611AC75BD7C544992EDB7C47 /* FractionalNumberFormatter.swift */,
			);
			path = Mallet;
			sourceTree = "<group>";
		};
		0E9F836F23659A2E00994789 /* Preview Content */ = {
			isa = PBXGroup;
			children = (
				0E9F837023659A2E00994789 /* Preview Assets.xcassets */,
			);
			path = "Preview Content";
			sourceTree = "<group>";
		};
		0E9F837D23659A2E00994789 /* MalletTests */ = {
			isa = PBXGroup;
			children = (
				0E9F837E23659A2E00994789 /* MalletTests.swift */,
				0E9F838023659A2E00994789 /* Info.plist */,
			);
			path = MalletTests;
			sourceTree = "<group>";
		};
		0E9F838823659A2E00994789 /* MalletUITests */ = {
			isa = PBXGroup;
			children = (
				0E9F838923659A2E00994789 /* MalletUITests.swift */,
				0E9F838B23659A2E00994789 /* Info.plist */,
			);
			path = MalletUITests;
			sourceTree = "<group>";
		};
		0E9F839723659A6500994789 /* View */ = {
			isa = PBXGroup;
			children = (
				0E9F839823659A9400994789 /* Home */,
				0E9F839923659A9A00994789 /* Editor */,
				0E9F839A23659AA100994789 /* Runner */,
				611AC61EE3818318051DCD7F /* RootView.swift */,
				611ACB4F29319C2D5FCE6018 /* SemiModalView.swift */,
				611ACB488CDA865681A1829A /* Blur.swift */,
			);
			path = View;
			sourceTree = "<group>";
		};
		0E9F839823659A9400994789 /* Home */ = {
			isa = PBXGroup;
			children = (
				0EEE6D7F23672AFA00691783 /* HomeView.swift */,
			);
			path = Home;
			sourceTree = "<group>";
		};
		0E9F839923659A9A00994789 /* Editor */ = {
			isa = PBXGroup;
			children = (
				0EDC9CD32369D80500AD490B /* EditorView.swift */,
				0E9F7E4623ABCC7E00C12CF1 /* EditorToolBar.swift */,
				0ED82DC72393DCB30054BC4C /* EditorAppView.swift */,
				0E9F839D23659B0C00994789 /* AppSettings */,
				611ACCCCAC1F2D216903CC2D /* UISelectionView.swift */,
				611AC5A522FB2290C61E7DD3 /* UIEditor */,
				611AC2EF51B69FE10E99CC44 /* EditorUIOverlayView.swift */,
				611AC4002396421CCB0E21BB /* UIFrameEditingView.swift */,
				611AC3B5E150EB6ECF6D34C3 /* EditorAppScrollView.swift */,
				611AC448E80C6D66D44BC08D /* EditorTextView.swift */,
			);
			path = Editor;
			sourceTree = "<group>";
		};
		0E9F839A23659AA100994789 /* Runner */ = {
			isa = PBXGroup;
			children = (
				0EFA0A5D23841ECC00710FEA /* AppView.swift */,
			);
			path = Runner;
			sourceTree = "<group>";
		};
		0E9F839D23659B0C00994789 /* AppSettings */ = {
			isa = PBXGroup;
			children = (
				0E2295B62374587E003DB56D /* AppSettingsView.swift */,
			);
			path = AppSettings;
			sourceTree = "<group>";
		};
		0E9F83A123659B8B00994789 /* UI */ = {
			isa = PBXGroup;
			children = (
				0E3659FE237EECE200294A40 /* MUI.swift */,
				0ED5BC2023816A0A0080CABD /* MUIView.swift */,
				0E9C5ED52382E883001AECA7 /* MUIType.swift */,
				611AC766B30678BEF162B6DC /* MUIRect.swift */,
				611AC016CEEB099431F48803 /* MUITextData.swift */,
				611AC15BA2B6F884AF2DE579 /* MUIColor.swift */,
				611AC13337FC1A94FF6A229A /* MUIFrameData.swift */,
				611AC9723E4805003C713975 /* MUIBackgroundData.swift */,
				611AC7CDF3C67779B0A44312 /* MUISliderData.swift */,
				611ACE25521581756F57552F /* MUIToggleData.swift */,
				611ACC7EE131F14FC15ACF6D /* MUIInputData.swift */,
			);
			path = UI;
			sourceTree = "<group>";
		};
		0E9F84832365A9BA00994789 /* Frameworks */ = {
			isa = PBXGroup;
			children = (
				0E9F84842365A9BB00994789 /* Realm.framework */,
				0E9F84852365A9BB00994789 /* Swifter.framework */,
			);
			name = Frameworks;
			sourceTree = "<group>";
		};
		611AC5A522FB2290C61E7DD3 /* UIEditor */ = {
			isa = PBXGroup;
			children = (
				611AC9F3622E3B5D5F218075 /* UIStyleEditorView.swift */,
				611ACE6FA4C2824EE7C86EA9 /* CodeEditorView.swift */,
				611AC4E8B3E75DD153D5C2E4 /* CodeEditorView.swift */,
				611AC5F2F836397244B9EE59 /* UIStyleEditorView.swift */,
				611ACDA76CDD8CECEFA5706B /* UIStyleEditorSectionView.swift */,
				611AC5F14F3EA64CE779A531 /* TextStyleEditorView.swift */,
				611AC6A73FA259C538FD2D95 /* FrameStyleEditorView.swift */,
				611AC1A51F50DB4C7F806DB3 /* BackgroundStyleEditorView.swift */,
				611AC66420BF482B34E62B5D /* NumberInputCell.swift */,
				611AC55A3032A86A35A595BC /* InputStyleEditorView.swift */,
				611AC73D3ABD27635C3AD11B /* TextInputCell.swift */,
				611ACB7573B722CF6FDCAF2B /* ColorInputCell.swift */,
				611AC3A4D686ACB302CF205D /* TextAlignmentInputCell.swift */,
				611ACF13886557C2F21E6431 /* SliderStyleEditorView.swift */,
			);
			path = UIEditor;
			sourceTree = "<group>";
		};
		611ACC33DF81AB3D2CE17540 /* AppData */ = {
			isa = PBXGroup;
			children = (
				611AC3598949E016C699527F /* AppData.swift */,
			);
			path = AppData;
			sourceTree = "<group>";
		};
		611ACE1F947F48F6F01A70A1 /* ViewModel */ = {
			isa = PBXGroup;
			children = (
				611AC80DEACFC88D9AF2DBE5 /* EditorViewModel.swift */,
			);
			path = ViewModel;
			sourceTree = "<group>";
		};
/* End PBXGroup section */

/* Begin PBXNativeTarget section */
		0E9F836323659A2C00994789 /* Mallet */ = {
			isa = PBXNativeTarget;
			buildConfigurationList = 0E9F838E23659A2E00994789 /* Build configuration list for PBXNativeTarget "Mallet" */;
			buildPhases = (
				0E9F836023659A2C00994789 /* Sources */,
				0E9F836123659A2C00994789 /* Frameworks */,
				0E9F836223659A2C00994789 /* Resources */,
				0E9F848A2365A9BB00994789 /* Embed Frameworks */,
				0E9F848B2365A9C800994789 /* ShellScript */,
			);
			buildRules = (
			);
			dependencies = (
			);
			name = Mallet;
			productName = Mallet;
			productReference = 0E9F836423659A2C00994789 /* Mallet.app */;
			productType = "com.apple.product-type.application";
		};
		0E9F837923659A2E00994789 /* MalletTests */ = {
			isa = PBXNativeTarget;
			buildConfigurationList = 0E9F839123659A2E00994789 /* Build configuration list for PBXNativeTarget "MalletTests" */;
			buildPhases = (
				0E9F837623659A2E00994789 /* Sources */,
				0E9F837723659A2E00994789 /* Frameworks */,
				0E9F837823659A2E00994789 /* Resources */,
			);
			buildRules = (
			);
			dependencies = (
				0E9F837C23659A2E00994789 /* PBXTargetDependency */,
			);
			name = MalletTests;
			productName = MalletTests;
			productReference = 0E9F837A23659A2E00994789 /* MalletTests.xctest */;
			productType = "com.apple.product-type.bundle.unit-test";
		};
		0E9F838423659A2E00994789 /* MalletUITests */ = {
			isa = PBXNativeTarget;
			buildConfigurationList = 0E9F839423659A2E00994789 /* Build configuration list for PBXNativeTarget "MalletUITests" */;
			buildPhases = (
				0E9F838123659A2E00994789 /* Sources */,
				0E9F838223659A2E00994789 /* Frameworks */,
				0E9F838323659A2E00994789 /* Resources */,
			);
			buildRules = (
			);
			dependencies = (
				0E9F838723659A2E00994789 /* PBXTargetDependency */,
			);
			name = MalletUITests;
			productName = MalletUITests;
			productReference = 0E9F838523659A2E00994789 /* MalletUITests.xctest */;
			productType = "com.apple.product-type.bundle.ui-testing";
		};
/* End PBXNativeTarget section */

/* Begin PBXProject section */
		0E9F835C23659A2C00994789 /* Project object */ = {
			isa = PBXProject;
			attributes = {
				LastSwiftUpdateCheck = 1110;
				LastUpgradeCheck = 1110;
				ORGANIZATIONNAME = "Katsu Matsuda";
				TargetAttributes = {
					0E9F836323659A2C00994789 = {
						CreatedOnToolsVersion = 11.1;
						LastSwiftMigration = 1110;
					};
					0E9F837923659A2E00994789 = {
						CreatedOnToolsVersion = 11.1;
						TestTargetID = 0E9F836323659A2C00994789;
					};
					0E9F838423659A2E00994789 = {
						CreatedOnToolsVersion = 11.1;
						TestTargetID = 0E9F836323659A2C00994789;
					};
				};
			};
			buildConfigurationList = 0E9F835F23659A2C00994789 /* Build configuration list for PBXProject "Mallet" */;
			compatibilityVersion = "Xcode 9.3";
			developmentRegion = en;
			hasScannedForEncodings = 0;
			knownRegions = (
				en,
				Base,
			);
			mainGroup = 0E9F835B23659A2C00994789;
			productRefGroup = 0E9F836523659A2C00994789 /* Products */;
			projectDirPath = "";
			projectRoot = "";
			targets = (
				0E9F836323659A2C00994789 /* Mallet */,
				0E9F837923659A2E00994789 /* MalletTests */,
				0E9F838423659A2E00994789 /* MalletUITests */,
			);
		};
/* End PBXProject section */

/* Begin PBXResourcesBuildPhase section */
		0E9F836223659A2C00994789 /* Resources */ = {
			isa = PBXResourcesBuildPhase;
			buildActionMask = 2147483647;
			files = (
				0E9F837423659A2E00994789 /* LaunchScreen.storyboard in Resources */,
				0E9F837123659A2E00994789 /* Preview Assets.xcassets in Resources */,
				0E9F836E23659A2E00994789 /* Assets.xcassets in Resources */,
			);
			runOnlyForDeploymentPostprocessing = 0;
		};
		0E9F837823659A2E00994789 /* Resources */ = {
			isa = PBXResourcesBuildPhase;
			buildActionMask = 2147483647;
			files = (
			);
			runOnlyForDeploymentPostprocessing = 0;
		};
		0E9F838323659A2E00994789 /* Resources */ = {
			isa = PBXResourcesBuildPhase;
			buildActionMask = 2147483647;
			files = (
			);
			runOnlyForDeploymentPostprocessing = 0;
		};
/* End PBXResourcesBuildPhase section */

/* Begin PBXShellScriptBuildPhase section */
		0E9F848B2365A9C800994789 /* ShellScript */ = {
			isa = PBXShellScriptBuildPhase;
			buildActionMask = 2147483647;
			files = (
			);
			inputFileListPaths = (
			);
			inputPaths = (
				"$(SRCROOT)/Carthage/Build/iOS/Swifter.framework",
				"$(SRCROOT)/Carthage/Build/iOS/Realm.framework",
			);
			outputFileListPaths = (
			);
			outputPaths = (
			);
			runOnlyForDeploymentPostprocessing = 0;
			shellPath = /bin/sh;
			shellScript = "# Type a script or drag a script file from your workspace to insert its path.\n\n/usr/local/bin/carthage copy-frameworks\n";
		};
/* End PBXShellScriptBuildPhase section */

/* Begin PBXSourcesBuildPhase section */
		0E9F836023659A2C00994789 /* Sources */ = {
			isa = PBXSourcesBuildPhase;
			buildActionMask = 2147483647;
			files = (
				0E9F7E4723ABCC7E00C12CF1 /* EditorToolBar.swift in Sources */,
				0ED82DC82393DCB30054BC4C /* EditorAppView.swift in Sources */,
				0E9F842023659EE800994789 /* StringExtension.swift in Sources */,
				0E9F83B623659E4300994789 /* AddShortcut.swift in Sources */,
				0E3659FF237EECE200294A40 /* MUI.swift in Sources */,
				0E9F836823659A2C00994789 /* AppDelegate.swift in Sources */,
				0EDC9CD42369D80500AD490B /* EditorView.swift in Sources */,
				0EEE6D8023672AFA00691783 /* HomeView.swift in Sources */,
				0E2295B72374587E003DB56D /* AppSettingsView.swift in Sources */,
				0E9F836A23659A2C00994789 /* SceneDelegate.swift in Sources */,
				0EFA0A6223841FAF00710FEA /* DefaultPreview.swift in Sources */,
				0ED5BC2123816A0A0080CABD /* MUIView.swift in Sources */,
				0EFA0A5E23841ECC00710FEA /* AppView.swift in Sources */,
				0E9F83B223659E4300994789 /* RLMSupport.swift in Sources */,
				0E9C5ED62382E883001AECA7 /* MUIType.swift in Sources */,
				0E9F83B023659E4300994789 /* HapticFeedback.swift in Sources */,
				611ACC8E48EE25B5F7AC09DE /* MUIRect.swift in Sources */,
				611ACE330837CE075338BECD /* UISelectionView.swift in Sources */,
				611AC1DF66BB2397EFD66F35 /* AppData.swift in Sources */,
				611AC0CF3A1826A21F6B697A /* EditorViewModel.swift in Sources */,
				611AC50EA2A477228B4622DC /* RootView.swift in Sources */,
				611AC0B9379D048679615D55 /* UIStyleEditorView.swift in Sources */,
				611AC0EE11AE918BD9DDF465 /* CodeEditorView.swift in Sources */,
				611ACDC2F1FA9EFF09FC1938 /* EditorUIOverlayView.swift in Sources */,
				611AC6BF6A5C76E607028772 /* UIFrameEditingView.swift in Sources */,
				611AC41A8C4B04EF88CA10FC /* EditorAppScrollView.swift in Sources */,
				611AC3661BDA7A37E69EA3DD /* SemiModalView.swift in Sources */,
				611ACDE6FB3160FFD4CE0608 /* MUITextData.swift in Sources */,
				611ACB3D5B5BFBFFF349363A /* EditorTextView.swift in Sources */,
				611AC14DBF2A6C623A624950 /* CodeEditorView.swift in Sources */,
				611AC9C0BB43470214DD0F0F /* UIStyleEditorView.swift in Sources */,
				611AC9C150CA778BB0396569 /* Blur.swift in Sources */,
				611AC84B20151EFFC9A1ECFF /* FractionalNumberFormatter.swift in Sources */,
				611AC9158620C1D1D648EFFE /* UIStyleEditorSectionView.swift in Sources */,
				611ACA516A1E86F6C30A69F0 /* TextStyleEditorView.swift in Sources */,
				611AC3DB846FB626A539390E /* FrameStyleEditorView.swift in Sources */,
				611ACCADA030EEAFD6E735FF /* BackgroundStyleEditorView.swift in Sources */,
				611ACA640BF4F7290E978274 /* NumberInputCell.swift in Sources */,
				611ACB8BAAAEAE9A1AE12C67 /* MUIColor.swift in Sources */,
				611ACED9E7A11665634203A7 /* MUIFrameData.swift in Sources */,
				611AC295115FC8E44B74F878 /* MUIBackgroundData.swift in Sources */,
				611AC13AF8F7ABDFDC7C29B5 /* MUISliderData.swift in Sources */,
				611AC30BB8A3FFB2A43A0F20 /* MUIToggleData.swift in Sources */,
				611AC1AEF1F046D52038CCD4 /* MUIInputData.swift in Sources */,
				611AC269958FA12716F53954 /* InputStyleEditorView.swift in Sources */,
				611AC6813A9FB4781611D2FB /* TextInputCell.swift in Sources */,
				611AC36DF27C8C4332539684 /* ColorInputCell.swift in Sources */,
				611ACE7420F44E3338EB1C54 /* TextAlignmentInputCell.swift in Sources */,
				611AC6B89FF903118E206864 /* SliderStyleEditorView.swift in Sources */,
			);
			runOnlyForDeploymentPostprocessing = 0;
		};
		0E9F837623659A2E00994789 /* Sources */ = {
			isa = PBXSourcesBuildPhase;
			buildActionMask = 2147483647;
			files = (
				0E9F837F23659A2E00994789 /* MalletTests.swift in Sources */,
			);
			runOnlyForDeploymentPostprocessing = 0;
		};
		0E9F838123659A2E00994789 /* Sources */ = {
			isa = PBXSourcesBuildPhase;
			buildActionMask = 2147483647;
			files = (
				0E9F838A23659A2E00994789 /* MalletUITests.swift in Sources */,
			);
			runOnlyForDeploymentPostprocessing = 0;
		};
/* End PBXSourcesBuildPhase section */

/* Begin PBXTargetDependency section */
		0E9F837C23659A2E00994789 /* PBXTargetDependency */ = {
			isa = PBXTargetDependency;
			target = 0E9F836323659A2C00994789 /* Mallet */;
			targetProxy = 0E9F837B23659A2E00994789 /* PBXContainerItemProxy */;
		};
		0E9F838723659A2E00994789 /* PBXTargetDependency */ = {
			isa = PBXTargetDependency;
			target = 0E9F836323659A2C00994789 /* Mallet */;
			targetProxy = 0E9F838623659A2E00994789 /* PBXContainerItemProxy */;
		};
/* End PBXTargetDependency section */

/* Begin PBXVariantGroup section */
		0E9F837223659A2E00994789 /* LaunchScreen.storyboard */ = {
			isa = PBXVariantGroup;
			children = (
				0E9F837323659A2E00994789 /* Base */,
			);
			name = LaunchScreen.storyboard;
			sourceTree = "<group>";
		};
/* End PBXVariantGroup section */

/* Begin XCBuildConfiguration section */
		0E9F838C23659A2E00994789 /* Debug */ = {
			isa = XCBuildConfiguration;
			buildSettings = {
				ALWAYS_SEARCH_USER_PATHS = NO;
				CLANG_ANALYZER_NONNULL = YES;
				CLANG_ANALYZER_NUMBER_OBJECT_CONVERSION = YES_AGGRESSIVE;
				CLANG_CXX_LANGUAGE_STANDARD = "gnu++17";
				CLANG_CXX_LIBRARY = "libc++";
				CLANG_ENABLE_MODULES = YES;
				CLANG_ENABLE_OBJC_ARC = YES;
				CLANG_ENABLE_OBJC_WEAK = YES;
				CLANG_WARN_BLOCK_CAPTURE_AUTORELEASING = YES;
				CLANG_WARN_BOOL_CONVERSION = YES;
				CLANG_WARN_COMMA = YES;
				CLANG_WARN_CONSTANT_CONVERSION = YES;
				CLANG_WARN_DEPRECATED_OBJC_IMPLEMENTATIONS = YES;
				CLANG_WARN_DIRECT_OBJC_ISA_USAGE = YES_ERROR;
				CLANG_WARN_DOCUMENTATION_COMMENTS = YES;
				CLANG_WARN_EMPTY_BODY = YES;
				CLANG_WARN_ENUM_CONVERSION = YES;
				CLANG_WARN_INFINITE_RECURSION = YES;
				CLANG_WARN_INT_CONVERSION = YES;
				CLANG_WARN_NON_LITERAL_NULL_CONVERSION = YES;
				CLANG_WARN_OBJC_IMPLICIT_RETAIN_SELF = YES;
				CLANG_WARN_OBJC_LITERAL_CONVERSION = YES;
				CLANG_WARN_OBJC_ROOT_CLASS = YES_ERROR;
				CLANG_WARN_RANGE_LOOP_ANALYSIS = YES;
				CLANG_WARN_STRICT_PROTOTYPES = YES;
				CLANG_WARN_SUSPICIOUS_MOVE = YES;
				CLANG_WARN_UNGUARDED_AVAILABILITY = YES_AGGRESSIVE;
				CLANG_WARN_UNREACHABLE_CODE = YES;
				CLANG_WARN__DUPLICATE_METHOD_MATCH = YES;
				COPY_PHASE_STRIP = NO;
				DEBUG_INFORMATION_FORMAT = dwarf;
				ENABLE_STRICT_OBJC_MSGSEND = YES;
				ENABLE_TESTABILITY = YES;
				GCC_C_LANGUAGE_STANDARD = gnu11;
				GCC_DYNAMIC_NO_PIC = NO;
				GCC_NO_COMMON_BLOCKS = YES;
				GCC_OPTIMIZATION_LEVEL = 0;
				GCC_PREPROCESSOR_DEFINITIONS = (
					"DEBUG=1",
					"$(inherited)",
				);
				GCC_WARN_64_TO_32_BIT_CONVERSION = YES;
				GCC_WARN_ABOUT_RETURN_TYPE = YES_ERROR;
				GCC_WARN_UNDECLARED_SELECTOR = YES;
				GCC_WARN_UNINITIALIZED_AUTOS = YES_AGGRESSIVE;
				GCC_WARN_UNUSED_FUNCTION = YES;
				GCC_WARN_UNUSED_VARIABLE = YES;
				IPHONEOS_DEPLOYMENT_TARGET = 13.1;
				MTL_ENABLE_DEBUG_INFO = INCLUDE_SOURCE;
				MTL_FAST_MATH = YES;
				ONLY_ACTIVE_ARCH = YES;
				SDKROOT = iphoneos;
				SWIFT_ACTIVE_COMPILATION_CONDITIONS = DEBUG;
				SWIFT_OPTIMIZATION_LEVEL = "-Onone";
			};
			name = Debug;
		};
		0E9F838D23659A2E00994789 /* Release */ = {
			isa = XCBuildConfiguration;
			buildSettings = {
				ALWAYS_SEARCH_USER_PATHS = NO;
				CLANG_ANALYZER_NONNULL = YES;
				CLANG_ANALYZER_NUMBER_OBJECT_CONVERSION = YES_AGGRESSIVE;
				CLANG_CXX_LANGUAGE_STANDARD = "gnu++17";
				CLANG_CXX_LIBRARY = "libc++";
				CLANG_ENABLE_MODULES = YES;
				CLANG_ENABLE_OBJC_ARC = YES;
				CLANG_ENABLE_OBJC_WEAK = YES;
				CLANG_WARN_BLOCK_CAPTURE_AUTORELEASING = YES;
				CLANG_WARN_BOOL_CONVERSION = YES;
				CLANG_WARN_COMMA = YES;
				CLANG_WARN_CONSTANT_CONVERSION = YES;
				CLANG_WARN_DEPRECATED_OBJC_IMPLEMENTATIONS = YES;
				CLANG_WARN_DIRECT_OBJC_ISA_USAGE = YES_ERROR;
				CLANG_WARN_DOCUMENTATION_COMMENTS = YES;
				CLANG_WARN_EMPTY_BODY = YES;
				CLANG_WARN_ENUM_CONVERSION = YES;
				CLANG_WARN_INFINITE_RECURSION = YES;
				CLANG_WARN_INT_CONVERSION = YES;
				CLANG_WARN_NON_LITERAL_NULL_CONVERSION = YES;
				CLANG_WARN_OBJC_IMPLICIT_RETAIN_SELF = YES;
				CLANG_WARN_OBJC_LITERAL_CONVERSION = YES;
				CLANG_WARN_OBJC_ROOT_CLASS = YES_ERROR;
				CLANG_WARN_RANGE_LOOP_ANALYSIS = YES;
				CLANG_WARN_STRICT_PROTOTYPES = YES;
				CLANG_WARN_SUSPICIOUS_MOVE = YES;
				CLANG_WARN_UNGUARDED_AVAILABILITY = YES_AGGRESSIVE;
				CLANG_WARN_UNREACHABLE_CODE = YES;
				CLANG_WARN__DUPLICATE_METHOD_MATCH = YES;
				COPY_PHASE_STRIP = NO;
				DEBUG_INFORMATION_FORMAT = "dwarf-with-dsym";
				ENABLE_NS_ASSERTIONS = NO;
				ENABLE_STRICT_OBJC_MSGSEND = YES;
				GCC_C_LANGUAGE_STANDARD = gnu11;
				GCC_NO_COMMON_BLOCKS = YES;
				GCC_WARN_64_TO_32_BIT_CONVERSION = YES;
				GCC_WARN_ABOUT_RETURN_TYPE = YES_ERROR;
				GCC_WARN_UNDECLARED_SELECTOR = YES;
				GCC_WARN_UNINITIALIZED_AUTOS = YES_AGGRESSIVE;
				GCC_WARN_UNUSED_FUNCTION = YES;
				GCC_WARN_UNUSED_VARIABLE = YES;
				IPHONEOS_DEPLOYMENT_TARGET = 13.1;
				MTL_ENABLE_DEBUG_INFO = NO;
				MTL_FAST_MATH = YES;
				SDKROOT = iphoneos;
				SWIFT_COMPILATION_MODE = wholemodule;
				SWIFT_OPTIMIZATION_LEVEL = "-O";
				VALIDATE_PRODUCT = YES;
			};
			name = Release;
		};
		0E9F838F23659A2E00994789 /* Debug */ = {
			isa = XCBuildConfiguration;
			buildSettings = {
				ASSETCATALOG_COMPILER_APPICON_NAME = AppIcon;
				CLANG_ENABLE_MODULES = YES;
				CODE_SIGN_ENTITLEMENTS = Mallet/Mallet.entitlements;
				CODE_SIGN_STYLE = Automatic;
				DEVELOPMENT_ASSET_PATHS = "\"Mallet/Preview Content\"";
				DEVELOPMENT_TEAM = T437NKTG46;
				ENABLE_PREVIEWS = YES;
				FRAMEWORK_SEARCH_PATHS = (
					"$(inherited)",
					"$(PROJECT_DIR)/Carthage/Build/iOS",
				);
				INFOPLIST_FILE = Mallet/Info.plist;
				IPHONEOS_DEPLOYMENT_TARGET = 13.0;
				LD_RUNPATH_SEARCH_PATHS = (
					"$(inherited)",
					"@executable_path/Frameworks",
				);
				MARKETING_VERSION = 0.2;
				PRODUCT_BUNDLE_IDENTIFIER = app.mallet.mallet;
				PRODUCT_NAME = "$(TARGET_NAME)";
				SWIFT_OBJC_BRIDGING_HEADER = "Mallet/Mallet-Bridging-Header.h";
				SWIFT_OPTIMIZATION_LEVEL = "-Onone";
				SWIFT_VERSION = 5.0;
				TARGETED_DEVICE_FAMILY = "1,2";
			};
			name = Debug;
		};
		0E9F839023659A2E00994789 /* Release */ = {
			isa = XCBuildConfiguration;
			buildSettings = {
				ASSETCATALOG_COMPILER_APPICON_NAME = AppIcon;
				CLANG_ENABLE_MODULES = YES;
				CODE_SIGN_ENTITLEMENTS = Mallet/Mallet.entitlements;
				CODE_SIGN_STYLE = Automatic;
				DEVELOPMENT_ASSET_PATHS = "\"Mallet/Preview Content\"";
				DEVELOPMENT_TEAM = T437NKTG46;
				ENABLE_PREVIEWS = YES;
				FRAMEWORK_SEARCH_PATHS = (
					"$(inherited)",
					"$(PROJECT_DIR)/Carthage/Build/iOS",
				);
				INFOPLIST_FILE = Mallet/Info.plist;
				IPHONEOS_DEPLOYMENT_TARGET = 13.0;
				LD_RUNPATH_SEARCH_PATHS = (
					"$(inherited)",
					"@executable_path/Frameworks",
				);
				MARKETING_VERSION = 0.2;
				PRODUCT_BUNDLE_IDENTIFIER = app.mallet.mallet;
				PRODUCT_NAME = "$(TARGET_NAME)";
				SWIFT_OBJC_BRIDGING_HEADER = "Mallet/Mallet-Bridging-Header.h";
				SWIFT_VERSION = 5.0;
				TARGETED_DEVICE_FAMILY = "1,2";
			};
			name = Release;
		};
		0E9F839223659A2E00994789 /* Debug */ = {
			isa = XCBuildConfiguration;
			buildSettings = {
				ALWAYS_EMBED_SWIFT_STANDARD_LIBRARIES = YES;
				BUNDLE_LOADER = "$(TEST_HOST)";
				CODE_SIGN_STYLE = Automatic;
				DEVELOPMENT_TEAM = T437NKTG46;
				INFOPLIST_FILE = MalletTests/Info.plist;
				IPHONEOS_DEPLOYMENT_TARGET = 13.1;
				LD_RUNPATH_SEARCH_PATHS = (
					"$(inherited)",
					"@executable_path/Frameworks",
					"@loader_path/Frameworks",
				);
				PRODUCT_BUNDLE_IDENTIFIER = app.mallet.MalletTests;
				PRODUCT_NAME = "$(TARGET_NAME)";
				SWIFT_VERSION = 5.0;
				TARGETED_DEVICE_FAMILY = "1,2";
				TEST_HOST = "$(BUILT_PRODUCTS_DIR)/Mallet.app/Mallet";
			};
			name = Debug;
		};
		0E9F839323659A2E00994789 /* Release */ = {
			isa = XCBuildConfiguration;
			buildSettings = {
				ALWAYS_EMBED_SWIFT_STANDARD_LIBRARIES = YES;
				BUNDLE_LOADER = "$(TEST_HOST)";
				CODE_SIGN_STYLE = Automatic;
				DEVELOPMENT_TEAM = T437NKTG46;
				INFOPLIST_FILE = MalletTests/Info.plist;
				IPHONEOS_DEPLOYMENT_TARGET = 13.1;
				LD_RUNPATH_SEARCH_PATHS = (
					"$(inherited)",
					"@executable_path/Frameworks",
					"@loader_path/Frameworks",
				);
				PRODUCT_BUNDLE_IDENTIFIER = app.mallet.MalletTests;
				PRODUCT_NAME = "$(TARGET_NAME)";
				SWIFT_VERSION = 5.0;
				TARGETED_DEVICE_FAMILY = "1,2";
				TEST_HOST = "$(BUILT_PRODUCTS_DIR)/Mallet.app/Mallet";
			};
			name = Release;
		};
		0E9F839523659A2E00994789 /* Debug */ = {
			isa = XCBuildConfiguration;
			buildSettings = {
				ALWAYS_EMBED_SWIFT_STANDARD_LIBRARIES = YES;
				CODE_SIGN_STYLE = Automatic;
				DEVELOPMENT_TEAM = T437NKTG46;
				INFOPLIST_FILE = MalletUITests/Info.plist;
				LD_RUNPATH_SEARCH_PATHS = (
					"$(inherited)",
					"@executable_path/Frameworks",
					"@loader_path/Frameworks",
				);
				PRODUCT_BUNDLE_IDENTIFIER = app.mallet.MalletUITests;
				PRODUCT_NAME = "$(TARGET_NAME)";
				SWIFT_VERSION = 5.0;
				TARGETED_DEVICE_FAMILY = "1,2";
				TEST_TARGET_NAME = Mallet;
			};
			name = Debug;
		};
		0E9F839623659A2E00994789 /* Release */ = {
			isa = XCBuildConfiguration;
			buildSettings = {
				ALWAYS_EMBED_SWIFT_STANDARD_LIBRARIES = YES;
				CODE_SIGN_STYLE = Automatic;
				DEVELOPMENT_TEAM = T437NKTG46;
				INFOPLIST_FILE = MalletUITests/Info.plist;
				LD_RUNPATH_SEARCH_PATHS = (
					"$(inherited)",
					"@executable_path/Frameworks",
					"@loader_path/Frameworks",
				);
				PRODUCT_BUNDLE_IDENTIFIER = app.mallet.MalletUITests;
				PRODUCT_NAME = "$(TARGET_NAME)";
				SWIFT_VERSION = 5.0;
				TARGETED_DEVICE_FAMILY = "1,2";
				TEST_TARGET_NAME = Mallet;
			};
			name = Release;
		};
/* End XCBuildConfiguration section */

/* Begin XCConfigurationList section */
		0E9F835F23659A2C00994789 /* Build configuration list for PBXProject "Mallet" */ = {
			isa = XCConfigurationList;
			buildConfigurations = (
				0E9F838C23659A2E00994789 /* Debug */,
				0E9F838D23659A2E00994789 /* Release */,
			);
			defaultConfigurationIsVisible = 0;
			defaultConfigurationName = Release;
		};
		0E9F838E23659A2E00994789 /* Build configuration list for PBXNativeTarget "Mallet" */ = {
			isa = XCConfigurationList;
			buildConfigurations = (
				0E9F838F23659A2E00994789 /* Debug */,
				0E9F839023659A2E00994789 /* Release */,
			);
			defaultConfigurationIsVisible = 0;
			defaultConfigurationName = Release;
		};
		0E9F839123659A2E00994789 /* Build configuration list for PBXNativeTarget "MalletTests" */ = {
			isa = XCConfigurationList;
			buildConfigurations = (
				0E9F839223659A2E00994789 /* Debug */,
				0E9F839323659A2E00994789 /* Release */,
			);
			defaultConfigurationIsVisible = 0;
			defaultConfigurationName = Release;
		};
		0E9F839423659A2E00994789 /* Build configuration list for PBXNativeTarget "MalletUITests" */ = {
			isa = XCConfigurationList;
			buildConfigurations = (
				0E9F839523659A2E00994789 /* Debug */,
				0E9F839623659A2E00994789 /* Release */,
			);
			defaultConfigurationIsVisible = 0;
			defaultConfigurationName = Release;
		};
/* End XCConfigurationList section */
	};
	rootObject = 0E9F835C23659A2C00994789 /* Project object */;
}
