// !$*UTF8*$!
{
	archiveVersion = 1;
	classes = {
	};
	objectVersion = 52;
	objects = {

/* Begin PBXBuildFile section */
		00BDDF13E242AE00B04073F9 /* EditorView.swift in Sources */ = {isa = PBXBuildFile; fileRef = 35435DDED8EDD9D3F7A0BFF6 /* EditorView.swift */; };
		029131DA2BC16C6B0818D9DB /* ListSection.swift in Sources */ = {isa = PBXBuildFile; fileRef = 964DC6437685893D70BBF587 /* ListSection.swift */; };
		039F3C074DB0DBF51A905D1F /* RootView.swift in Sources */ = {isa = PBXBuildFile; fileRef = D6066E934D4092DEED97A89C /* RootView.swift */; };
		041854228BAB13DAC27CB508 /* BackgroundStyleEditorView.swift in Sources */ = {isa = PBXBuildFile; fileRef = B4C3671125AA8C0D6713D8FF /* BackgroundStyleEditorView.swift */; };
		04FF14FF9B0C344C6C24FB12 /* ColorView.swift in Sources */ = {isa = PBXBuildFile; fileRef = 745964262E7B3FA64F34FDE3 /* ColorView.swift */; };
		05A6D8BB9E5800912B639DDE /* UISelectionView.swift in Sources */ = {isa = PBXBuildFile; fileRef = D240DA61B77AAEB41B2FA1A0 /* UISelectionView.swift */; };
		087026E0E1AFAA38F072DC5D /* DefaultPreview.swift in Sources */ = {isa = PBXBuildFile; fileRef = E37F87C4E3ED28F0B4AC293F /* DefaultPreview.swift */; };
		091CD0F0D1E81C1F17D4C961 /* FractionalNumberFormatter.swift in Sources */ = {isa = PBXBuildFile; fileRef = 7B5FEE2FA71F36C9343FF187 /* FractionalNumberFormatter.swift */; };
		0E0D757624AF667E001401B5 /* WidgetKit.framework in Frameworks */ = {isa = PBXBuildFile; fileRef = 0E0D757524AF667E001401B5 /* WidgetKit.framework */; };
		0E0D757824AF667E001401B5 /* SwiftUI.framework in Frameworks */ = {isa = PBXBuildFile; fileRef = 0E0D757724AF667E001401B5 /* SwiftUI.framework */; };
		0E0D757B24AF667E001401B5 /* MalletWidget.swift in Sources */ = {isa = PBXBuildFile; fileRef = 0E0D757A24AF667E001401B5 /* MalletWidget.swift */; };
		0E0D757E24AF667F001401B5 /* Assets.xcassets in Resources */ = {isa = PBXBuildFile; fileRef = 0E0D757D24AF667F001401B5 /* Assets.xcassets */; };
		0E0D758024AF667F001401B5 /* MalletWidget.intentdefinition in Sources */ = {isa = PBXBuildFile; fileRef = 0E0D757C24AF667E001401B5 /* MalletWidget.intentdefinition */; };
		0E0D758124AF667F001401B5 /* MalletWidget.intentdefinition in Sources */ = {isa = PBXBuildFile; fileRef = 0E0D757C24AF667E001401B5 /* MalletWidget.intentdefinition */; };
		0E0D758424AF667F001401B5 /* MalletWidgetExtension.appex in Embed App Extensions */ = {isa = PBXBuildFile; fileRef = 0E0D757424AF667E001401B5 /* MalletWidgetExtension.appex */; settings = {ATTRIBUTES = (RemoveHeadersOnCopy, ); }; };
		1184D26360115AFD65B09615 /* Storage.swift in Sources */ = {isa = PBXBuildFile; fileRef = A6A4EE9743D901A72DCBE7AA /* Storage.swift */; };
		11914AA0E40143961F49F4D4 /* ButtonStyleEditorView.swift in Sources */ = {isa = PBXBuildFile; fileRef = 890EB19A13AE7A01AA2C9951 /* ButtonStyleEditorView.swift */; };
		1872F8BE7F8ED20B05DC551D /* HomeView.swift in Sources */ = {isa = PBXBuildFile; fileRef = 2EDF509EECE57FCC1A8AAF74 /* HomeView.swift */; };
		193E13B02D71CFA93264743F /* ColorInputCell.swift in Sources */ = {isa = PBXBuildFile; fileRef = AE893BB74A417725B0607BC5 /* ColorInputCell.swift */; };
		1A86377B7DA77156B429CBFA /* FrameStyleEditorView.swift in Sources */ = {isa = PBXBuildFile; fileRef = 01379A170AFD8336E7BE020B /* FrameStyleEditorView.swift */; };
		1F4AF6D013028AA7F6E74833 /* AppViewModel.swift in Sources */ = {isa = PBXBuildFile; fileRef = 0A1F950273FE51204C866123 /* AppViewModel.swift */; };
		21728ACEA1E2F4EF01B7C9E9 /* SettingsView.swift in Sources */ = {isa = PBXBuildFile; fileRef = D22E38210790B4A030832B4C /* SettingsView.swift */; };
		26316382B03E0A5C8ADC5747 /* Preview Assets.xcassets in Resources */ = {isa = PBXBuildFile; fileRef = 7997444651023D70768B263F /* Preview Assets.xcassets */; };
		2939EA7FC03CC22BBECD89D9 /* StringExtension.swift in Sources */ = {isa = PBXBuildFile; fileRef = E15A184F087300EA5FE574B5 /* StringExtension.swift */; };
		3346CBDBD9807E833F46AC85 /* UIFrameEditingView.swift in Sources */ = {isa = PBXBuildFile; fileRef = 8C932F2B493DCBBA5E63A4EF /* UIFrameEditingView.swift */; };
		3431719EACBF9279C08708E6 /* EditorTextView.swift in Sources */ = {isa = PBXBuildFile; fileRef = E01C042E950AD363CD36C381 /* EditorTextView.swift */; };
		3633F86940EBAE7CA4354FCB /* MUIToggleData.swift in Sources */ = {isa = PBXBuildFile; fileRef = FF7883B1251CDA71093CCEF3 /* MUIToggleData.swift */; };
		36D198638DF22B89E1A69B26 /* CodeEditorView.swift in Sources */ = {isa = PBXBuildFile; fileRef = 1FE6C95DC6A5291D0A13F01B /* CodeEditorView.swift */; };
		3B080626DFB36AA49BB4A3FC /* AppViewModel+MUISliderController.swift in Sources */ = {isa = PBXBuildFile; fileRef = F02E3108B96003EA448FB1BE /* AppViewModel+MUISliderController.swift */; };
		400639128A1F884449E8A756 /* UIApplication+topViewController.swift in Sources */ = {isa = PBXBuildFile; fileRef = 03BD6673FBF6137B95D5DD95 /* UIApplication+topViewController.swift */; };
		42C382731B88248708363A8E /* UIStyleEditorView.swift in Sources */ = {isa = PBXBuildFile; fileRef = 3DA87207150811051213DCAF /* UIStyleEditorView.swift */; };
		44042A30E99B8A84A750AD2F /* EditorAppView.swift in Sources */ = {isa = PBXBuildFile; fileRef = B3BE22BD59DC1FC9BA451643 /* EditorAppView.swift */; };
		468C83E42C374BF069D83C63 /* TextEditorTextView.swift in Sources */ = {isa = PBXBuildFile; fileRef = 60AEDDFB83B3CFBB74E42644 /* TextEditorTextView.swift */; };
		480A44D002BA85C56053D7B9 /* SliderStyleEditorView.swift in Sources */ = {isa = PBXBuildFile; fileRef = 2EDB4CDA79D19814B2A1A0E8 /* SliderStyleEditorView.swift */; };
		4891659BA171D3245D8BD80B /* AppViewModel+MUITextController.swift in Sources */ = {isa = PBXBuildFile; fileRef = BCEA003ADE83AAFA4079707F /* AppViewModel+MUITextController.swift */; };
		506B150CC954E8068E6F314A /* TextEditorView.swift in Sources */ = {isa = PBXBuildFile; fileRef = 3380C29865E01A76C896E5F6 /* TextEditorView.swift */; };
		5526FE257E123BCA5BAD0A7E /* MUIFrameData.swift in Sources */ = {isa = PBXBuildFile; fileRef = 2176504458A712509800443C /* MUIFrameData.swift */; };
		5937F01F818648DAC113654A /* ColorSelectView.swift in Sources */ = {isa = PBXBuildFile; fileRef = DBFD4F9E567378EEE3C50D8C /* ColorSelectView.swift */; };
		597E24971089FC52BFF2782C /* BoolInputCell.swift in Sources */ = {isa = PBXBuildFile; fileRef = 459051F17547A64E839F63D4 /* BoolInputCell.swift */; };
		5A4AF102B85DEBF7F5AE0889 /* TextAlignmentInputCell.swift in Sources */ = {isa = PBXBuildFile; fileRef = 3158CB4B9FA0920760CA553E /* TextAlignmentInputCell.swift */; };
		5F9F6D5FAD1A070E49B89422 /* StatusBar.swift in Sources */ = {isa = PBXBuildFile; fileRef = 8968578F8AFC83B04D8A71BF /* StatusBar.swift */; };
		62221364C6EF2EB05B3D4790 /* RootViewModel.swift in Sources */ = {isa = PBXBuildFile; fileRef = 14FCB524D37732A17095229B /* RootViewModel.swift */; };
		675629FFB6D4BD6A2DA03346 /* MalletTests.swift in Sources */ = {isa = PBXBuildFile; fileRef = 1391295CB0773F2C8D8988DD /* MalletTests.swift */; };
		69F61C630B5195DEBD36676E /* AppViewModel+MUITextFieldController.swift in Sources */ = {isa = PBXBuildFile; fileRef = C745A0AA7F9F16F710F5462A /* AppViewModel+MUITextFieldController.swift */; };
		6B9FC5D8789BD19101B240C7 /* MUIAction.swift in Sources */ = {isa = PBXBuildFile; fileRef = C2FCB04D06F0BA2510E9EDAC /* MUIAction.swift */; };
		6D33B4070F34C0159671E720 /* LaunchScreen.storyboard in Resources */ = {isa = PBXBuildFile; fileRef = 62A60DB562FC70F45010AFA5 /* LaunchScreen.storyboard */; };
		6F002EEF01881267F6363D7B /* AppDelegate.swift in Sources */ = {isa = PBXBuildFile; fileRef = CEB12B9714FC5C54FE8312E6 /* AppDelegate.swift */; };
		6F45C257724E7DCCD4F7A1A5 /* MalletUITests.swift in Sources */ = {isa = PBXBuildFile; fileRef = 2A6D3D92036E1212C5737702 /* MalletUITests.swift */; };
		7211F3CA982CFD72627103AF /* MUIButtonData.swift in Sources */ = {isa = PBXBuildFile; fileRef = AFE59C1AB7751CA601C45B2A /* MUIButtonData.swift */; };
		7510F40273AFC3984A87945A /* HomeViewModel.swift in Sources */ = {isa = PBXBuildFile; fileRef = 1F48DA620DB3D69644CB0ED5 /* HomeViewModel.swift */; };
		7A2CC37B95234CC951965FCD /* MUIType.swift in Sources */ = {isa = PBXBuildFile; fileRef = 435982C67999A586FA219835 /* MUIType.swift */; };
		7AC7CCBEA19BA5969B4905CA /* Assets.xcassets in Resources */ = {isa = PBXBuildFile; fileRef = 5B2CC05A22ABBE0E9BBE7AC1 /* Assets.xcassets */; };
		7BEA19CF81F81EB0FDA01C82 /* MUIColor.swift in Sources */ = {isa = PBXBuildFile; fileRef = DA0974063AB095D1093A5220 /* MUIColor.swift */; };
		7E486E0BFDA79B91D210B796 /* SceneDelegate.swift in Sources */ = {isa = PBXBuildFile; fileRef = 7D93EAB1292A63346CC24A68 /* SceneDelegate.swift */; };
		7FC2C3064C223596B639F318 /* TextFieldStyleEditorView.swift in Sources */ = {isa = PBXBuildFile; fileRef = 6A108217C91C94738C4AEEA8 /* TextFieldStyleEditorView.swift */; };
		80256F265E82D35315EB7E99 /* TextStyleEditorView.swift in Sources */ = {isa = PBXBuildFile; fileRef = A31BF62AAFA0A345E32C771B /* TextStyleEditorView.swift */; };
		83929CFAEB943B3A9D29743B /* HapticFeedback.swift in Sources */ = {isa = PBXBuildFile; fileRef = DD4B70DA6CC06A48E6BA4115 /* HapticFeedback.swift */; };
		84B6C324D19F4E7E2ADB81B1 /* AppController.swift in Sources */ = {isa = PBXBuildFile; fileRef = 4082DC56C8B63ECAA42BD0A6 /* AppController.swift */; };
		86A1746AD41A7AE0E7EF0874 /* AppViewModel+MUIBackgroundController.swift in Sources */ = {isa = PBXBuildFile; fileRef = C00EF6BF2D82B8660E5447F7 /* AppViewModel+MUIBackgroundController.swift */; };
		8C5B2C58DA095D9B1CF28599 /* AppViewModel+MUIFrameController.swift in Sources */ = {isa = PBXBuildFile; fileRef = D5F12C69A9BA6A918E34A48F /* AppViewModel+MUIFrameController.swift */; };
		8CEA24C5DEF9901E70F14CC2 /* EditorToolBar.swift in Sources */ = {isa = PBXBuildFile; fileRef = 719D23DC764B35793A0101C4 /* EditorToolBar.swift */; };
		960B7D9164962F030DB439E8 /* ArrangementInputCell.swift in Sources */ = {isa = PBXBuildFile; fileRef = 246E0FFDA88E91066CBBC7EC /* ArrangementInputCell.swift */; };
		969F1DE46ADB2C9D09AA1D2B /* AddShortcut.swift in Sources */ = {isa = PBXBuildFile; fileRef = EEE436A098B2D3C36DC3DC5B /* AddShortcut.swift */; };
		9910078A08F0CC7FAD9F4BBE /* MUITextFieldData.swift in Sources */ = {isa = PBXBuildFile; fileRef = 994853DE603A8125F6B900AF /* MUITextFieldData.swift */; };
		9B413F6995633AEBA7A7B2B2 /* EditorUIOverlayView.swift in Sources */ = {isa = PBXBuildFile; fileRef = CBB497E1BC1DEE04BCD99ACC /* EditorUIOverlayView.swift */; };
		9B53A9219A51E49FF97BD8BA /* TremoloEditorView.swift in Sources */ = {isa = PBXBuildFile; fileRef = 8F6BC6E977A0D7826FDEBF17 /* TremoloEditorView.swift */; };
		9BF81CF1DAF8105A5A17F7D2 /* AppViewModel+MUIToggleController.swift in Sources */ = {isa = PBXBuildFile; fileRef = BEEC0B377F95B9B17BA65724 /* AppViewModel+MUIToggleController.swift */; };
		9E9C11FAAD1BF90F4A7381C4 /* EditorAppScrollView.swift in Sources */ = {isa = PBXBuildFile; fileRef = 3835376824FDD13EBA869F75 /* EditorAppScrollView.swift */; };
		9F021EB57F9D3EB156D2B077 /* NumberInputCell.swift in Sources */ = {isa = PBXBuildFile; fileRef = 356D0041723CD8CCA8B4FB86 /* NumberInputCell.swift */; };
		A75C14ED85240DCF1C7B53A1 /* ActivityView.swift in Sources */ = {isa = PBXBuildFile; fileRef = 0DB51DF95623F113BDFD6947 /* ActivityView.swift */; };
		AC419788AAEC0BBBC77AB234 /* AppView.swift in Sources */ = {isa = PBXBuildFile; fileRef = 27CBA2984DDCE841581E4CFA /* AppView.swift */; };
		B228C01337C2D616E626A4A9 /* MUIView.swift in Sources */ = {isa = PBXBuildFile; fileRef = DB8D9AC74CE7F4862A2344CA /* MUIView.swift */; };
		B5C250871E1B28FAC9387762 /* ListSeparator.swift in Sources */ = {isa = PBXBuildFile; fileRef = C0F0BF8325E2ABC82B651711 /* ListSeparator.swift */; };
		B98E6E2B17C3114400D46B7E /* MUITextData.swift in Sources */ = {isa = PBXBuildFile; fileRef = D906D3DBB7DFD3AAB0437B1E /* MUITextData.swift */; };
		C03BB64DCC288608B9C610EA /* EditorViewModel.swift in Sources */ = {isa = PBXBuildFile; fileRef = FFA1D847C4D5884C69522B9B /* EditorViewModel.swift */; };
		C18B4BCA5EBC8018FE9D005F /* MUIBackgroundData.swift in Sources */ = {isa = PBXBuildFile; fileRef = 0ACEBEA36042286FF71DF78D /* MUIBackgroundData.swift */; };
		C295F16E832DFAE2AD268BB4 /* MUIRect.swift in Sources */ = {isa = PBXBuildFile; fileRef = D8D62399AA388EDD6160A661 /* MUIRect.swift */; };
		C2B6C97455300B4F340AF10C /* MUI.swift in Sources */ = {isa = PBXBuildFile; fileRef = D0A997C461823606718CB65B /* MUI.swift */; };
		C33765048C3EBA27C1963C0E /* ToggleStyleEditorView.swift in Sources */ = {isa = PBXBuildFile; fileRef = 476F241247B0B53F3E4CD55F /* ToggleStyleEditorView.swift */; };
		CADE5EE6597DCDB5390ED071 /* AppData.swift in Sources */ = {isa = PBXBuildFile; fileRef = 7BE9A9FBF000620D0D6EE84E /* AppData.swift */; };
		CCC59CE7A5170C05E85D826D /* ListCell.swift in Sources */ = {isa = PBXBuildFile; fileRef = 2C4AC8572C0AC01313FE13E7 /* ListCell.swift */; };
		D36A7F08D7FC94EE8B16E5CA /* Blur.swift in Sources */ = {isa = PBXBuildFile; fileRef = 37114F4739E35F9A423B9D91 /* Blur.swift */; };
		D7FA823DD303CEF6B428BD6B /* MUIColorTests.swift in Sources */ = {isa = PBXBuildFile; fileRef = AE18738CFDBFC659FF7DD9AC /* MUIColorTests.swift */; };
		D995176BC6BC99F47384EEB6 /* TextInputCell.swift in Sources */ = {isa = PBXBuildFile; fileRef = DA430BF144E5759680B47476 /* TextInputCell.swift */; };
		D9AE97CCB5C13FFDECF8470D /* YASlider.swift in Sources */ = {isa = PBXBuildFile; fileRef = 7EF6955C7144DD9CE503853C /* YASlider.swift */; };
		DA991ADF442230D6EB9FE1D0 /* SemiModalView.swift in Sources */ = {isa = PBXBuildFile; fileRef = DD3F4FA2D1EC66A758686E2D /* SemiModalView.swift */; };
		DC27FF4A6F2BD3A7A6EE6E3D /* MUISliderData.swift in Sources */ = {isa = PBXBuildFile; fileRef = 4030B2205BA32D121BD6D83C /* MUISliderData.swift */; };
		F66209E904082B4E7E2D53B6 /* AppSettingsView.swift in Sources */ = {isa = PBXBuildFile; fileRef = ACADC96BA3E8001488BA6F79 /* AppSettingsView.swift */; };
		FAA3A266AA2BB06BBE64CB26 /* HomeAppCell.swift in Sources */ = {isa = PBXBuildFile; fileRef = B685D6518F78C7BC5AA23DC9 /* HomeAppCell.swift */; };
/* End PBXBuildFile section */

/* Begin PBXContainerItemProxy section */
		0E0D758224AF667F001401B5 /* PBXContainerItemProxy */ = {
			isa = PBXContainerItemProxy;
			containerPortal = FFC44EA34E053E72814B53E7 /* Project object */;
			proxyType = 1;
			remoteGlobalIDString = 0E0D757324AF667E001401B5;
			remoteInfo = MalletWidgetExtension;
		};
		2F1E83F3824AA48AD3D4A6A9 /* PBXContainerItemProxy */ = {
			isa = PBXContainerItemProxy;
			containerPortal = FFC44EA34E053E72814B53E7 /* Project object */;
			proxyType = 1;
			remoteGlobalIDString = 11E61E1A0A5EA70F43F901F3;
			remoteInfo = Mallet;
		};
		5BC889B3828010FFF17CE0FB /* PBXContainerItemProxy */ = {
			isa = PBXContainerItemProxy;
			containerPortal = FFC44EA34E053E72814B53E7 /* Project object */;
			proxyType = 1;
			remoteGlobalIDString = 11E61E1A0A5EA70F43F901F3;
			remoteInfo = Mallet;
		};
/* End PBXContainerItemProxy section */

/* Begin PBXCopyFilesBuildPhase section */
		7D1D9C899275439B6A29B561 /* Embed App Extensions */ = {
			isa = PBXCopyFilesBuildPhase;
			buildActionMask = 8;
			dstPath = "";
			dstSubfolderSpec = 13;
			files = (
				0E0D758424AF667F001401B5 /* MalletWidgetExtension.appex in Embed App Extensions */,
			);
			name = "Embed App Extensions";
			runOnlyForDeploymentPostprocessing = 1;
		};
/* End PBXCopyFilesBuildPhase section */

/* Begin PBXFileReference section */
		01379A170AFD8336E7BE020B /* FrameStyleEditorView.swift */ = {isa = PBXFileReference; lastKnownFileType = sourcecode.swift; path = FrameStyleEditorView.swift; sourceTree = "<group>"; };
		03BD6673FBF6137B95D5DD95 /* UIApplication+topViewController.swift */ = {isa = PBXFileReference; lastKnownFileType = sourcecode.swift; path = "UIApplication+topViewController.swift"; sourceTree = "<group>"; };
		0A1F950273FE51204C866123 /* AppViewModel.swift */ = {isa = PBXFileReference; lastKnownFileType = sourcecode.swift; path = AppViewModel.swift; sourceTree = "<group>"; };
		0ACEBEA36042286FF71DF78D /* MUIBackgroundData.swift */ = {isa = PBXFileReference; lastKnownFileType = sourcecode.swift; path = MUIBackgroundData.swift; sourceTree = "<group>"; };
		0DB51DF95623F113BDFD6947 /* ActivityView.swift */ = {isa = PBXFileReference; lastKnownFileType = sourcecode.swift; path = ActivityView.swift; sourceTree = "<group>"; };
		0E0D757424AF667E001401B5 /* MalletWidgetExtension.appex */ = {isa = PBXFileReference; explicitFileType = "wrapper.app-extension"; includeInIndex = 0; path = MalletWidgetExtension.appex; sourceTree = BUILT_PRODUCTS_DIR; };
		0E0D757524AF667E001401B5 /* WidgetKit.framework */ = {isa = PBXFileReference; lastKnownFileType = wrapper.framework; name = WidgetKit.framework; path = System/Library/Frameworks/WidgetKit.framework; sourceTree = SDKROOT; };
		0E0D757724AF667E001401B5 /* SwiftUI.framework */ = {isa = PBXFileReference; lastKnownFileType = wrapper.framework; name = SwiftUI.framework; path = System/Library/Frameworks/SwiftUI.framework; sourceTree = SDKROOT; };
		0E0D757A24AF667E001401B5 /* MalletWidget.swift */ = {isa = PBXFileReference; lastKnownFileType = sourcecode.swift; path = MalletWidget.swift; sourceTree = "<group>"; };
		0E0D757C24AF667E001401B5 /* MalletWidget.intentdefinition */ = {isa = PBXFileReference; lastKnownFileType = file.intentdefinition; path = MalletWidget.intentdefinition; sourceTree = "<group>"; };
		0E0D757D24AF667F001401B5 /* Assets.xcassets */ = {isa = PBXFileReference; lastKnownFileType = folder.assetcatalog; path = Assets.xcassets; sourceTree = "<group>"; };
		0E0D757F24AF667F001401B5 /* Info.plist */ = {isa = PBXFileReference; lastKnownFileType = text.plist.xml; path = Info.plist; sourceTree = "<group>"; };
		1391295CB0773F2C8D8988DD /* MalletTests.swift */ = {isa = PBXFileReference; lastKnownFileType = sourcecode.swift; path = MalletTests.swift; sourceTree = "<group>"; };
		14FCB524D37732A17095229B /* RootViewModel.swift */ = {isa = PBXFileReference; lastKnownFileType = sourcecode.swift; path = RootViewModel.swift; sourceTree = "<group>"; };
		1F48DA620DB3D69644CB0ED5 /* HomeViewModel.swift */ = {isa = PBXFileReference; lastKnownFileType = sourcecode.swift; path = HomeViewModel.swift; sourceTree = "<group>"; };
		1FE6C95DC6A5291D0A13F01B /* CodeEditorView.swift */ = {isa = PBXFileReference; lastKnownFileType = sourcecode.swift; path = CodeEditorView.swift; sourceTree = "<group>"; };
		2176504458A712509800443C /* MUIFrameData.swift */ = {isa = PBXFileReference; lastKnownFileType = sourcecode.swift; path = MUIFrameData.swift; sourceTree = "<group>"; };
		246E0FFDA88E91066CBBC7EC /* ArrangementInputCell.swift */ = {isa = PBXFileReference; lastKnownFileType = sourcecode.swift; path = ArrangementInputCell.swift; sourceTree = "<group>"; };
		27CBA2984DDCE841581E4CFA /* AppView.swift */ = {isa = PBXFileReference; lastKnownFileType = sourcecode.swift; path = AppView.swift; sourceTree = "<group>"; };
		2A6D3D92036E1212C5737702 /* MalletUITests.swift */ = {isa = PBXFileReference; lastKnownFileType = sourcecode.swift; path = MalletUITests.swift; sourceTree = "<group>"; };
		2C4AC8572C0AC01313FE13E7 /* ListCell.swift */ = {isa = PBXFileReference; lastKnownFileType = sourcecode.swift; path = ListCell.swift; sourceTree = "<group>"; };
		2EDB4CDA79D19814B2A1A0E8 /* SliderStyleEditorView.swift */ = {isa = PBXFileReference; lastKnownFileType = sourcecode.swift; path = SliderStyleEditorView.swift; sourceTree = "<group>"; };
		2EDF509EECE57FCC1A8AAF74 /* HomeView.swift */ = {isa = PBXFileReference; lastKnownFileType = sourcecode.swift; path = HomeView.swift; sourceTree = "<group>"; };
		3158CB4B9FA0920760CA553E /* TextAlignmentInputCell.swift */ = {isa = PBXFileReference; lastKnownFileType = sourcecode.swift; path = TextAlignmentInputCell.swift; sourceTree = "<group>"; };
		3380C29865E01A76C896E5F6 /* TextEditorView.swift */ = {isa = PBXFileReference; lastKnownFileType = sourcecode.swift; path = TextEditorView.swift; sourceTree = "<group>"; };
		35435DDED8EDD9D3F7A0BFF6 /* EditorView.swift */ = {isa = PBXFileReference; lastKnownFileType = sourcecode.swift; path = EditorView.swift; sourceTree = "<group>"; };
		356D0041723CD8CCA8B4FB86 /* NumberInputCell.swift */ = {isa = PBXFileReference; lastKnownFileType = sourcecode.swift; path = NumberInputCell.swift; sourceTree = "<group>"; };
		37114F4739E35F9A423B9D91 /* Blur.swift */ = {isa = PBXFileReference; lastKnownFileType = sourcecode.swift; path = Blur.swift; sourceTree = "<group>"; };
		3835376824FDD13EBA869F75 /* EditorAppScrollView.swift */ = {isa = PBXFileReference; lastKnownFileType = sourcecode.swift; path = EditorAppScrollView.swift; sourceTree = "<group>"; };
		3DA87207150811051213DCAF /* UIStyleEditorView.swift */ = {isa = PBXFileReference; lastKnownFileType = sourcecode.swift; path = UIStyleEditorView.swift; sourceTree = "<group>"; };
		4030B2205BA32D121BD6D83C /* MUISliderData.swift */ = {isa = PBXFileReference; lastKnownFileType = sourcecode.swift; path = MUISliderData.swift; sourceTree = "<group>"; };
		4082DC56C8B63ECAA42BD0A6 /* AppController.swift */ = {isa = PBXFileReference; lastKnownFileType = sourcecode.swift; path = AppController.swift; sourceTree = "<group>"; };
		435982C67999A586FA219835 /* MUIType.swift */ = {isa = PBXFileReference; lastKnownFileType = sourcecode.swift; path = MUIType.swift; sourceTree = "<group>"; };
		459051F17547A64E839F63D4 /* BoolInputCell.swift */ = {isa = PBXFileReference; lastKnownFileType = sourcecode.swift; path = BoolInputCell.swift; sourceTree = "<group>"; };
		476F241247B0B53F3E4CD55F /* ToggleStyleEditorView.swift */ = {isa = PBXFileReference; lastKnownFileType = sourcecode.swift; path = ToggleStyleEditorView.swift; sourceTree = "<group>"; };
		5B2CC05A22ABBE0E9BBE7AC1 /* Assets.xcassets */ = {isa = PBXFileReference; lastKnownFileType = folder.assetcatalog; path = Assets.xcassets; sourceTree = "<group>"; };
		60AEDDFB83B3CFBB74E42644 /* TextEditorTextView.swift */ = {isa = PBXFileReference; lastKnownFileType = sourcecode.swift; path = TextEditorTextView.swift; sourceTree = "<group>"; };
		6A108217C91C94738C4AEEA8 /* TextFieldStyleEditorView.swift */ = {isa = PBXFileReference; lastKnownFileType = sourcecode.swift; path = TextFieldStyleEditorView.swift; sourceTree = "<group>"; };
		6CAE4F368CE646EBF4DA076E /* MalletTests.xctest */ = {isa = PBXFileReference; includeInIndex = 0; lastKnownFileType = wrapper.cfbundle; path = MalletTests.xctest; sourceTree = BUILT_PRODUCTS_DIR; };
		719D23DC764B35793A0101C4 /* EditorToolBar.swift */ = {isa = PBXFileReference; lastKnownFileType = sourcecode.swift; path = EditorToolBar.swift; sourceTree = "<group>"; };
		745964262E7B3FA64F34FDE3 /* ColorView.swift */ = {isa = PBXFileReference; lastKnownFileType = sourcecode.swift; path = ColorView.swift; sourceTree = "<group>"; };
		7997444651023D70768B263F /* Preview Assets.xcassets */ = {isa = PBXFileReference; lastKnownFileType = folder.assetcatalog; path = "Preview Assets.xcassets"; sourceTree = "<group>"; };
		79C6D3A234634B0AEB63DAB6 /* NotificationCenter.framework */ = {isa = PBXFileReference; lastKnownFileType = wrapper.framework; name = NotificationCenter.framework; path = System/Library/Frameworks/NotificationCenter.framework; sourceTree = SDKROOT; };
		7B5FEE2FA71F36C9343FF187 /* FractionalNumberFormatter.swift */ = {isa = PBXFileReference; lastKnownFileType = sourcecode.swift; path = FractionalNumberFormatter.swift; sourceTree = "<group>"; };
		7BE9A9FBF000620D0D6EE84E /* AppData.swift */ = {isa = PBXFileReference; lastKnownFileType = sourcecode.swift; path = AppData.swift; sourceTree = "<group>"; };
		7D93EAB1292A63346CC24A68 /* SceneDelegate.swift */ = {isa = PBXFileReference; lastKnownFileType = sourcecode.swift; path = SceneDelegate.swift; sourceTree = "<group>"; };
		7EF6955C7144DD9CE503853C /* YASlider.swift */ = {isa = PBXFileReference; lastKnownFileType = sourcecode.swift; path = YASlider.swift; sourceTree = "<group>"; };
		890EB19A13AE7A01AA2C9951 /* ButtonStyleEditorView.swift */ = {isa = PBXFileReference; lastKnownFileType = sourcecode.swift; path = ButtonStyleEditorView.swift; sourceTree = "<group>"; };
		8968578F8AFC83B04D8A71BF /* StatusBar.swift */ = {isa = PBXFileReference; lastKnownFileType = sourcecode.swift; path = StatusBar.swift; sourceTree = "<group>"; };
		8C932F2B493DCBBA5E63A4EF /* UIFrameEditingView.swift */ = {isa = PBXFileReference; lastKnownFileType = sourcecode.swift; path = UIFrameEditingView.swift; sourceTree = "<group>"; };
		8F6BC6E977A0D7826FDEBF17 /* TremoloEditorView.swift */ = {isa = PBXFileReference; lastKnownFileType = sourcecode.swift; path = TremoloEditorView.swift; sourceTree = "<group>"; };
		964DC6437685893D70BBF587 /* ListSection.swift */ = {isa = PBXFileReference; lastKnownFileType = sourcecode.swift; path = ListSection.swift; sourceTree = "<group>"; };
		994853DE603A8125F6B900AF /* MUITextFieldData.swift */ = {isa = PBXFileReference; lastKnownFileType = sourcecode.swift; path = MUITextFieldData.swift; sourceTree = "<group>"; };
		A244E728CD44364C75AAE105 /* MalletUITests.xctest */ = {isa = PBXFileReference; includeInIndex = 0; lastKnownFileType = wrapper.cfbundle; path = MalletUITests.xctest; sourceTree = BUILT_PRODUCTS_DIR; };
		A31BF62AAFA0A345E32C771B /* TextStyleEditorView.swift */ = {isa = PBXFileReference; lastKnownFileType = sourcecode.swift; path = TextStyleEditorView.swift; sourceTree = "<group>"; };
		A6A4EE9743D901A72DCBE7AA /* Storage.swift */ = {isa = PBXFileReference; lastKnownFileType = sourcecode.swift; path = Storage.swift; sourceTree = "<group>"; };
		AC9CCAF74E3DC5669A30E662 /* Info.plist */ = {isa = PBXFileReference; lastKnownFileType = text.plist; path = Info.plist; sourceTree = "<group>"; };
		ACADC96BA3E8001488BA6F79 /* AppSettingsView.swift */ = {isa = PBXFileReference; lastKnownFileType = sourcecode.swift; path = AppSettingsView.swift; sourceTree = "<group>"; };
		AE18738CFDBFC659FF7DD9AC /* MUIColorTests.swift */ = {isa = PBXFileReference; lastKnownFileType = sourcecode.swift; path = MUIColorTests.swift; sourceTree = "<group>"; };
		AE893BB74A417725B0607BC5 /* ColorInputCell.swift */ = {isa = PBXFileReference; lastKnownFileType = sourcecode.swift; path = ColorInputCell.swift; sourceTree = "<group>"; };
		AFE59C1AB7751CA601C45B2A /* MUIButtonData.swift */ = {isa = PBXFileReference; lastKnownFileType = sourcecode.swift; path = MUIButtonData.swift; sourceTree = "<group>"; };
		B3BE22BD59DC1FC9BA451643 /* EditorAppView.swift */ = {isa = PBXFileReference; lastKnownFileType = sourcecode.swift; path = EditorAppView.swift; sourceTree = "<group>"; };
		B4C3671125AA8C0D6713D8FF /* BackgroundStyleEditorView.swift */ = {isa = PBXFileReference; lastKnownFileType = sourcecode.swift; path = BackgroundStyleEditorView.swift; sourceTree = "<group>"; };
		B685D6518F78C7BC5AA23DC9 /* HomeAppCell.swift */ = {isa = PBXFileReference; lastKnownFileType = sourcecode.swift; path = HomeAppCell.swift; sourceTree = "<group>"; };
		BCEA003ADE83AAFA4079707F /* AppViewModel+MUITextController.swift */ = {isa = PBXFileReference; lastKnownFileType = sourcecode.swift; path = "AppViewModel+MUITextController.swift"; sourceTree = "<group>"; };
		BEEC0B377F95B9B17BA65724 /* AppViewModel+MUIToggleController.swift */ = {isa = PBXFileReference; lastKnownFileType = sourcecode.swift; path = "AppViewModel+MUIToggleController.swift"; sourceTree = "<group>"; };
		C00EF6BF2D82B8660E5447F7 /* AppViewModel+MUIBackgroundController.swift */ = {isa = PBXFileReference; lastKnownFileType = sourcecode.swift; path = "AppViewModel+MUIBackgroundController.swift"; sourceTree = "<group>"; };
		C0F0BF8325E2ABC82B651711 /* ListSeparator.swift */ = {isa = PBXFileReference; lastKnownFileType = sourcecode.swift; path = ListSeparator.swift; sourceTree = "<group>"; };
		C2FCB04D06F0BA2510E9EDAC /* MUIAction.swift */ = {isa = PBXFileReference; lastKnownFileType = sourcecode.swift; path = MUIAction.swift; sourceTree = "<group>"; };
		C45DBE757FFEE74F959B8DF8 /* Info.plist */ = {isa = PBXFileReference; lastKnownFileType = text.plist; path = Info.plist; sourceTree = "<group>"; };
		C745A0AA7F9F16F710F5462A /* AppViewModel+MUITextFieldController.swift */ = {isa = PBXFileReference; lastKnownFileType = sourcecode.swift; path = "AppViewModel+MUITextFieldController.swift"; sourceTree = "<group>"; };
		CBB497E1BC1DEE04BCD99ACC /* EditorUIOverlayView.swift */ = {isa = PBXFileReference; lastKnownFileType = sourcecode.swift; path = EditorUIOverlayView.swift; sourceTree = "<group>"; };
		CEB12B9714FC5C54FE8312E6 /* AppDelegate.swift */ = {isa = PBXFileReference; lastKnownFileType = sourcecode.swift; path = AppDelegate.swift; sourceTree = "<group>"; };
		D0A997C461823606718CB65B /* MUI.swift */ = {isa = PBXFileReference; lastKnownFileType = sourcecode.swift; path = MUI.swift; sourceTree = "<group>"; };
		D22E38210790B4A030832B4C /* SettingsView.swift */ = {isa = PBXFileReference; lastKnownFileType = sourcecode.swift; path = SettingsView.swift; sourceTree = "<group>"; };
		D240DA61B77AAEB41B2FA1A0 /* UISelectionView.swift */ = {isa = PBXFileReference; lastKnownFileType = sourcecode.swift; path = UISelectionView.swift; sourceTree = "<group>"; };
		D5ACAD1722DF19C9C6EF6540 /* Base */ = {isa = PBXFileReference; lastKnownFileType = file.storyboard; name = Base; path = Base.lproj/LaunchScreen.storyboard; sourceTree = "<group>"; };
		D5F12C69A9BA6A918E34A48F /* AppViewModel+MUIFrameController.swift */ = {isa = PBXFileReference; lastKnownFileType = sourcecode.swift; path = "AppViewModel+MUIFrameController.swift"; sourceTree = "<group>"; };
		D6066E934D4092DEED97A89C /* RootView.swift */ = {isa = PBXFileReference; lastKnownFileType = sourcecode.swift; path = RootView.swift; sourceTree = "<group>"; };
		D8D62399AA388EDD6160A661 /* MUIRect.swift */ = {isa = PBXFileReference; lastKnownFileType = sourcecode.swift; path = MUIRect.swift; sourceTree = "<group>"; };
		D906D3DBB7DFD3AAB0437B1E /* MUITextData.swift */ = {isa = PBXFileReference; lastKnownFileType = sourcecode.swift; path = MUITextData.swift; sourceTree = "<group>"; };
		DA0974063AB095D1093A5220 /* MUIColor.swift */ = {isa = PBXFileReference; lastKnownFileType = sourcecode.swift; path = MUIColor.swift; sourceTree = "<group>"; };
		DA430BF144E5759680B47476 /* TextInputCell.swift */ = {isa = PBXFileReference; lastKnownFileType = sourcecode.swift; path = TextInputCell.swift; sourceTree = "<group>"; };
		DB8D9AC74CE7F4862A2344CA /* MUIView.swift */ = {isa = PBXFileReference; lastKnownFileType = sourcecode.swift; path = MUIView.swift; sourceTree = "<group>"; };
		DBFD4F9E567378EEE3C50D8C /* ColorSelectView.swift */ = {isa = PBXFileReference; lastKnownFileType = sourcecode.swift; path = ColorSelectView.swift; sourceTree = "<group>"; };
		DD3F4FA2D1EC66A758686E2D /* SemiModalView.swift */ = {isa = PBXFileReference; lastKnownFileType = sourcecode.swift; path = SemiModalView.swift; sourceTree = "<group>"; };
		DD4B70DA6CC06A48E6BA4115 /* HapticFeedback.swift */ = {isa = PBXFileReference; lastKnownFileType = sourcecode.swift; path = HapticFeedback.swift; sourceTree = "<group>"; };
		DD5A78980E3F8EA103128F7A /* Mallet.app */ = {isa = PBXFileReference; explicitFileType = wrapper.application; includeInIndex = 0; path = Mallet.app; sourceTree = BUILT_PRODUCTS_DIR; };
		E01C042E950AD363CD36C381 /* EditorTextView.swift */ = {isa = PBXFileReference; lastKnownFileType = sourcecode.swift; path = EditorTextView.swift; sourceTree = "<group>"; };
		E15A184F087300EA5FE574B5 /* StringExtension.swift */ = {isa = PBXFileReference; lastKnownFileType = sourcecode.swift; path = StringExtension.swift; sourceTree = "<group>"; };
		E37F87C4E3ED28F0B4AC293F /* DefaultPreview.swift */ = {isa = PBXFileReference; lastKnownFileType = sourcecode.swift; path = DefaultPreview.swift; sourceTree = "<group>"; };
		EEE436A098B2D3C36DC3DC5B /* AddShortcut.swift */ = {isa = PBXFileReference; lastKnownFileType = sourcecode.swift; path = AddShortcut.swift; sourceTree = "<group>"; };
		EF1637F675A23A1DB4C284E5 /* Info.plist */ = {isa = PBXFileReference; lastKnownFileType = text.plist; path = Info.plist; sourceTree = "<group>"; };
		F02E3108B96003EA448FB1BE /* AppViewModel+MUISliderController.swift */ = {isa = PBXFileReference; lastKnownFileType = sourcecode.swift; path = "AppViewModel+MUISliderController.swift"; sourceTree = "<group>"; };
		F57CEBCD2C62BDDEF83E9E01 /* Mallet.entitlements */ = {isa = PBXFileReference; lastKnownFileType = text.plist.entitlements; path = Mallet.entitlements; sourceTree = "<group>"; };
		FF7883B1251CDA71093CCEF3 /* MUIToggleData.swift */ = {isa = PBXFileReference; lastKnownFileType = sourcecode.swift; path = MUIToggleData.swift; sourceTree = "<group>"; };
		FFA1D847C4D5884C69522B9B /* EditorViewModel.swift */ = {isa = PBXFileReference; lastKnownFileType = sourcecode.swift; path = EditorViewModel.swift; sourceTree = "<group>"; };
/* End PBXFileReference section */

/* Begin PBXFrameworksBuildPhase section */
		0E0D757124AF667E001401B5 /* Frameworks */ = {
			isa = PBXFrameworksBuildPhase;
			buildActionMask = 2147483647;
			files = (
				0E0D757824AF667E001401B5 /* SwiftUI.framework in Frameworks */,
				0E0D757624AF667E001401B5 /* WidgetKit.framework in Frameworks */,
			);
			runOnlyForDeploymentPostprocessing = 0;
		};
		B1CEB7ADA5589C816E7C65BF /* Frameworks */ = {
			isa = PBXFrameworksBuildPhase;
			buildActionMask = 2147483647;
			files = (
			);
			runOnlyForDeploymentPostprocessing = 0;
		};
/* End PBXFrameworksBuildPhase section */

/* Begin PBXGroup section */
		01DAAE9E99E3EECC6E9D90D6 /* Editor */ = {
			isa = PBXGroup;
			children = (
				FFA1D847C4D5884C69522B9B /* EditorViewModel.swift */,
			);
			path = Editor;
			sourceTree = "<group>";
		};
		07439FBBE94C77EA98B8AC04 /* Preview Content */ = {
			isa = PBXGroup;
			children = (
				7997444651023D70768B263F /* Preview Assets.xcassets */,
			);
			path = "Preview Content";
			sourceTree = "<group>";
		};
		0E0D757924AF667E001401B5 /* MalletWidget */ = {
			isa = PBXGroup;
			children = (
				0E0D757A24AF667E001401B5 /* MalletWidget.swift */,
				0E0D757C24AF667E001401B5 /* MalletWidget.intentdefinition */,
				0E0D757D24AF667F001401B5 /* Assets.xcassets */,
				0E0D757F24AF667F001401B5 /* Info.plist */,
			);
			path = MalletWidget;
			sourceTree = "<group>";
		};
		160D6C8719B44DE217439F7C /* AppData */ = {
			isa = PBXGroup;
			children = (
				7BE9A9FBF000620D0D6EE84E /* AppData.swift */,
			);
			path = AppData;
			sourceTree = "<group>";
		};
		1C163898007E8E2BE0D64CB1 /* View */ = {
			isa = PBXGroup;
			children = (
				0DB51DF95623F113BDFD6947 /* ActivityView.swift */,
				37114F4739E35F9A423B9D91 /* Blur.swift */,
				2C4AC8572C0AC01313FE13E7 /* ListCell.swift */,
				964DC6437685893D70BBF587 /* ListSection.swift */,
				C0F0BF8325E2ABC82B651711 /* ListSeparator.swift */,
				D6066E934D4092DEED97A89C /* RootView.swift */,
				DD3F4FA2D1EC66A758686E2D /* SemiModalView.swift */,
				7EF6955C7144DD9CE503853C /* YASlider.swift */,
				71658174BA8F7E4908311639 /* App */,
				834884B643F647AA55B30753 /* Editor */,
				4B00B09E79A379F5860F95FB /* Home */,
				C35FCDE1A15F648E833D01F6 /* Settings */,
			);
			path = View;
			sourceTree = "<group>";
		};
		1FE69D0B6CE337D2D67D1E32 /* UIEditor */ = {
			isa = PBXGroup;
			children = (
				B4C3671125AA8C0D6713D8FF /* BackgroundStyleEditorView.swift */,
				890EB19A13AE7A01AA2C9951 /* ButtonStyleEditorView.swift */,
				01379A170AFD8336E7BE020B /* FrameStyleEditorView.swift */,
				2EDB4CDA79D19814B2A1A0E8 /* SliderStyleEditorView.swift */,
				6A108217C91C94738C4AEEA8 /* TextFieldStyleEditorView.swift */,
				A31BF62AAFA0A345E32C771B /* TextStyleEditorView.swift */,
				476F241247B0B53F3E4CD55F /* ToggleStyleEditorView.swift */,
				3DA87207150811051213DCAF /* UIStyleEditorView.swift */,
				E191D0DCBDC64617BC36E336 /* InputCell */,
			);
			path = UIEditor;
			sourceTree = "<group>";
		};
		212877FE2343F56BCE316387 /* UIController */ = {
			isa = PBXGroup;
			children = (
				C00EF6BF2D82B8660E5447F7 /* AppViewModel+MUIBackgroundController.swift */,
				D5F12C69A9BA6A918E34A48F /* AppViewModel+MUIFrameController.swift */,
				F02E3108B96003EA448FB1BE /* AppViewModel+MUISliderController.swift */,
				BCEA003ADE83AAFA4079707F /* AppViewModel+MUITextController.swift */,
				C745A0AA7F9F16F710F5462A /* AppViewModel+MUITextFieldController.swift */,
				BEEC0B377F95B9B17BA65724 /* AppViewModel+MUIToggleController.swift */,
			);
			path = UIController;
			sourceTree = "<group>";
		};
		2C9358F8832966A22C6A390B /* Mallet */ = {
			isa = PBXGroup;
			children = (
				EEE436A098B2D3C36DC3DC5B /* AddShortcut.swift */,
				4082DC56C8B63ECAA42BD0A6 /* AppController.swift */,
				CEB12B9714FC5C54FE8312E6 /* AppDelegate.swift */,
				5B2CC05A22ABBE0E9BBE7AC1 /* Assets.xcassets */,
				E37F87C4E3ED28F0B4AC293F /* DefaultPreview.swift */,
				7B5FEE2FA71F36C9343FF187 /* FractionalNumberFormatter.swift */,
				DD4B70DA6CC06A48E6BA4115 /* HapticFeedback.swift */,
				AC9CCAF74E3DC5669A30E662 /* Info.plist */,
				62A60DB562FC70F45010AFA5 /* LaunchScreen.storyboard */,
				F57CEBCD2C62BDDEF83E9E01 /* Mallet.entitlements */,
				7D93EAB1292A63346CC24A68 /* SceneDelegate.swift */,
				8968578F8AFC83B04D8A71BF /* StatusBar.swift */,
				E15A184F087300EA5FE574B5 /* StringExtension.swift */,
				03BD6673FBF6137B95D5DD95 /* UIApplication+topViewController.swift */,
				160D6C8719B44DE217439F7C /* AppData */,
				07439FBBE94C77EA98B8AC04 /* Preview Content */,
				419733F26FBF8AA47BF5F09D /* Storage */,
				432B501A2EE0987C5E9B2EDE /* UI */,
				1C163898007E8E2BE0D64CB1 /* View */,
				80D5326CB2E9F746ADBD7798 /* ViewModel */,
			);
			path = Mallet;
			sourceTree = "<group>";
		};
		3A0CBC5695FEB26160C7E3D1 /* Products */ = {
			isa = PBXGroup;
			children = (
				DD5A78980E3F8EA103128F7A /* Mallet.app */,
				6CAE4F368CE646EBF4DA076E /* MalletTests.xctest */,
				A244E728CD44364C75AAE105 /* MalletUITests.xctest */,
				0E0D757424AF667E001401B5 /* MalletWidgetExtension.appex */,
			);
			name = Products;
			sourceTree = "<group>";
		};
		419733F26FBF8AA47BF5F09D /* Storage */ = {
			isa = PBXGroup;
			children = (
				A6A4EE9743D901A72DCBE7AA /* Storage.swift */,
			);
			path = Storage;
			sourceTree = "<group>";
		};
		432B501A2EE0987C5E9B2EDE /* UI */ = {
			isa = PBXGroup;
			children = (
				D0A997C461823606718CB65B /* MUI.swift */,
				C2FCB04D06F0BA2510E9EDAC /* MUIAction.swift */,
				0ACEBEA36042286FF71DF78D /* MUIBackgroundData.swift */,
				AFE59C1AB7751CA601C45B2A /* MUIButtonData.swift */,
				DA0974063AB095D1093A5220 /* MUIColor.swift */,
				2176504458A712509800443C /* MUIFrameData.swift */,
				D8D62399AA388EDD6160A661 /* MUIRect.swift */,
				4030B2205BA32D121BD6D83C /* MUISliderData.swift */,
				D906D3DBB7DFD3AAB0437B1E /* MUITextData.swift */,
				994853DE603A8125F6B900AF /* MUITextFieldData.swift */,
				FF7883B1251CDA71093CCEF3 /* MUIToggleData.swift */,
				435982C67999A586FA219835 /* MUIType.swift */,
				DB8D9AC74CE7F4862A2344CA /* MUIView.swift */,
			);
			path = UI;
			sourceTree = "<group>";
		};
		4B00B09E79A379F5860F95FB /* Home */ = {
			isa = PBXGroup;
			children = (
				B685D6518F78C7BC5AA23DC9 /* HomeAppCell.swift */,
				2EDF509EECE57FCC1A8AAF74 /* HomeView.swift */,
			);
			path = Home;
			sourceTree = "<group>";
		};
		54DE17249A908A3CD59833F7 /* App */ = {
			isa = PBXGroup;
			children = (
				0A1F950273FE51204C866123 /* AppViewModel.swift */,
				212877FE2343F56BCE316387 /* UIController */,
			);
			path = App;
			sourceTree = "<group>";
		};
		57A1904337E081AB453CF410 /* TremoloEditor */ = {
			isa = PBXGroup;
			children = (
				8F6BC6E977A0D7826FDEBF17 /* TremoloEditorView.swift */,
			);
			path = TremoloEditor;
			sourceTree = "<group>";
		};
		69440EFED8A66174B0300DC8 /* MalletUITests */ = {
			isa = PBXGroup;
			children = (
				C45DBE757FFEE74F959B8DF8 /* Info.plist */,
				2A6D3D92036E1212C5737702 /* MalletUITests.swift */,
			);
			path = MalletUITests;
			sourceTree = "<group>";
		};
		6A913368181A788B077DF6E7 /* AppSettings */ = {
			isa = PBXGroup;
			children = (
				ACADC96BA3E8001488BA6F79 /* AppSettingsView.swift */,
			);
			path = AppSettings;
			sourceTree = "<group>";
		};
		71658174BA8F7E4908311639 /* App */ = {
			isa = PBXGroup;
			children = (
				27CBA2984DDCE841581E4CFA /* AppView.swift */,
			);
			path = App;
			sourceTree = "<group>";
		};
		80D5326CB2E9F746ADBD7798 /* ViewModel */ = {
			isa = PBXGroup;
			children = (
				54DE17249A908A3CD59833F7 /* App */,
				01DAAE9E99E3EECC6E9D90D6 /* Editor */,
				CB379C42E40CAE9B43ABA3B5 /* Home */,
				CEF53BBEC0D8E867D49C59E8 /* Root */,
			);
			path = ViewModel;
			sourceTree = "<group>";
		};
		834884B643F647AA55B30753 /* Editor */ = {
			isa = PBXGroup;
			children = (
				3835376824FDD13EBA869F75 /* EditorAppScrollView.swift */,
				B3BE22BD59DC1FC9BA451643 /* EditorAppView.swift */,
				E01C042E950AD363CD36C381 /* EditorTextView.swift */,
				719D23DC764B35793A0101C4 /* EditorToolBar.swift */,
				CBB497E1BC1DEE04BCD99ACC /* EditorUIOverlayView.swift */,
				35435DDED8EDD9D3F7A0BFF6 /* EditorView.swift */,
				8C932F2B493DCBBA5E63A4EF /* UIFrameEditingView.swift */,
				D240DA61B77AAEB41B2FA1A0 /* UISelectionView.swift */,
				6A913368181A788B077DF6E7 /* AppSettings */,
				FED9A6D6F401CC8ECEBC7FA1 /* CodeEditor */,
				1FE69D0B6CE337D2D67D1E32 /* UIEditor */,
			);
			path = Editor;
			sourceTree = "<group>";
		};
		A248F98CD170990BA958CE4E /* Frameworks */ = {
			isa = PBXGroup;
			children = (
				79C6D3A234634B0AEB63DAB6 /* NotificationCenter.framework */,
				0E0D757524AF667E001401B5 /* WidgetKit.framework */,
				0E0D757724AF667E001401B5 /* SwiftUI.framework */,
			);
			name = Frameworks;
			sourceTree = "<group>";
		};
		A354F7D36407C97605502837 = {
			isa = PBXGroup;
			children = (
				2C9358F8832966A22C6A390B /* Mallet */,
				CED6ACF944D22DF3C2FFAB98 /* MalletTests */,
				69440EFED8A66174B0300DC8 /* MalletUITests */,
				0E0D757924AF667E001401B5 /* MalletWidget */,
				A248F98CD170990BA958CE4E /* Frameworks */,
				3A0CBC5695FEB26160C7E3D1 /* Products */,
			);
			sourceTree = "<group>";
		};
		C35FCDE1A15F648E833D01F6 /* Settings */ = {
			isa = PBXGroup;
			children = (
				D22E38210790B4A030832B4C /* SettingsView.swift */,
			);
			path = Settings;
			sourceTree = "<group>";
		};
		CB379C42E40CAE9B43ABA3B5 /* Home */ = {
			isa = PBXGroup;
			children = (
				1F48DA620DB3D69644CB0ED5 /* HomeViewModel.swift */,
			);
			path = Home;
			sourceTree = "<group>";
		};
		CED6ACF944D22DF3C2FFAB98 /* MalletTests */ = {
			isa = PBXGroup;
			children = (
				EF1637F675A23A1DB4C284E5 /* Info.plist */,
				1391295CB0773F2C8D8988DD /* MalletTests.swift */,
				AE18738CFDBFC659FF7DD9AC /* MUIColorTests.swift */,
			);
			path = MalletTests;
			sourceTree = "<group>";
		};
		CEF53BBEC0D8E867D49C59E8 /* Root */ = {
			isa = PBXGroup;
			children = (
				14FCB524D37732A17095229B /* RootViewModel.swift */,
			);
			path = Root;
			sourceTree = "<group>";
		};
		E191D0DCBDC64617BC36E336 /* InputCell */ = {
			isa = PBXGroup;
			children = (
				246E0FFDA88E91066CBBC7EC /* ArrangementInputCell.swift */,
				459051F17547A64E839F63D4 /* BoolInputCell.swift */,
				AE893BB74A417725B0607BC5 /* ColorInputCell.swift */,
				DBFD4F9E567378EEE3C50D8C /* ColorSelectView.swift */,
				745964262E7B3FA64F34FDE3 /* ColorView.swift */,
				356D0041723CD8CCA8B4FB86 /* NumberInputCell.swift */,
				3158CB4B9FA0920760CA553E /* TextAlignmentInputCell.swift */,
				DA430BF144E5759680B47476 /* TextInputCell.swift */,
			);
			path = InputCell;
			sourceTree = "<group>";
		};
		F8B4D0F1FCEBAE68D4162A98 /* TextEditor */ = {
			isa = PBXGroup;
			children = (
				60AEDDFB83B3CFBB74E42644 /* TextEditorTextView.swift */,
				3380C29865E01A76C896E5F6 /* TextEditorView.swift */,
			);
			path = TextEditor;
			sourceTree = "<group>";
		};
		FED9A6D6F401CC8ECEBC7FA1 /* CodeEditor */ = {
			isa = PBXGroup;
			children = (
				1FE6C95DC6A5291D0A13F01B /* CodeEditorView.swift */,
				F8B4D0F1FCEBAE68D4162A98 /* TextEditor */,
				57A1904337E081AB453CF410 /* TremoloEditor */,
			);
			path = CodeEditor;
			sourceTree = "<group>";
		};
/* End PBXGroup section */

/* Begin PBXNativeTarget section */
		0E0D757324AF667E001401B5 /* MalletWidgetExtension */ = {
			isa = PBXNativeTarget;
			buildConfigurationList = 0E0D758524AF667F001401B5 /* Build configuration list for PBXNativeTarget "MalletWidgetExtension" */;
			buildPhases = (
				0E0D757024AF667E001401B5 /* Sources */,
				0E0D757124AF667E001401B5 /* Frameworks */,
				0E0D757224AF667E001401B5 /* Resources */,
			);
			buildRules = (
			);
			dependencies = (
			);
			name = MalletWidgetExtension;
			productName = MalletWidgetExtension;
			productReference = 0E0D757424AF667E001401B5 /* MalletWidgetExtension.appex */;
			productType = "com.apple.product-type.app-extension";
		};
		11E61E1A0A5EA70F43F901F3 /* Mallet */ = {
			isa = PBXNativeTarget;
			buildConfigurationList = 7E9FFEE1757AEC5214FD8DBA /* Build configuration list for PBXNativeTarget "Mallet" */;
			buildPhases = (
				5925A202AE2BAF893C8A4DC5 /* Sources */,
				5388D196C052E17136FC3D18 /* Resources */,
				B1CEB7ADA5589C816E7C65BF /* Frameworks */,
				7D1D9C899275439B6A29B561 /* Embed App Extensions */,
			);
			buildRules = (
			);
			dependencies = (
				0E0D758324AF667F001401B5 /* PBXTargetDependency */,
			);
			name = Mallet;
			packageProductDependencies = (
				C774BE794C522DB3AAC6E408,
				0E0D756E24AF632B001401B5,
				0EB907C024B0865E00E5A125,
			);
			productName = Mallet;
			productReference = DD5A78980E3F8EA103128F7A /* Mallet.app */;
			productType = "com.apple.product-type.application";
		};
		7A1F9BD6CB9A70901E4E9345 /* MalletUITests */ = {
			isa = PBXNativeTarget;
			buildConfigurationList = FF6B46E62ACEC72EF6BE235E /* Build configuration list for PBXNativeTarget "MalletUITests" */;
			buildPhases = (
				672EF5DA1019225451443404 /* Sources */,
			);
			buildRules = (
			);
			dependencies = (
				535CB58DACFFBE9512383F03 /* PBXTargetDependency */,
			);
			name = MalletUITests;
			productName = MalletUITests;
			productReference = A244E728CD44364C75AAE105 /* MalletUITests.xctest */;
			productType = "com.apple.product-type.bundle.ui-testing";
		};
		C9EB2747B7FC4017A8558157 /* MalletTests */ = {
			isa = PBXNativeTarget;
			buildConfigurationList = 53F45922056244A1115C8666 /* Build configuration list for PBXNativeTarget "MalletTests" */;
			buildPhases = (
				CCCDCD66AAA205B28065A06C /* Sources */,
			);
			buildRules = (
			);
			dependencies = (
				6794C2492A6CC92AC57D267C /* PBXTargetDependency */,
			);
			name = MalletTests;
			productName = MalletTests;
			productReference = 6CAE4F368CE646EBF4DA076E /* MalletTests.xctest */;
			productType = "com.apple.product-type.bundle.unit-test";
		};
/* End PBXNativeTarget section */

/* Begin PBXProject section */
		FFC44EA34E053E72814B53E7 /* Project object */ = {
			isa = PBXProject;
			attributes = {
				LastSwiftUpdateCheck = 1200;
				LastUpgradeCheck = 1200;
				ORGANIZATIONNAME = "Katsu Matsuda";
				TargetAttributes = {
					0E0D757324AF667E001401B5 = {
						CreatedOnToolsVersion = 12.0;
					};
					7A1F9BD6CB9A70901E4E9345 = {
						DevelopmentTeam = T437NKTG46;
						TestTargetID = 11E61E1A0A5EA70F43F901F3;
					};
					C9EB2747B7FC4017A8558157 = {
						DevelopmentTeam = T437NKTG46;
					};
				};
			};
			buildConfigurationList = C79D9632AAF524AA52E6E482 /* Build configuration list for PBXProject "Mallet" */;
			compatibilityVersion = "Xcode 10.0";
			developmentRegion = en;
			hasScannedForEncodings = 0;
			knownRegions = (
				en,
				Base,
			);
			mainGroup = A354F7D36407C97605502837;
			packageReferences = (
				2F4B86E93D26870BBA6E4346,
				0E0D756B24AF632B001401B5,
			);
			projectDirPath = "";
			projectRoot = "";
			targets = (
				11E61E1A0A5EA70F43F901F3 /* Mallet */,
				C9EB2747B7FC4017A8558157 /* MalletTests */,
				7A1F9BD6CB9A70901E4E9345 /* MalletUITests */,
				0E0D757324AF667E001401B5 /* MalletWidgetExtension */,
			);
		};
/* End PBXProject section */

/* Begin PBXResourcesBuildPhase section */
		0E0D757224AF667E001401B5 /* Resources */ = {
			isa = PBXResourcesBuildPhase;
			buildActionMask = 2147483647;
			files = (
				0E0D757E24AF667F001401B5 /* Assets.xcassets in Resources */,
			);
			runOnlyForDeploymentPostprocessing = 0;
		};
		5388D196C052E17136FC3D18 /* Resources */ = {
			isa = PBXResourcesBuildPhase;
			buildActionMask = 2147483647;
			files = (
				7AC7CCBEA19BA5969B4905CA /* Assets.xcassets in Resources */,
				6D33B4070F34C0159671E720 /* LaunchScreen.storyboard in Resources */,
				26316382B03E0A5C8ADC5747 /* Preview Assets.xcassets in Resources */,
			);
			runOnlyForDeploymentPostprocessing = 0;
		};
/* End PBXResourcesBuildPhase section */

/* Begin PBXSourcesBuildPhase section */
		0E0D757024AF667E001401B5 /* Sources */ = {
			isa = PBXSourcesBuildPhase;
			buildActionMask = 2147483647;
			files = (
				0E0D757B24AF667E001401B5 /* MalletWidget.swift in Sources */,
				0E0D758024AF667F001401B5 /* MalletWidget.intentdefinition in Sources */,
			);
			runOnlyForDeploymentPostprocessing = 0;
		};
		5925A202AE2BAF893C8A4DC5 /* Sources */ = {
			isa = PBXSourcesBuildPhase;
			buildActionMask = 2147483647;
			files = (
				A75C14ED85240DCF1C7B53A1 /* ActivityView.swift in Sources */,
				969F1DE46ADB2C9D09AA1D2B /* AddShortcut.swift in Sources */,
				84B6C324D19F4E7E2ADB81B1 /* AppController.swift in Sources */,
				CADE5EE6597DCDB5390ED071 /* AppData.swift in Sources */,
				6F002EEF01881267F6363D7B /* AppDelegate.swift in Sources */,
				F66209E904082B4E7E2D53B6 /* AppSettingsView.swift in Sources */,
				AC419788AAEC0BBBC77AB234 /* AppView.swift in Sources */,
				86A1746AD41A7AE0E7EF0874 /* AppViewModel+MUIBackgroundController.swift in Sources */,
				8C5B2C58DA095D9B1CF28599 /* AppViewModel+MUIFrameController.swift in Sources */,
				3B080626DFB36AA49BB4A3FC /* AppViewModel+MUISliderController.swift in Sources */,
				4891659BA171D3245D8BD80B /* AppViewModel+MUITextController.swift in Sources */,
				69F61C630B5195DEBD36676E /* AppViewModel+MUITextFieldController.swift in Sources */,
				9BF81CF1DAF8105A5A17F7D2 /* AppViewModel+MUIToggleController.swift in Sources */,
				1F4AF6D013028AA7F6E74833 /* AppViewModel.swift in Sources */,
				960B7D9164962F030DB439E8 /* ArrangementInputCell.swift in Sources */,
				041854228BAB13DAC27CB508 /* BackgroundStyleEditorView.swift in Sources */,
				D36A7F08D7FC94EE8B16E5CA /* Blur.swift in Sources */,
				597E24971089FC52BFF2782C /* BoolInputCell.swift in Sources */,
				11914AA0E40143961F49F4D4 /* ButtonStyleEditorView.swift in Sources */,
				36D198638DF22B89E1A69B26 /* CodeEditorView.swift in Sources */,
				193E13B02D71CFA93264743F /* ColorInputCell.swift in Sources */,
				5937F01F818648DAC113654A /* ColorSelectView.swift in Sources */,
				04FF14FF9B0C344C6C24FB12 /* ColorView.swift in Sources */,
				087026E0E1AFAA38F072DC5D /* DefaultPreview.swift in Sources */,
				9E9C11FAAD1BF90F4A7381C4 /* EditorAppScrollView.swift in Sources */,
				44042A30E99B8A84A750AD2F /* EditorAppView.swift in Sources */,
				3431719EACBF9279C08708E6 /* EditorTextView.swift in Sources */,
				8CEA24C5DEF9901E70F14CC2 /* EditorToolBar.swift in Sources */,
				9B413F6995633AEBA7A7B2B2 /* EditorUIOverlayView.swift in Sources */,
				00BDDF13E242AE00B04073F9 /* EditorView.swift in Sources */,
				C03BB64DCC288608B9C610EA /* EditorViewModel.swift in Sources */,
				091CD0F0D1E81C1F17D4C961 /* FractionalNumberFormatter.swift in Sources */,
				1A86377B7DA77156B429CBFA /* FrameStyleEditorView.swift in Sources */,
				83929CFAEB943B3A9D29743B /* HapticFeedback.swift in Sources */,
				FAA3A266AA2BB06BBE64CB26 /* HomeAppCell.swift in Sources */,
				0E0D758124AF667F001401B5 /* MalletWidget.intentdefinition in Sources */,
				1872F8BE7F8ED20B05DC551D /* HomeView.swift in Sources */,
				7510F40273AFC3984A87945A /* HomeViewModel.swift in Sources */,
				CCC59CE7A5170C05E85D826D /* ListCell.swift in Sources */,
				029131DA2BC16C6B0818D9DB /* ListSection.swift in Sources */,
				B5C250871E1B28FAC9387762 /* ListSeparator.swift in Sources */,
				C2B6C97455300B4F340AF10C /* MUI.swift in Sources */,
				6B9FC5D8789BD19101B240C7 /* MUIAction.swift in Sources */,
				C18B4BCA5EBC8018FE9D005F /* MUIBackgroundData.swift in Sources */,
				7211F3CA982CFD72627103AF /* MUIButtonData.swift in Sources */,
				7BEA19CF81F81EB0FDA01C82 /* MUIColor.swift in Sources */,
				5526FE257E123BCA5BAD0A7E /* MUIFrameData.swift in Sources */,
				C295F16E832DFAE2AD268BB4 /* MUIRect.swift in Sources */,
				DC27FF4A6F2BD3A7A6EE6E3D /* MUISliderData.swift in Sources */,
				B98E6E2B17C3114400D46B7E /* MUITextData.swift in Sources */,
				9910078A08F0CC7FAD9F4BBE /* MUITextFieldData.swift in Sources */,
				3633F86940EBAE7CA4354FCB /* MUIToggleData.swift in Sources */,
				7A2CC37B95234CC951965FCD /* MUIType.swift in Sources */,
				B228C01337C2D616E626A4A9 /* MUIView.swift in Sources */,
				9F021EB57F9D3EB156D2B077 /* NumberInputCell.swift in Sources */,
				039F3C074DB0DBF51A905D1F /* RootView.swift in Sources */,
				62221364C6EF2EB05B3D4790 /* RootViewModel.swift in Sources */,
				7E486E0BFDA79B91D210B796 /* SceneDelegate.swift in Sources */,
				DA991ADF442230D6EB9FE1D0 /* SemiModalView.swift in Sources */,
				21728ACEA1E2F4EF01B7C9E9 /* SettingsView.swift in Sources */,
				480A44D002BA85C56053D7B9 /* SliderStyleEditorView.swift in Sources */,
				5F9F6D5FAD1A070E49B89422 /* StatusBar.swift in Sources */,
				1184D26360115AFD65B09615 /* Storage.swift in Sources */,
				2939EA7FC03CC22BBECD89D9 /* StringExtension.swift in Sources */,
				5A4AF102B85DEBF7F5AE0889 /* TextAlignmentInputCell.swift in Sources */,
				468C83E42C374BF069D83C63 /* TextEditorTextView.swift in Sources */,
				506B150CC954E8068E6F314A /* TextEditorView.swift in Sources */,
				7FC2C3064C223596B639F318 /* TextFieldStyleEditorView.swift in Sources */,
				D995176BC6BC99F47384EEB6 /* TextInputCell.swift in Sources */,
				80256F265E82D35315EB7E99 /* TextStyleEditorView.swift in Sources */,
				C33765048C3EBA27C1963C0E /* ToggleStyleEditorView.swift in Sources */,
				9B53A9219A51E49FF97BD8BA /* TremoloEditorView.swift in Sources */,
				400639128A1F884449E8A756 /* UIApplication+topViewController.swift in Sources */,
				3346CBDBD9807E833F46AC85 /* UIFrameEditingView.swift in Sources */,
				05A6D8BB9E5800912B639DDE /* UISelectionView.swift in Sources */,
				42C382731B88248708363A8E /* UIStyleEditorView.swift in Sources */,
				D9AE97CCB5C13FFDECF8470D /* YASlider.swift in Sources */,
			);
			runOnlyForDeploymentPostprocessing = 0;
		};
		672EF5DA1019225451443404 /* Sources */ = {
			isa = PBXSourcesBuildPhase;
			buildActionMask = 2147483647;
			files = (
				6F45C257724E7DCCD4F7A1A5 /* MalletUITests.swift in Sources */,
			);
			runOnlyForDeploymentPostprocessing = 0;
		};
		CCCDCD66AAA205B28065A06C /* Sources */ = {
			isa = PBXSourcesBuildPhase;
			buildActionMask = 2147483647;
			files = (
				D7FA823DD303CEF6B428BD6B /* MUIColorTests.swift in Sources */,
				675629FFB6D4BD6A2DA03346 /* MalletTests.swift in Sources */,
			);
			runOnlyForDeploymentPostprocessing = 0;
		};
/* End PBXSourcesBuildPhase section */

/* Begin PBXTargetDependency section */
		0E0D758324AF667F001401B5 /* PBXTargetDependency */ = {
			isa = PBXTargetDependency;
			target = 0E0D757324AF667E001401B5 /* MalletWidgetExtension */;
			targetProxy = 0E0D758224AF667F001401B5 /* PBXContainerItemProxy */;
		};
		535CB58DACFFBE9512383F03 /* PBXTargetDependency */ = {
			isa = PBXTargetDependency;
			target = 11E61E1A0A5EA70F43F901F3 /* Mallet */;
			targetProxy = 2F1E83F3824AA48AD3D4A6A9 /* PBXContainerItemProxy */;
		};
		6794C2492A6CC92AC57D267C /* PBXTargetDependency */ = {
			isa = PBXTargetDependency;
			target = 11E61E1A0A5EA70F43F901F3 /* Mallet */;
			targetProxy = 5BC889B3828010FFF17CE0FB /* PBXContainerItemProxy */;
		};
/* End PBXTargetDependency section */

/* Begin PBXVariantGroup section */
		62A60DB562FC70F45010AFA5 /* LaunchScreen.storyboard */ = {
			isa = PBXVariantGroup;
			children = (
				D5ACAD1722DF19C9C6EF6540 /* Base */,
			);
			name = LaunchScreen.storyboard;
			sourceTree = "<group>";
		};
/* End PBXVariantGroup section */

/* Begin XCBuildConfiguration section */
		0E0D758624AF667F001401B5 /* Debug */ = {
			isa = XCBuildConfiguration;
			buildSettings = {
				ASSETCATALOG_COMPILER_GLOBAL_ACCENT_COLOR_NAME = AccentColor;
				ASSETCATALOG_COMPILER_WIDGET_BACKGROUND_COLOR_NAME = WidgetBackground;
				CLANG_ENABLE_OBJC_WEAK = YES;
				CLANG_WARN_QUOTED_INCLUDE_IN_FRAMEWORK_HEADER = YES;
				CODE_SIGN_IDENTITY = "Apple Development";
				CODE_SIGN_STYLE = Automatic;
				DEVELOPMENT_TEAM = T437NKTG46;
				GCC_PREPROCESSOR_DEFINITIONS = (
					"DEBUG=1",
					"$(inherited)",
				);
				INFOPLIST_FILE = MalletWidget/Info.plist;
				LD_RUNPATH_SEARCH_PATHS = (
					"$(inherited)",
					"@executable_path/Frameworks",
					"@executable_path/../../Frameworks",
				);
				MARKETING_VERSION = 0.2;
				MTL_ENABLE_DEBUG_INFO = INCLUDE_SOURCE;
				MTL_FAST_MATH = YES;
				PRODUCT_BUNDLE_IDENTIFIER = app.mallet.mallet.MalletWidget;
				PRODUCT_NAME = "$(TARGET_NAME)";
				PROVISIONING_PROFILE_SPECIFIER = "";
				SKIP_INSTALL = YES;
				SWIFT_VERSION = 5.0;
				TARGETED_DEVICE_FAMILY = "1,2";
			};
			name = Debug;
		};
		0E0D758724AF667F001401B5 /* Release */ = {
			isa = XCBuildConfiguration;
			buildSettings = {
				ASSETCATALOG_COMPILER_GLOBAL_ACCENT_COLOR_NAME = AccentColor;
				ASSETCATALOG_COMPILER_WIDGET_BACKGROUND_COLOR_NAME = WidgetBackground;
				CLANG_ENABLE_OBJC_WEAK = YES;
				CLANG_WARN_QUOTED_INCLUDE_IN_FRAMEWORK_HEADER = YES;
				CODE_SIGN_IDENTITY = "Apple Development";
				CODE_SIGN_STYLE = Automatic;
				DEVELOPMENT_TEAM = T437NKTG46;
				INFOPLIST_FILE = MalletWidget/Info.plist;
				LD_RUNPATH_SEARCH_PATHS = (
					"$(inherited)",
					"@executable_path/Frameworks",
					"@executable_path/../../Frameworks",
				);
				MARKETING_VERSION = 0.2;
				MTL_ENABLE_DEBUG_INFO = NO;
				MTL_FAST_MATH = YES;
				PRODUCT_BUNDLE_IDENTIFIER = app.mallet.mallet.MalletWidget;
				PRODUCT_NAME = "$(TARGET_NAME)";
				PROVISIONING_PROFILE_SPECIFIER = "";
				SKIP_INSTALL = YES;
				SWIFT_OPTIMIZATION_LEVEL = "-O";
				SWIFT_VERSION = 5.0;
				TARGETED_DEVICE_FAMILY = "1,2";
			};
			name = Release;
		};
		1DE14A6D3B0CA8F1F95B44FB /* Release */ = {
			isa = XCBuildConfiguration;
			buildSettings = {
				ALWAYS_EMBED_SWIFT_STANDARD_LIBRARIES = YES;
				ASSETCATALOG_COMPILER_APPICON_NAME = AppIcon;
				CODE_SIGN_IDENTITY = "Apple Development";
				CODE_SIGN_STYLE = Automatic;
				DEVELOPMENT_TEAM = T437NKTG46;
				INFOPLIST_FILE = Mallet/Info.plist;
				LD_RUNPATH_SEARCH_PATHS = (
					"$(inherited)",
					"@executable_path/Frameworks",
				);
				MARKETING_VERSION = 0.2;
				PRODUCT_BUNDLE_IDENTIFIER = app.mallet.mallet;
				PROVISIONING_PROFILE_SPECIFIER = "";
				SDKROOT = iphoneos;
				TARGETED_DEVICE_FAMILY = "1,2";
			};
			name = Release;
		};
		1FC21C8B684AF1FBBDDAA715 /* Debug */ = {
			isa = XCBuildConfiguration;
			buildSettings = {
				BUNDLE_LOADER = "$(TEST_HOST)";
				INFOPLIST_FILE = MalletTests/Info.plist;
				LD_RUNPATH_SEARCH_PATHS = (
					"$(inherited)",
					"@executable_path/Frameworks",
					"@loader_path/Frameworks",
				);
				SDKROOT = iphoneos;
				TARGETED_DEVICE_FAMILY = "1,2";
				TEST_HOST = "$(BUILT_PRODUCTS_DIR)/Mallet.app/Mallet";
			};
			name = Debug;
		};
		22A5187A85AEA99D7999CA28 /* Release */ = {
			isa = XCBuildConfiguration;
			buildSettings = {
				ALWAYS_SEARCH_USER_PATHS = NO;
				CLANG_ANALYZER_NONNULL = YES;
				CLANG_ANALYZER_NUMBER_OBJECT_CONVERSION = YES_AGGRESSIVE;
				CLANG_CXX_LANGUAGE_STANDARD = "gnu++14";
				CLANG_CXX_LIBRARY = "libc++";
				CLANG_ENABLE_MODULES = YES;
				CLANG_ENABLE_OBJC_ARC = YES;
				CLANG_WARN_BLOCK_CAPTURE_AUTORELEASING = YES;
				CLANG_WARN_BOOL_CONVERSION = YES;
				CLANG_WARN_COMMA = YES;
				CLANG_WARN_CONSTANT_CONVERSION = YES;
				CLANG_WARN_DEPRECATED_OBJC_IMPLEMENTATIONS = YES;
				CLANG_WARN_DIRECT_OBJC_ISA_USAGE = YES_ERROR;
				CLANG_WARN_DOCUMENTATION_COMMENTS = YES;
				CLANG_WARN_EMPTY_BODY = YES;
				CLANG_WARN_ENUM_CONVERSION = YES;
				CLANG_WARN_INFINITE_RECURSION = YES;
				CLANG_WARN_INT_CONVERSION = YES;
				CLANG_WARN_NON_LITERAL_NULL_CONVERSION = YES;
				CLANG_WARN_OBJC_IMPLICIT_RETAIN_SELF = YES;
				CLANG_WARN_OBJC_LITERAL_CONVERSION = YES;
				CLANG_WARN_OBJC_ROOT_CLASS = YES_ERROR;
				CLANG_WARN_QUOTED_INCLUDE_IN_FRAMEWORK_HEADER = YES;
				CLANG_WARN_RANGE_LOOP_ANALYSIS = YES;
				CLANG_WARN_STRICT_PROTOTYPES = YES;
				CLANG_WARN_SUSPICIOUS_MOVE = YES;
				CLANG_WARN_UNGUARDED_AVAILABILITY = YES_AGGRESSIVE;
				CLANG_WARN_UNREACHABLE_CODE = YES;
				CLANG_WARN__DUPLICATE_METHOD_MATCH = YES;
				COPY_PHASE_STRIP = NO;
				DEBUG_INFORMATION_FORMAT = "dwarf-with-dsym";
				DEVELOPMENT_TEAM = T437NKTG46;
				ENABLE_NS_ASSERTIONS = NO;
				ENABLE_STRICT_OBJC_MSGSEND = YES;
				GCC_C_LANGUAGE_STANDARD = gnu11;
				GCC_NO_COMMON_BLOCKS = YES;
				GCC_WARN_64_TO_32_BIT_CONVERSION = YES;
				GCC_WARN_ABOUT_RETURN_TYPE = YES_ERROR;
				GCC_WARN_UNDECLARED_SELECTOR = YES;
				GCC_WARN_UNINITIALIZED_AUTOS = YES_AGGRESSIVE;
				GCC_WARN_UNUSED_FUNCTION = YES;
				GCC_WARN_UNUSED_VARIABLE = YES;
				IPHONEOS_DEPLOYMENT_TARGET = 14.0;
				PRODUCT_NAME = "$(TARGET_NAME)";
				SDKROOT = iphoneos;
				SWIFT_COMPILATION_MODE = wholemodule;
				SWIFT_VERSION = 5.0;
				VALIDATE_PRODUCT = YES;
			};
			name = Release;
		};
		6EC2EF72D1647CF2F037F783 /* Debug */ = {
			isa = XCBuildConfiguration;
			buildSettings = {
				BUNDLE_LOADER = "$(TEST_HOST)";
				INFOPLIST_FILE = MalletUITests/Info.plist;
				LD_RUNPATH_SEARCH_PATHS = (
					"$(inherited)",
					"@executable_path/Frameworks",
					"@loader_path/Frameworks",
				);
				SDKROOT = iphoneos;
				TARGETED_DEVICE_FAMILY = "1,2";
				TEST_TARGET_NAME = Mallet;
			};
			name = Debug;
		};
		7DB22ACDF2766B695C88C8ED /* Debug */ = {
			isa = XCBuildConfiguration;
			buildSettings = {
				ALWAYS_EMBED_SWIFT_STANDARD_LIBRARIES = YES;
				ASSETCATALOG_COMPILER_APPICON_NAME = AppIcon;
				CODE_SIGN_IDENTITY = "Apple Development";
				CODE_SIGN_STYLE = Automatic;
				DEVELOPMENT_TEAM = T437NKTG46;
				INFOPLIST_FILE = Mallet/Info.plist;
				LD_RUNPATH_SEARCH_PATHS = (
					"$(inherited)",
					"@executable_path/Frameworks",
				);
				MARKETING_VERSION = 0.2;
				PRODUCT_BUNDLE_IDENTIFIER = app.mallet.mallet;
				PROVISIONING_PROFILE_SPECIFIER = "";
				SDKROOT = iphoneos;
				TARGETED_DEVICE_FAMILY = "1,2";
			};
			name = Debug;
		};
		B990E3C940EC2AB2863F85CE /* Release */ = {
			isa = XCBuildConfiguration;
			buildSettings = {
				BUNDLE_LOADER = "$(TEST_HOST)";
				INFOPLIST_FILE = MalletTests/Info.plist;
				LD_RUNPATH_SEARCH_PATHS = (
					"$(inherited)",
					"@executable_path/Frameworks",
					"@loader_path/Frameworks",
				);
				SDKROOT = iphoneos;
				TARGETED_DEVICE_FAMILY = "1,2";
				TEST_HOST = "$(BUILT_PRODUCTS_DIR)/Mallet.app/Mallet";
			};
			name = Release;
		};
		E6587E83E71DD8C1206524E0 /* Release */ = {
			isa = XCBuildConfiguration;
			buildSettings = {
				BUNDLE_LOADER = "$(TEST_HOST)";
				INFOPLIST_FILE = MalletUITests/Info.plist;
				LD_RUNPATH_SEARCH_PATHS = (
					"$(inherited)",
					"@executable_path/Frameworks",
					"@loader_path/Frameworks",
				);
				SDKROOT = iphoneos;
				TARGETED_DEVICE_FAMILY = "1,2";
				TEST_TARGET_NAME = Mallet;
			};
			name = Release;
		};
		E7FFB8CFECB460C81FFF3162 /* Debug */ = {
			isa = XCBuildConfiguration;
			buildSettings = {
				ALWAYS_SEARCH_USER_PATHS = NO;
				CLANG_ANALYZER_NONNULL = YES;
				CLANG_ANALYZER_NUMBER_OBJECT_CONVERSION = YES_AGGRESSIVE;
				CLANG_CXX_LANGUAGE_STANDARD = "gnu++14";
				CLANG_CXX_LIBRARY = "libc++";
				CLANG_ENABLE_MODULES = YES;
				CLANG_ENABLE_OBJC_ARC = YES;
				CLANG_WARN_BLOCK_CAPTURE_AUTORELEASING = YES;
				CLANG_WARN_BOOL_CONVERSION = YES;
				CLANG_WARN_COMMA = YES;
				CLANG_WARN_CONSTANT_CONVERSION = YES;
				CLANG_WARN_DEPRECATED_OBJC_IMPLEMENTATIONS = YES;
				CLANG_WARN_DIRECT_OBJC_ISA_USAGE = YES_ERROR;
				CLANG_WARN_DOCUMENTATION_COMMENTS = YES;
				CLANG_WARN_EMPTY_BODY = YES;
				CLANG_WARN_ENUM_CONVERSION = YES;
				CLANG_WARN_INFINITE_RECURSION = YES;
				CLANG_WARN_INT_CONVERSION = YES;
				CLANG_WARN_NON_LITERAL_NULL_CONVERSION = YES;
				CLANG_WARN_OBJC_IMPLICIT_RETAIN_SELF = YES;
				CLANG_WARN_OBJC_LITERAL_CONVERSION = YES;
				CLANG_WARN_OBJC_ROOT_CLASS = YES_ERROR;
				CLANG_WARN_QUOTED_INCLUDE_IN_FRAMEWORK_HEADER = YES;
				CLANG_WARN_RANGE_LOOP_ANALYSIS = YES;
				CLANG_WARN_STRICT_PROTOTYPES = YES;
				CLANG_WARN_SUSPICIOUS_MOVE = YES;
				CLANG_WARN_UNGUARDED_AVAILABILITY = YES_AGGRESSIVE;
				CLANG_WARN_UNREACHABLE_CODE = YES;
				CLANG_WARN__DUPLICATE_METHOD_MATCH = YES;
				COPY_PHASE_STRIP = NO;
				DEBUG_INFORMATION_FORMAT = dwarf;
				DEVELOPMENT_TEAM = T437NKTG46;
				ENABLE_STRICT_OBJC_MSGSEND = YES;
				ENABLE_TESTABILITY = YES;
				GCC_C_LANGUAGE_STANDARD = gnu11;
				GCC_DYNAMIC_NO_PIC = NO;
				GCC_NO_COMMON_BLOCKS = YES;
				GCC_OPTIMIZATION_LEVEL = 0;
				GCC_PREPROCESSOR_DEFINITIONS = (
					"$(inherited)",
					"DEBUG=1",
				);
				GCC_WARN_64_TO_32_BIT_CONVERSION = YES;
				GCC_WARN_ABOUT_RETURN_TYPE = YES_ERROR;
				GCC_WARN_UNDECLARED_SELECTOR = YES;
				GCC_WARN_UNINITIALIZED_AUTOS = YES_AGGRESSIVE;
				GCC_WARN_UNUSED_FUNCTION = YES;
				GCC_WARN_UNUSED_VARIABLE = YES;
				IPHONEOS_DEPLOYMENT_TARGET = 14.0;
				MTL_ENABLE_DEBUG_INFO = YES;
				ONLY_ACTIVE_ARCH = YES;
				PRODUCT_NAME = "$(TARGET_NAME)";
				SDKROOT = iphoneos;
				SWIFT_ACTIVE_COMPILATION_CONDITIONS = DEBUG;
				SWIFT_OPTIMIZATION_LEVEL = "-Onone";
				SWIFT_VERSION = 5.0;
			};
			name = Debug;
		};
/* End XCBuildConfiguration section */

/* Begin XCConfigurationList section */
		0E0D758524AF667F001401B5 /* Build configuration list for PBXNativeTarget "MalletWidgetExtension" */ = {
			isa = XCConfigurationList;
			buildConfigurations = (
				0E0D758624AF667F001401B5 /* Debug */,
				0E0D758724AF667F001401B5 /* Release */,
			);
			defaultConfigurationIsVisible = 0;
			defaultConfigurationName = Debug;
		};
		53F45922056244A1115C8666 /* Build configuration list for PBXNativeTarget "MalletTests" */ = {
			isa = XCConfigurationList;
			buildConfigurations = (
				1FC21C8B684AF1FBBDDAA715 /* Debug */,
				B990E3C940EC2AB2863F85CE /* Release */,
			);
			defaultConfigurationIsVisible = 0;
			defaultConfigurationName = Debug;
		};
		7E9FFEE1757AEC5214FD8DBA /* Build configuration list for PBXNativeTarget "Mallet" */ = {
			isa = XCConfigurationList;
			buildConfigurations = (
				7DB22ACDF2766B695C88C8ED /* Debug */,
				1DE14A6D3B0CA8F1F95B44FB /* Release */,
			);
			defaultConfigurationIsVisible = 0;
			defaultConfigurationName = Debug;
		};
		C79D9632AAF524AA52E6E482 /* Build configuration list for PBXProject "Mallet" */ = {
			isa = XCConfigurationList;
			buildConfigurations = (
				E7FFB8CFECB460C81FFF3162 /* Debug */,
				22A5187A85AEA99D7999CA28 /* Release */,
			);
			defaultConfigurationIsVisible = 0;
			defaultConfigurationName = Debug;
		};
		FF6B46E62ACEC72EF6BE235E /* Build configuration list for PBXNativeTarget "MalletUITests" */ = {
			isa = XCConfigurationList;
			buildConfigurations = (
				6EC2EF72D1647CF2F037F783 /* Debug */,
				E6587E83E71DD8C1206524E0 /* Release */,
			);
			defaultConfigurationIsVisible = 0;
			defaultConfigurationName = Debug;
		};
/* End XCConfigurationList section */

/* Begin XCRemoteSwiftPackageReference section */
		0E0D756B24AF632B001401B5 = {
			isa = XCRemoteSwiftPackageReference;
			repositoryURL = "https://github.com/realm/realm-cocoa.git";
			requirement = {
				kind = upToNextMajorVersion;
				minimumVersion = 5.2.0;
			};
		};
		2F4B86E93D26870BBA6E4346 = {
			isa = XCRemoteSwiftPackageReference;
			repositoryURL = "https://github.com/katsd/xylo-swift";
			requirement = {
				branch = master;
				kind = branch;
			};
		};
/* End XCRemoteSwiftPackageReference section */

/* Begin XCSwiftPackageProductDependency section */
		0E0D756E24AF632B001401B5 = {
			isa = XCSwiftPackageProductDependency;
			package = 0E0D756B24AF632B001401B5;
			productName = RealmSwift;
		};
		0EB907C024B0865E00E5A125 = {
			isa = XCSwiftPackageProductDependency;
			package = 0E0D756B24AF632B001401B5;
			productName = Realm;
		};
		C774BE794C522DB3AAC6E408 = {
			isa = XCSwiftPackageProductDependency;
			package = 2F4B86E93D26870BBA6E4346;
			productName = XyloSwift;
		};
/* End XCSwiftPackageProductDependency section */
	};
	rootObject = FFC44EA34E053E72814B53E7 /* Project object */;
}
